<?xml version="1.0" encoding="utf-8"?>
<Project ToolsVersion="16.0" xmlns="http://schemas.microsoft.com/developer/msbuild/2003">
  <ItemGroup>
    <ClCompile Include="G:\gitRepositories\libigl_CGAL_openGL\external\glfw\src\context.c">
      <Filter>Source Files</Filter>
    </ClCompile>
    <ClCompile Include="G:\gitRepositories\libigl_CGAL_openGL\external\glfw\src\init.c">
      <Filter>Source Files</Filter>
    </ClCompile>
    <ClCompile Include="G:\gitRepositories\libigl_CGAL_openGL\external\glfw\src\input.c">
      <Filter>Source Files</Filter>
    </ClCompile>
    <ClCompile Include="G:\gitRepositories\libigl_CGAL_openGL\external\glfw\src\monitor.c">
      <Filter>Source Files</Filter>
    </ClCompile>
    <ClCompile Include="G:\gitRepositories\libigl_CGAL_openGL\external\glfw\src\vulkan.c">
      <Filter>Source Files</Filter>
    </ClCompile>
    <ClCompile Include="G:\gitRepositories\libigl_CGAL_openGL\external\glfw\src\window.c">
      <Filter>Source Files</Filter>
    </ClCompile>
    <ClCompile Include="G:\gitRepositories\libigl_CGAL_openGL\external\glfw\src\win32_init.c">
      <Filter>Source Files</Filter>
    </ClCompile>
    <ClCompile Include="G:\gitRepositories\libigl_CGAL_openGL\external\glfw\src\win32_joystick.c">
      <Filter>Source Files</Filter>
    </ClCompile>
    <ClCompile Include="G:\gitRepositories\libigl_CGAL_openGL\external\glfw\src\win32_monitor.c">
      <Filter>Source Files</Filter>
    </ClCompile>
    <ClCompile Include="G:\gitRepositories\libigl_CGAL_openGL\external\glfw\src\win32_time.c">
      <Filter>Source Files</Filter>
    </ClCompile>
    <ClCompile Include="G:\gitRepositories\libigl_CGAL_openGL\external\glfw\src\win32_thread.c">
      <Filter>Source Files</Filter>
    </ClCompile>
    <ClCompile Include="G:\gitRepositories\libigl_CGAL_openGL\external\glfw\src\win32_window.c">
      <Filter>Source Files</Filter>
    </ClCompile>
    <ClCompile Include="G:\gitRepositories\libigl_CGAL_openGL\external\glfw\src\wgl_context.c">
      <Filter>Source Files</Filter>
    </ClCompile>
    <ClCompile Include="G:\gitRepositories\libigl_CGAL_openGL\external\glfw\src\egl_context.c">
      <Filter>Source Files</Filter>
    </ClCompile>
    <ClCompile Include="G:\gitRepositories\libigl_CGAL_openGL\external\glfw\src\osmesa_context.c">
      <Filter>Source Files</Filter>
    </ClCompile>
  </ItemGroup>
  <ItemGroup>
    <ClInclude Include="G:\gitRepositories\libigl_CGAL_openGL\external\glfw\include\GLFW\glfw3.h">
      <Filter>Header Files</Filter>
    </ClInclude>
    <ClInclude Include="G:\gitRepositories\libigl_CGAL_openGL\external\glfw\include\GLFW\glfw3native.h">
      <Filter>Header Files</Filter>
    </ClInclude>
    <ClInclude Include="G:\gitRepositories\libigl_CGAL_openGL\external\glfw\src\internal.h">
      <Filter>Header Files</Filter>
    </ClInclude>
    <ClInclude Include="G:\gitRepositories\libigl_CGAL_openGL\external\glfw\src\mappings.h">
      <Filter>Header Files</Filter>
    </ClInclude>
    <ClInclude Include="G:\gitRepositories\libigl_CGAL_openGL\external\glfw\src\win32_platform.h">
      <Filter>Header Files</Filter>
    </ClInclude>
    <ClInclude Include="G:\gitRepositories\libigl_CGAL_openGL\external\glfw\src\win32_joystick.h">
      <Filter>Header Files</Filter>
    </ClInclude>
    <ClInclude Include="G:\gitRepositories\libigl_CGAL_openGL\external\glfw\src\wgl_context.h">
      <Filter>Header Files</Filter>
    </ClInclude>
    <ClInclude Include="G:\gitRepositories\libigl_CGAL_openGL\external\glfw\src\egl_context.h">
      <Filter>Header Files</Filter>
    </ClInclude>
    <ClInclude Include="G:\gitRepositories\libigl_CGAL_openGL\external\glfw\src\osmesa_context.h">
      <Filter>Header Files</Filter>
    </ClInclude>
    <ClInclude Include="G:\gitRepositories\libigl_CGAL_openGL\build32\glfw\src\glfw_config.h">
      <Filter>Header Files</Filter>
    </ClInclude>
  </ItemGroup>
  <ItemGroup>
    <CustomBuild Include="G:\gitRepositories\libigl_CGAL_openGL\external\glfw\src\CMakeLists.txt" />
  </ItemGroup>
  <ItemGroup>
    <Filter Include="Header Files">
      <UniqueIdentifier>{66AF20FD-272D-32F7-A475-FF1FDC2024F6}</UniqueIdentifier>
    </Filter>
    <Filter Include="Source Files">
      <UniqueIdentifier>{1D91E96C-42E1-360F-8903-7A4880F5F34A}</UniqueIdentifier>
    </Filter>
  </ItemGroup>
</Project>
