<?xml version="1.0" encoding="utf-8"?>
<Project ToolsVersion="16.0" xmlns="http://schemas.microsoft.com/developer/msbuild/2003">
  <ItemGroup>
    <CustomBuild Include="G:\gitRepositories\libigl_CGAL_openGL\build32\CMakeFiles\5abb5e8bba9f862834e785627ff17453\Experimental.rule">
      <Filter>CMake Rules</Filter>
    </CustomBuild>
    <CustomBuild Include="G:\gitRepositories\libigl_CGAL_openGL\CMakeLists.txt" />
  </ItemGroup>
  <ItemGroup>
    <None Include="G:\gitRepositories\libigl_CGAL_openGL\build32\CMakeFiles\Experimental" />
  </ItemGroup>
  <ItemGroup>
    <Filter Include="CMake Rules">
      <UniqueIdentifier>{1353E122-B35E-3616-BBCD-0F1FA1DB271E}</UniqueIdentifier>
    </Filter>
  </ItemGroup>
</Project>
