<?xml version="1.0" encoding="utf-8"?>
<Project ToolsVersion="16.0" xmlns="http://schemas.microsoft.com/developer/msbuild/2003">
  <ItemGroup>
    <ClCompile Include="G:\gitRepositories\libigl_CGAL_openGL\include\igl\copyleft\comiso\frame_field.cpp">
      <Filter>Source Files</Filter>
    </ClCompile>
    <ClCompile Include="G:\gitRepositories\libigl_CGAL_openGL\include\igl\copyleft\comiso\miq.cpp">
      <Filter>Source Files</Filter>
    </ClCompile>
    <ClCompile Include="G:\gitRepositories\libigl_CGAL_openGL\include\igl\copyleft\comiso\nrosy.cpp">
      <Filter>Source Files</Filter>
    </ClCompile>
  </ItemGroup>
  <ItemGroup>
    <ClInclude Include="G:\gitRepositories\libigl_CGAL_openGL\include\igl\copyleft\comiso\frame_field.h">
      <Filter>Header Files</Filter>
    </ClInclude>
    <ClInclude Include="G:\gitRepositories\libigl_CGAL_openGL\include\igl\copyleft\comiso\miq.h">
      <Filter>Header Files</Filter>
    </ClInclude>
    <ClInclude Include="G:\gitRepositories\libigl_CGAL_openGL\include\igl\copyleft\comiso\nrosy.h">
      <Filter>Header Files</Filter>
    </ClInclude>
  </ItemGroup>
  <ItemGroup>
    <CustomBuild Include="G:\gitRepositories\libigl_CGAL_openGL\CMakeLists.txt" />
  </ItemGroup>
  <ItemGroup>
    <Filter Include="Header Files">
      <UniqueIdentifier>{66AF20FD-272D-32F7-A475-FF1FDC2024F6}</UniqueIdentifier>
    </Filter>
    <Filter Include="Source Files">
      <UniqueIdentifier>{1D91E96C-42E1-360F-8903-7A4880F5F34A}</UniqueIdentifier>
    </Filter>
  </ItemGroup>
</Project>
