
Microsoft Visual Studio Solution File, Format Version 12.00
# Visual Studio Version 16
Project("{2150E333-8FDC-42A3-9474-1A3956D46DE8}") = "CMakePredefinedTargets", "CMakePredefinedTargets", "{E610FA38-6F5D-3EA9-9A80-E06EC3B3486D}"
EndProject
Project("{2150E333-8FDC-42A3-9474-1A3956D46DE8}") = "Libigl", "Libigl", "{EF407305-A894-3AF0-B726-4AB0EE36E1F5}"
EndProject
Project("{2150E333-8FDC-42A3-9474-1A3956D46DE8}") = "ThirdParty", "ThirdParty", "{6EC21443-10F0-30FA-B1AF-E8A393FC8827}"
EndProject
Project("{8BC9CEB8-8B4A-11D0-8D11-00A0C91BC942}") = "ALL_BUILD", "ALL_BUILD.vcxproj", "{AD560ED3-79F1-3C96-A8D3-6DDCED198C63}"
	ProjectSection(ProjectDependencies) = postProject
		{05574E06-84B5-33E9-85C6-746DC98818E6} = {05574E06-84B5-33E9-85C6-746DC98818E6}
		{CBF727F8-FB59-30A7-975E-D8B00BADD442} = {CBF727F8-FB59-30A7-975E-D8B00BADD442}
	EndProjectSection
EndProject
Project("{8BC9CEB8-8B4A-11D0-8D11-00A0C91BC942}") = "306_EigenDecomposition", "306_EigenDecomposition.vcxproj", "{05574E06-84B5-33E9-85C6-746DC98818E6}"
	ProjectSection(ProjectDependencies) = postProject
		{CBF727F8-FB59-30A7-975E-D8B00BADD442} = {CBF727F8-FB59-30A7-975E-D8B00BADD442}
		{61D9E3E6-64A3-3700-B742-11174C44361F} = {61D9E3E6-64A3-3700-B742-11174C44361F}
		{7A6AB002-4970-3DA5-A87D-20E0192D8489} = {7A6AB002-4970-3DA5-A87D-20E0192D8489}
		{5EC6C87F-5453-3D09-927E-159853A66291} = {5EC6C87F-5453-3D09-927E-159853A66291}
		{1C0B3C75-A7A9-3088-BDBB-3E0D19BF9129} = {1C0B3C75-A7A9-3088-BDBB-3E0D19BF9129}
		{8BA6EB8A-BDED-3F07-975E-D5F44B713F83} = {8BA6EB8A-BDED-3F07-975E-D5F44B713F83}
	EndProjectSection
EndProject
Project("{8BC9CEB8-8B4A-11D0-8D11-00A0C91BC942}") = "INSTALL", "INSTALL.vcxproj", "{3B678B41-6D95-369A-A924-1696DE336839}"
	ProjectSection(ProjectDependencies) = postProject
		{AD560ED3-79F1-3C96-A8D3-6DDCED198C63} = {AD560ED3-79F1-3C96-A8D3-6DDCED198C63}
		{CBF727F8-FB59-30A7-975E-D8B00BADD442} = {CBF727F8-FB59-30A7-975E-D8B00BADD442}
	EndProjectSection
EndProject
Project("{8BC9CEB8-8B4A-11D0-8D11-00A0C91BC942}") = "PACKAGE", "PACKAGE.vcxproj", "{5C2A3335-16CC-301D-BD14-8F51CA6BE801}"
	ProjectSection(ProjectDependencies) = postProject
		{AD560ED3-79F1-3C96-A8D3-6DDCED198C63} = {AD560ED3-79F1-3C96-A8D3-6DDCED198C63}
		{CBF727F8-FB59-30A7-975E-D8B00BADD442} = {CBF727F8-FB59-30A7-975E-D8B00BADD442}
	EndProjectSection
EndProject
Project("{8BC9CEB8-8B4A-11D0-8D11-00A0C91BC942}") = "RUN_TESTS", "RUN_TESTS.vcxproj", "{EE158531-3A2B-31B1-840B-04DD9A3BB963}"
	ProjectSection(ProjectDependencies) = postProject
		{CBF727F8-FB59-30A7-975E-D8B00BADD442} = {CBF727F8-FB59-30A7-975E-D8B00BADD442}
	EndProjectSection
EndProject
Project("{8BC9CEB8-8B4A-11D0-8D11-00A0C91BC942}") = "ZERO_CHECK", "..\..\\ZERO_CHECK.vcxproj", "{CBF727F8-FB59-30A7-975E-D8B00BADD442}"
	ProjectSection(ProjectDependencies) = postProject
	EndProjectSection
EndProject
Project("{8BC9CEB8-8B4A-11D0-8D11-00A0C91BC942}") = "glad", "..\..\glad\glad.vcxproj", "{61D9E3E6-64A3-3700-B742-11174C44361F}"
	ProjectSection(ProjectDependencies) = postProject
		{CBF727F8-FB59-30A7-975E-D8B00BADD442} = {CBF727F8-FB59-30A7-975E-D8B00BADD442}
	EndProjectSection
EndProject
Project("{8BC9CEB8-8B4A-11D0-8D11-00A0C91BC942}") = "glfw", "..\..\glfw\src\glfw.vcxproj", "{7A6AB002-4970-3DA5-A87D-20E0192D8489}"
	ProjectSection(ProjectDependencies) = postProject
		{CBF727F8-FB59-30A7-975E-D8B00BADD442} = {CBF727F8-FB59-30A7-975E-D8B00BADD442}
	EndProjectSection
EndProject
Project("{8BC9CEB8-8B4A-11D0-8D11-00A0C91BC942}") = "igl", "..\..\\igl.vcxproj", "{5EC6C87F-5453-3D09-927E-159853A66291}"
	ProjectSection(ProjectDependencies) = postProject
		{CBF727F8-FB59-30A7-975E-D8B00BADD442} = {CBF727F8-FB59-30A7-975E-D8B00BADD442}
	EndProjectSection
EndProject
Project("{8BC9CEB8-8B4A-11D0-8D11-00A0C91BC942}") = "igl_opengl", "..\..\\igl_opengl.vcxproj", "{1C0B3C75-A7A9-3088-BDBB-3E0D19BF9129}"
	ProjectSection(ProjectDependencies) = postProject
		{CBF727F8-FB59-30A7-975E-D8B00BADD442} = {CBF727F8-FB59-30A7-975E-D8B00BADD442}
		{61D9E3E6-64A3-3700-B742-11174C44361F} = {61D9E3E6-64A3-3700-B742-11174C44361F}
		{5EC6C87F-5453-3D09-927E-159853A66291} = {5EC6C87F-5453-3D09-927E-159853A66291}
	EndProjectSection
EndProject
Project("{8BC9CEB8-8B4A-11D0-8D11-00A0C91BC942}") = "igl_opengl_glfw", "..\..\\igl_opengl_glfw.vcxproj", "{8BA6EB8A-BDED-3F07-975E-D5F44B713F83}"
	ProjectSection(ProjectDependencies) = postProject
		{CBF727F8-FB59-30A7-975E-D8B00BADD442} = {CBF727F8-FB59-30A7-975E-D8B00BADD442}
		{61D9E3E6-64A3-3700-B742-11174C44361F} = {61D9E3E6-64A3-3700-B742-11174C44361F}
		{7A6AB002-4970-3DA5-A87D-20E0192D8489} = {7A6AB002-4970-3DA5-A87D-20E0192D8489}
		{5EC6C87F-5453-3D09-927E-159853A66291} = {5EC6C87F-5453-3D09-927E-159853A66291}
		{1C0B3C75-A7A9-3088-BDBB-3E0D19BF9129} = {1C0B3C75-A7A9-3088-BDBB-3E0D19BF9129}
	EndProjectSection
EndProject
Global
	GlobalSection(SolutionConfigurationPlatforms) = preSolution
		Debug|Win32 = Debug|Win32
		Release|Win32 = Release|Win32
		RelWithDebInfo|Win32 = RelWithDebInfo|Win32
	EndGlobalSection
	GlobalSection(ProjectConfigurationPlatforms) = postSolution
		{AD560ED3-79F1-3C96-A8D3-6DDCED198C63}.Debug|Win32.ActiveCfg = Debug|Win32
		{AD560ED3-79F1-3C96-A8D3-6DDCED198C63}.Debug|Win32.Build.0 = Debug|Win32
		{AD560ED3-79F1-3C96-A8D3-6DDCED198C63}.Release|Win32.ActiveCfg = Release|Win32
		{AD560ED3-79F1-3C96-A8D3-6DDCED198C63}.Release|Win32.Build.0 = Release|Win32
		{AD560ED3-79F1-3C96-A8D3-6DDCED198C63}.RelWithDebInfo|Win32.ActiveCfg = RelWithDebInfo|Win32
		{AD560ED3-79F1-3C96-A8D3-6DDCED198C63}.RelWithDebInfo|Win32.Build.0 = RelWithDebInfo|Win32
		{05574E06-84B5-33E9-85C6-746DC98818E6}.Debug|Win32.ActiveCfg = Debug|Win32
		{05574E06-84B5-33E9-85C6-746DC98818E6}.Debug|Win32.Build.0 = Debug|Win32
		{05574E06-84B5-33E9-85C6-746DC98818E6}.Release|Win32.ActiveCfg = Release|Win32
		{05574E06-84B5-33E9-85C6-746DC98818E6}.Release|Win32.Build.0 = Release|Win32
		{05574E06-84B5-33E9-85C6-746DC98818E6}.RelWithDebInfo|Win32.ActiveCfg = RelWithDebInfo|Win32
		{05574E06-84B5-33E9-85C6-746DC98818E6}.RelWithDebInfo|Win32.Build.0 = RelWithDebInfo|Win32
		{3B678B41-6D95-369A-A924-1696DE336839}.Debug|Win32.ActiveCfg = Debug|Win32
		{3B678B41-6D95-369A-A924-1696DE336839}.Release|Win32.ActiveCfg = Release|Win32
		{3B678B41-6D95-369A-A924-1696DE336839}.RelWithDebInfo|Win32.ActiveCfg = RelWithDebInfo|Win32
		{5C2A3335-16CC-301D-BD14-8F51CA6BE801}.Debug|Win32.ActiveCfg = Debug|Win32
		{5C2A3335-16CC-301D-BD14-8F51CA6BE801}.Release|Win32.ActiveCfg = Release|Win32
		{5C2A3335-16CC-301D-BD14-8F51CA6BE801}.RelWithDebInfo|Win32.ActiveCfg = RelWithDebInfo|Win32
		{EE158531-3A2B-31B1-840B-04DD9A3BB963}.Debug|Win32.ActiveCfg = Debug|Win32
		{EE158531-3A2B-31B1-840B-04DD9A3BB963}.Release|Win32.ActiveCfg = Release|Win32
		{EE158531-3A2B-31B1-840B-04DD9A3BB963}.RelWithDebInfo|Win32.ActiveCfg = RelWithDebInfo|Win32
		{CBF727F8-FB59-30A7-975E-D8B00BADD442}.Debug|Win32.ActiveCfg = Debug|Win32
		{CBF727F8-FB59-30A7-975E-D8B00BADD442}.Debug|Win32.Build.0 = Debug|Win32
		{CBF727F8-FB59-30A7-975E-D8B00BADD442}.Release|Win32.ActiveCfg = Release|Win32
		{CBF727F8-FB59-30A7-975E-D8B00BADD442}.Release|Win32.Build.0 = Release|Win32
		{CBF727F8-FB59-30A7-975E-D8B00BADD442}.RelWithDebInfo|Win32.ActiveCfg = RelWithDebInfo|Win32
		{CBF727F8-FB59-30A7-975E-D8B00BADD442}.RelWithDebInfo|Win32.Build.0 = RelWithDebInfo|Win32
		{61D9E3E6-64A3-3700-B742-11174C44361F}.Debug|Win32.ActiveCfg = Debug|Win32
		{61D9E3E6-64A3-3700-B742-11174C44361F}.Debug|Win32.Build.0 = Debug|Win32
		{61D9E3E6-64A3-3700-B742-11174C44361F}.Release|Win32.ActiveCfg = Release|Win32
		{61D9E3E6-64A3-3700-B742-11174C44361F}.Release|Win32.Build.0 = Release|Win32
		{61D9E3E6-64A3-3700-B742-11174C44361F}.RelWithDebInfo|Win32.ActiveCfg = RelWithDebInfo|Win32
		{61D9E3E6-64A3-3700-B742-11174C44361F}.RelWithDebInfo|Win32.Build.0 = RelWithDebInfo|Win32
		{7A6AB002-4970-3DA5-A87D-20E0192D8489}.Debug|Win32.ActiveCfg = Debug|Win32
		{7A6AB002-4970-3DA5-A87D-20E0192D8489}.Debug|Win32.Build.0 = Debug|Win32
		{7A6AB002-4970-3DA5-A87D-20E0192D8489}.Release|Win32.ActiveCfg = Release|Win32
		{7A6AB002-4970-3DA5-A87D-20E0192D8489}.Release|Win32.Build.0 = Release|Win32
		{7A6AB002-4970-3DA5-A87D-20E0192D8489}.RelWithDebInfo|Win32.ActiveCfg = RelWithDebInfo|Win32
		{7A6AB002-4970-3DA5-A87D-20E0192D8489}.RelWithDebInfo|Win32.Build.0 = RelWithDebInfo|Win32
		{5EC6C87F-5453-3D09-927E-159853A66291}.Debug|Win32.ActiveCfg = Debug|Win32
		{5EC6C87F-5453-3D09-927E-159853A66291}.Debug|Win32.Build.0 = Debug|Win32
		{5EC6C87F-5453-3D09-927E-159853A66291}.Release|Win32.ActiveCfg = Release|Win32
		{5EC6C87F-5453-3D09-927E-159853A66291}.Release|Win32.Build.0 = Release|Win32
		{5EC6C87F-5453-3D09-927E-159853A66291}.RelWithDebInfo|Win32.ActiveCfg = RelWithDebInfo|Win32
		{5EC6C87F-5453-3D09-927E-159853A66291}.RelWithDebInfo|Win32.Build.0 = RelWithDebInfo|Win32
		{1C0B3C75-A7A9-3088-BDBB-3E0D19BF9129}.Debug|Win32.ActiveCfg = Debug|Win32
		{1C0B3C75-A7A9-3088-BDBB-3E0D19BF9129}.Debug|Win32.Build.0 = Debug|Win32
		{1C0B3C75-A7A9-3088-BDBB-3E0D19BF9129}.Release|Win32.ActiveCfg = Release|Win32
		{1C0B3C75-A7A9-3088-BDBB-3E0D19BF9129}.Release|Win32.Build.0 = Release|Win32
		{1C0B3C75-A7A9-3088-BDBB-3E0D19BF9129}.RelWithDebInfo|Win32.ActiveCfg = RelWithDebInfo|Win32
		{1C0B3C75-A7A9-3088-BDBB-3E0D19BF9129}.RelWithDebInfo|Win32.Build.0 = RelWithDebInfo|Win32
		{8BA6EB8A-BDED-3F07-975E-D5F44B713F83}.Debug|Win32.ActiveCfg = Debug|Win32
		{8BA6EB8A-BDED-3F07-975E-D5F44B713F83}.Debug|Win32.Build.0 = Debug|Win32
		{8BA6EB8A-BDED-3F07-975E-D5F44B713F83}.Release|Win32.ActiveCfg = Release|Win32
		{8BA6EB8A-BDED-3F07-975E-D5F44B713F83}.Release|Win32.Build.0 = Release|Win32
		{8BA6EB8A-BDED-3F07-975E-D5F44B713F83}.RelWithDebInfo|Win32.ActiveCfg = RelWithDebInfo|Win32
		{8BA6EB8A-BDED-3F07-975E-D5F44B713F83}.RelWithDebInfo|Win32.Build.0 = RelWithDebInfo|Win32
	EndGlobalSection
	GlobalSection(NestedProjects) = preSolution
		{AD560ED3-79F1-3C96-A8D3-6DDCED198C63} = {E610FA38-6F5D-3EA9-9A80-E06EC3B3486D}
		{3B678B41-6D95-369A-A924-1696DE336839} = {E610FA38-6F5D-3EA9-9A80-E06EC3B3486D}
		{5C2A3335-16CC-301D-BD14-8F51CA6BE801} = {E610FA38-6F5D-3EA9-9A80-E06EC3B3486D}
		{EE158531-3A2B-31B1-840B-04DD9A3BB963} = {E610FA38-6F5D-3EA9-9A80-E06EC3B3486D}
		{CBF727F8-FB59-30A7-975E-D8B00BADD442} = {E610FA38-6F5D-3EA9-9A80-E06EC3B3486D}
		{5EC6C87F-5453-3D09-927E-159853A66291} = {EF407305-A894-3AF0-B726-4AB0EE36E1F5}
		{1C0B3C75-A7A9-3088-BDBB-3E0D19BF9129} = {EF407305-A894-3AF0-B726-4AB0EE36E1F5}
		{8BA6EB8A-BDED-3F07-975E-D5F44B713F83} = {EF407305-A894-3AF0-B726-4AB0EE36E1F5}
		{61D9E3E6-64A3-3700-B742-11174C44361F} = {6EC21443-10F0-30FA-B1AF-E8A393FC8827}
		{7A6AB002-4970-3DA5-A87D-20E0192D8489} = {6EC21443-10F0-30FA-B1AF-E8A393FC8827}
	EndGlobalSection
	GlobalSection(ExtensibilityGlobals) = postSolution
		SolutionGuid = {405A24FD-7076-3912-9637-ED4DDDCAA69D}
	EndGlobalSection
	GlobalSection(ExtensibilityAddIns) = postSolution
	EndGlobalSection
EndGlobal
