
Microsoft Visual Studio Solution File, Format Version 12.00
# Visual Studio Version 16
Project("{2150E333-8FDC-42A3-9474-1A3956D46DE8}") = "CMakePredefinedTargets", "CMakePredefinedTargets", "{E610FA38-6F5D-3EA9-9A80-E06EC3B3486D}"
EndProject
Project("{2150E333-8FDC-42A3-9474-1A3956D46DE8}") = "Libigl", "Libigl", "{EF407305-A894-3AF0-B726-4AB0EE36E1F5}"
EndProject
Project("{2150E333-8FDC-42A3-9474-1A3956D46DE8}") = "ThirdParty", "ThirdParty", "{6EC21443-10F0-30FA-B1AF-E8A393FC8827}"
EndProject
Project("{2150E333-8FDC-42A3-9474-1A3956D46DE8}") = "Embree", "ThirdParty\Embree", "{9A8FA12C-CA0A-359A-BCBC-1BED4490EFA5}"
EndProject
Project("{8BC9CEB8-8B4A-11D0-8D11-00A0C91BC942}") = "ALL_BUILD", "ALL_BUILD.vcxproj", "{AD560ED3-79F1-3C96-A8D3-6DDCED198C63}"
	ProjectSection(ProjectDependencies) = postProject
		{DDCF8461-C739-34D5-A471-ADF2271CB24C} = {DDCF8461-C739-34D5-A471-ADF2271CB24C}
		{CBF727F8-FB59-30A7-975E-D8B00BADD442} = {CBF727F8-FB59-30A7-975E-D8B00BADD442}
	EndProjectSection
EndProject
Project("{8BC9CEB8-8B4A-11D0-8D11-00A0C91BC942}") = "608_RayTrace", "608_RayTrace.vcxproj", "{DDCF8461-C739-34D5-A471-ADF2271CB24C}"
	ProjectSection(ProjectDependencies) = postProject
		{CBF727F8-FB59-30A7-975E-D8B00BADD442} = {CBF727F8-FB59-30A7-975E-D8B00BADD442}
		{54EB17E6-1583-38FD-8C58-27D0F9ED9568} = {54EB17E6-1583-38FD-8C58-27D0F9ED9568}
		{61D9E3E6-64A3-3700-B742-11174C44361F} = {61D9E3E6-64A3-3700-B742-11174C44361F}
		{5EC6C87F-5453-3D09-927E-159853A66291} = {5EC6C87F-5453-3D09-927E-159853A66291}
		{D9417B16-986B-3A7E-BF47-9219681BE0AA} = {D9417B16-986B-3A7E-BF47-9219681BE0AA}
		{1C0B3C75-A7A9-3088-BDBB-3E0D19BF9129} = {1C0B3C75-A7A9-3088-BDBB-3E0D19BF9129}
		{33649B17-049C-3B44-93AB-2E292C2569BC} = {33649B17-049C-3B44-93AB-2E292C2569BC}
		{17FE5611-4453-34D8-8966-836637EB4BB9} = {17FE5611-4453-34D8-8966-836637EB4BB9}
		{D8DE7800-56B3-3618-8E6F-7B76F31376AA} = {D8DE7800-56B3-3618-8E6F-7B76F31376AA}
		{A12DDA6F-21C9-3362-BD03-510E0C79B5E7} = {A12DDA6F-21C9-3362-BD03-510E0C79B5E7}
		{C2D23F6D-7DE1-3B64-BBB1-11508DBB9A39} = {C2D23F6D-7DE1-3B64-BBB1-11508DBB9A39}
		{2E4EB707-8C34-32C4-8FFA-FE5EAA7F2B18} = {2E4EB707-8C34-32C4-8FFA-FE5EAA7F2B18}
		{4E39C0F3-13F5-362B-9EC0-A9D0B0709F5A} = {4E39C0F3-13F5-362B-9EC0-A9D0B0709F5A}
	EndProjectSection
EndProject
Project("{8BC9CEB8-8B4A-11D0-8D11-00A0C91BC942}") = "INSTALL", "INSTALL.vcxproj", "{3B678B41-6D95-369A-A924-1696DE336839}"
	ProjectSection(ProjectDependencies) = postProject
		{AD560ED3-79F1-3C96-A8D3-6DDCED198C63} = {AD560ED3-79F1-3C96-A8D3-6DDCED198C63}
		{CBF727F8-FB59-30A7-975E-D8B00BADD442} = {CBF727F8-FB59-30A7-975E-D8B00BADD442}
	EndProjectSection
EndProject
Project("{8BC9CEB8-8B4A-11D0-8D11-00A0C91BC942}") = "PACKAGE", "PACKAGE.vcxproj", "{5C2A3335-16CC-301D-BD14-8F51CA6BE801}"
	ProjectSection(ProjectDependencies) = postProject
		{AD560ED3-79F1-3C96-A8D3-6DDCED198C63} = {AD560ED3-79F1-3C96-A8D3-6DDCED198C63}
		{CBF727F8-FB59-30A7-975E-D8B00BADD442} = {CBF727F8-FB59-30A7-975E-D8B00BADD442}
	EndProjectSection
EndProject
Project("{8BC9CEB8-8B4A-11D0-8D11-00A0C91BC942}") = "RUN_TESTS", "RUN_TESTS.vcxproj", "{EE158531-3A2B-31B1-840B-04DD9A3BB963}"
	ProjectSection(ProjectDependencies) = postProject
		{CBF727F8-FB59-30A7-975E-D8B00BADD442} = {CBF727F8-FB59-30A7-975E-D8B00BADD442}
	EndProjectSection
EndProject
Project("{8BC9CEB8-8B4A-11D0-8D11-00A0C91BC942}") = "ZERO_CHECK", "..\..\\ZERO_CHECK.vcxproj", "{CBF727F8-FB59-30A7-975E-D8B00BADD442}"
	ProjectSection(ProjectDependencies) = postProject
	EndProjectSection
EndProject
Project("{8BC9CEB8-8B4A-11D0-8D11-00A0C91BC942}") = "algorithms", "..\..\embree\common\algorithms\algorithms.vcxproj", "{1BBB7536-518E-3B0D-BEC1-0EF06C59F1AB}"
	ProjectSection(ProjectDependencies) = postProject
		{CBF727F8-FB59-30A7-975E-D8B00BADD442} = {CBF727F8-FB59-30A7-975E-D8B00BADD442}
	EndProjectSection
EndProject
Project("{8BC9CEB8-8B4A-11D0-8D11-00A0C91BC942}") = "embree", "..\..\embree\kernels\embree.vcxproj", "{54EB17E6-1583-38FD-8C58-27D0F9ED9568}"
	ProjectSection(ProjectDependencies) = postProject
		{CBF727F8-FB59-30A7-975E-D8B00BADD442} = {CBF727F8-FB59-30A7-975E-D8B00BADD442}
		{1BBB7536-518E-3B0D-BEC1-0EF06C59F1AB} = {1BBB7536-518E-3B0D-BEC1-0EF06C59F1AB}
		{D8DE7800-56B3-3618-8E6F-7B76F31376AA} = {D8DE7800-56B3-3618-8E6F-7B76F31376AA}
		{A12DDA6F-21C9-3362-BD03-510E0C79B5E7} = {A12DDA6F-21C9-3362-BD03-510E0C79B5E7}
		{C2D23F6D-7DE1-3B64-BBB1-11508DBB9A39} = {C2D23F6D-7DE1-3B64-BBB1-11508DBB9A39}
		{2E4EB707-8C34-32C4-8FFA-FE5EAA7F2B18} = {2E4EB707-8C34-32C4-8FFA-FE5EAA7F2B18}
		{4E39C0F3-13F5-362B-9EC0-A9D0B0709F5A} = {4E39C0F3-13F5-362B-9EC0-A9D0B0709F5A}
	EndProjectSection
EndProject
Project("{8BC9CEB8-8B4A-11D0-8D11-00A0C91BC942}") = "glad", "..\..\glad\glad.vcxproj", "{61D9E3E6-64A3-3700-B742-11174C44361F}"
	ProjectSection(ProjectDependencies) = postProject
		{CBF727F8-FB59-30A7-975E-D8B00BADD442} = {CBF727F8-FB59-30A7-975E-D8B00BADD442}
	EndProjectSection
EndProject
Project("{8BC9CEB8-8B4A-11D0-8D11-00A0C91BC942}") = "igl", "..\..\\igl.vcxproj", "{5EC6C87F-5453-3D09-927E-159853A66291}"
	ProjectSection(ProjectDependencies) = postProject
		{CBF727F8-FB59-30A7-975E-D8B00BADD442} = {CBF727F8-FB59-30A7-975E-D8B00BADD442}
	EndProjectSection
EndProject
Project("{8BC9CEB8-8B4A-11D0-8D11-00A0C91BC942}") = "igl_embree", "..\..\\igl_embree.vcxproj", "{D9417B16-986B-3A7E-BF47-9219681BE0AA}"
	ProjectSection(ProjectDependencies) = postProject
		{CBF727F8-FB59-30A7-975E-D8B00BADD442} = {CBF727F8-FB59-30A7-975E-D8B00BADD442}
		{54EB17E6-1583-38FD-8C58-27D0F9ED9568} = {54EB17E6-1583-38FD-8C58-27D0F9ED9568}
		{5EC6C87F-5453-3D09-927E-159853A66291} = {5EC6C87F-5453-3D09-927E-159853A66291}
		{D8DE7800-56B3-3618-8E6F-7B76F31376AA} = {D8DE7800-56B3-3618-8E6F-7B76F31376AA}
		{A12DDA6F-21C9-3362-BD03-510E0C79B5E7} = {A12DDA6F-21C9-3362-BD03-510E0C79B5E7}
		{C2D23F6D-7DE1-3B64-BBB1-11508DBB9A39} = {C2D23F6D-7DE1-3B64-BBB1-11508DBB9A39}
		{2E4EB707-8C34-32C4-8FFA-FE5EAA7F2B18} = {2E4EB707-8C34-32C4-8FFA-FE5EAA7F2B18}
		{4E39C0F3-13F5-362B-9EC0-A9D0B0709F5A} = {4E39C0F3-13F5-362B-9EC0-A9D0B0709F5A}
	EndProjectSection
EndProject
Project("{8BC9CEB8-8B4A-11D0-8D11-00A0C91BC942}") = "igl_opengl", "..\..\\igl_opengl.vcxproj", "{1C0B3C75-A7A9-3088-BDBB-3E0D19BF9129}"
	ProjectSection(ProjectDependencies) = postProject
		{CBF727F8-FB59-30A7-975E-D8B00BADD442} = {CBF727F8-FB59-30A7-975E-D8B00BADD442}
		{61D9E3E6-64A3-3700-B742-11174C44361F} = {61D9E3E6-64A3-3700-B742-11174C44361F}
		{5EC6C87F-5453-3D09-927E-159853A66291} = {5EC6C87F-5453-3D09-927E-159853A66291}
	EndProjectSection
EndProject
Project("{8BC9CEB8-8B4A-11D0-8D11-00A0C91BC942}") = "igl_png", "..\..\\igl_png.vcxproj", "{33649B17-049C-3B44-93AB-2E292C2569BC}"
	ProjectSection(ProjectDependencies) = postProject
		{CBF727F8-FB59-30A7-975E-D8B00BADD442} = {CBF727F8-FB59-30A7-975E-D8B00BADD442}
		{61D9E3E6-64A3-3700-B742-11174C44361F} = {61D9E3E6-64A3-3700-B742-11174C44361F}
		{5EC6C87F-5453-3D09-927E-159853A66291} = {5EC6C87F-5453-3D09-927E-159853A66291}
		{1C0B3C75-A7A9-3088-BDBB-3E0D19BF9129} = {1C0B3C75-A7A9-3088-BDBB-3E0D19BF9129}
		{17FE5611-4453-34D8-8966-836637EB4BB9} = {17FE5611-4453-34D8-8966-836637EB4BB9}
	EndProjectSection
EndProject
Project("{8BC9CEB8-8B4A-11D0-8D11-00A0C91BC942}") = "igl_stb_image", "..\..\stb_image\igl_stb_image.vcxproj", "{17FE5611-4453-34D8-8966-836637EB4BB9}"
	ProjectSection(ProjectDependencies) = postProject
		{CBF727F8-FB59-30A7-975E-D8B00BADD442} = {CBF727F8-FB59-30A7-975E-D8B00BADD442}
	EndProjectSection
EndProject
Project("{8BC9CEB8-8B4A-11D0-8D11-00A0C91BC942}") = "lexers", "..\..\embree\common\lexers\lexers.vcxproj", "{D8DE7800-56B3-3618-8E6F-7B76F31376AA}"
	ProjectSection(ProjectDependencies) = postProject
		{CBF727F8-FB59-30A7-975E-D8B00BADD442} = {CBF727F8-FB59-30A7-975E-D8B00BADD442}
		{A12DDA6F-21C9-3362-BD03-510E0C79B5E7} = {A12DDA6F-21C9-3362-BD03-510E0C79B5E7}
		{2E4EB707-8C34-32C4-8FFA-FE5EAA7F2B18} = {2E4EB707-8C34-32C4-8FFA-FE5EAA7F2B18}
	EndProjectSection
EndProject
Project("{8BC9CEB8-8B4A-11D0-8D11-00A0C91BC942}") = "math", "..\..\embree\common\math\math.vcxproj", "{A12DDA6F-21C9-3362-BD03-510E0C79B5E7}"
	ProjectSection(ProjectDependencies) = postProject
		{CBF727F8-FB59-30A7-975E-D8B00BADD442} = {CBF727F8-FB59-30A7-975E-D8B00BADD442}
	EndProjectSection
EndProject
Project("{8BC9CEB8-8B4A-11D0-8D11-00A0C91BC942}") = "simd", "..\..\embree\common\simd\simd.vcxproj", "{C2D23F6D-7DE1-3B64-BBB1-11508DBB9A39}"
	ProjectSection(ProjectDependencies) = postProject
		{CBF727F8-FB59-30A7-975E-D8B00BADD442} = {CBF727F8-FB59-30A7-975E-D8B00BADD442}
	EndProjectSection
EndProject
Project("{8BC9CEB8-8B4A-11D0-8D11-00A0C91BC942}") = "sys", "..\..\embree\common\sys\sys.vcxproj", "{2E4EB707-8C34-32C4-8FFA-FE5EAA7F2B18}"
	ProjectSection(ProjectDependencies) = postProject
		{CBF727F8-FB59-30A7-975E-D8B00BADD442} = {CBF727F8-FB59-30A7-975E-D8B00BADD442}
	EndProjectSection
EndProject
Project("{8BC9CEB8-8B4A-11D0-8D11-00A0C91BC942}") = "tasking", "..\..\embree\common\tasking\tasking.vcxproj", "{4E39C0F3-13F5-362B-9EC0-A9D0B0709F5A}"
	ProjectSection(ProjectDependencies) = postProject
		{CBF727F8-FB59-30A7-975E-D8B00BADD442} = {CBF727F8-FB59-30A7-975E-D8B00BADD442}
	EndProjectSection
EndProject
Global
	GlobalSection(SolutionConfigurationPlatforms) = preSolution
		Debug|Win32 = Debug|Win32
		Release|Win32 = Release|Win32
		RelWithDebInfo|Win32 = RelWithDebInfo|Win32
	EndGlobalSection
	GlobalSection(ProjectConfigurationPlatforms) = postSolution
		{AD560ED3-79F1-3C96-A8D3-6DDCED198C63}.Debug|Win32.ActiveCfg = Debug|Win32
		{AD560ED3-79F1-3C96-A8D3-6DDCED198C63}.Debug|Win32.Build.0 = Debug|Win32
		{AD560ED3-79F1-3C96-A8D3-6DDCED198C63}.Release|Win32.ActiveCfg = Release|Win32
		{AD560ED3-79F1-3C96-A8D3-6DDCED198C63}.Release|Win32.Build.0 = Release|Win32
		{AD560ED3-79F1-3C96-A8D3-6DDCED198C63}.RelWithDebInfo|Win32.ActiveCfg = RelWithDebInfo|Win32
		{AD560ED3-79F1-3C96-A8D3-6DDCED198C63}.RelWithDebInfo|Win32.Build.0 = RelWithDebInfo|Win32
		{DDCF8461-C739-34D5-A471-ADF2271CB24C}.Debug|Win32.ActiveCfg = Debug|Win32
		{DDCF8461-C739-34D5-A471-ADF2271CB24C}.Debug|Win32.Build.0 = Debug|Win32
		{DDCF8461-C739-34D5-A471-ADF2271CB24C}.Release|Win32.ActiveCfg = Release|Win32
		{DDCF8461-C739-34D5-A471-ADF2271CB24C}.Release|Win32.Build.0 = Release|Win32
		{DDCF8461-C739-34D5-A471-ADF2271CB24C}.RelWithDebInfo|Win32.ActiveCfg = RelWithDebInfo|Win32
		{DDCF8461-C739-34D5-A471-ADF2271CB24C}.RelWithDebInfo|Win32.Build.0 = RelWithDebInfo|Win32
		{3B678B41-6D95-369A-A924-1696DE336839}.Debug|Win32.ActiveCfg = Debug|Win32
		{3B678B41-6D95-369A-A924-1696DE336839}.Release|Win32.ActiveCfg = Release|Win32
		{3B678B41-6D95-369A-A924-1696DE336839}.RelWithDebInfo|Win32.ActiveCfg = RelWithDebInfo|Win32
		{5C2A3335-16CC-301D-BD14-8F51CA6BE801}.Debug|Win32.ActiveCfg = Debug|Win32
		{5C2A3335-16CC-301D-BD14-8F51CA6BE801}.Release|Win32.ActiveCfg = Release|Win32
		{5C2A3335-16CC-301D-BD14-8F51CA6BE801}.RelWithDebInfo|Win32.ActiveCfg = RelWithDebInfo|Win32
		{EE158531-3A2B-31B1-840B-04DD9A3BB963}.Debug|Win32.ActiveCfg = Debug|Win32
		{EE158531-3A2B-31B1-840B-04DD9A3BB963}.Release|Win32.ActiveCfg = Release|Win32
		{EE158531-3A2B-31B1-840B-04DD9A3BB963}.RelWithDebInfo|Win32.ActiveCfg = RelWithDebInfo|Win32
		{CBF727F8-FB59-30A7-975E-D8B00BADD442}.Debug|Win32.ActiveCfg = Debug|Win32
		{CBF727F8-FB59-30A7-975E-D8B00BADD442}.Debug|Win32.Build.0 = Debug|Win32
		{CBF727F8-FB59-30A7-975E-D8B00BADD442}.Release|Win32.ActiveCfg = Release|Win32
		{CBF727F8-FB59-30A7-975E-D8B00BADD442}.Release|Win32.Build.0 = Release|Win32
		{CBF727F8-FB59-30A7-975E-D8B00BADD442}.RelWithDebInfo|Win32.ActiveCfg = RelWithDebInfo|Win32
		{CBF727F8-FB59-30A7-975E-D8B00BADD442}.RelWithDebInfo|Win32.Build.0 = RelWithDebInfo|Win32
		{1BBB7536-518E-3B0D-BEC1-0EF06C59F1AB}.Debug|Win32.ActiveCfg = Debug|Win32
		{1BBB7536-518E-3B0D-BEC1-0EF06C59F1AB}.Debug|Win32.Build.0 = Debug|Win32
		{1BBB7536-518E-3B0D-BEC1-0EF06C59F1AB}.Release|Win32.ActiveCfg = Release|Win32
		{1BBB7536-518E-3B0D-BEC1-0EF06C59F1AB}.Release|Win32.Build.0 = Release|Win32
		{1BBB7536-518E-3B0D-BEC1-0EF06C59F1AB}.RelWithDebInfo|Win32.ActiveCfg = RelWithDebInfo|Win32
		{1BBB7536-518E-3B0D-BEC1-0EF06C59F1AB}.RelWithDebInfo|Win32.Build.0 = RelWithDebInfo|Win32
		{54EB17E6-1583-38FD-8C58-27D0F9ED9568}.Debug|Win32.ActiveCfg = Debug|Win32
		{54EB17E6-1583-38FD-8C58-27D0F9ED9568}.Debug|Win32.Build.0 = Debug|Win32
		{54EB17E6-1583-38FD-8C58-27D0F9ED9568}.Release|Win32.ActiveCfg = Release|Win32
		{54EB17E6-1583-38FD-8C58-27D0F9ED9568}.Release|Win32.Build.0 = Release|Win32
		{54EB17E6-1583-38FD-8C58-27D0F9ED9568}.RelWithDebInfo|Win32.ActiveCfg = RelWithDebInfo|Win32
		{54EB17E6-1583-38FD-8C58-27D0F9ED9568}.RelWithDebInfo|Win32.Build.0 = RelWithDebInfo|Win32
		{61D9E3E6-64A3-3700-B742-11174C44361F}.Debug|Win32.ActiveCfg = Debug|Win32
		{61D9E3E6-64A3-3700-B742-11174C44361F}.Debug|Win32.Build.0 = Debug|Win32
		{61D9E3E6-64A3-3700-B742-11174C44361F}.Release|Win32.ActiveCfg = Release|Win32
		{61D9E3E6-64A3-3700-B742-11174C44361F}.Release|Win32.Build.0 = Release|Win32
		{61D9E3E6-64A3-3700-B742-11174C44361F}.RelWithDebInfo|Win32.ActiveCfg = RelWithDebInfo|Win32
		{61D9E3E6-64A3-3700-B742-11174C44361F}.RelWithDebInfo|Win32.Build.0 = RelWithDebInfo|Win32
		{5EC6C87F-5453-3D09-927E-159853A66291}.Debug|Win32.ActiveCfg = Debug|Win32
		{5EC6C87F-5453-3D09-927E-159853A66291}.Debug|Win32.Build.0 = Debug|Win32
		{5EC6C87F-5453-3D09-927E-159853A66291}.Release|Win32.ActiveCfg = Release|Win32
		{5EC6C87F-5453-3D09-927E-159853A66291}.Release|Win32.Build.0 = Release|Win32
		{5EC6C87F-5453-3D09-927E-159853A66291}.RelWithDebInfo|Win32.ActiveCfg = RelWithDebInfo|Win32
		{5EC6C87F-5453-3D09-927E-159853A66291}.RelWithDebInfo|Win32.Build.0 = RelWithDebInfo|Win32
		{D9417B16-986B-3A7E-BF47-9219681BE0AA}.Debug|Win32.ActiveCfg = Debug|Win32
		{D9417B16-986B-3A7E-BF47-9219681BE0AA}.Debug|Win32.Build.0 = Debug|Win32
		{D9417B16-986B-3A7E-BF47-9219681BE0AA}.Release|Win32.ActiveCfg = Release|Win32
		{D9417B16-986B-3A7E-BF47-9219681BE0AA}.Release|Win32.Build.0 = Release|Win32
		{D9417B16-986B-3A7E-BF47-9219681BE0AA}.RelWithDebInfo|Win32.ActiveCfg = RelWithDebInfo|Win32
		{D9417B16-986B-3A7E-BF47-9219681BE0AA}.RelWithDebInfo|Win32.Build.0 = RelWithDebInfo|Win32
		{1C0B3C75-A7A9-3088-BDBB-3E0D19BF9129}.Debug|Win32.ActiveCfg = Debug|Win32
		{1C0B3C75-A7A9-3088-BDBB-3E0D19BF9129}.Debug|Win32.Build.0 = Debug|Win32
		{1C0B3C75-A7A9-3088-BDBB-3E0D19BF9129}.Release|Win32.ActiveCfg = Release|Win32
		{1C0B3C75-A7A9-3088-BDBB-3E0D19BF9129}.Release|Win32.Build.0 = Release|Win32
		{1C0B3C75-A7A9-3088-BDBB-3E0D19BF9129}.RelWithDebInfo|Win32.ActiveCfg = RelWithDebInfo|Win32
		{1C0B3C75-A7A9-3088-BDBB-3E0D19BF9129}.RelWithDebInfo|Win32.Build.0 = RelWithDebInfo|Win32
		{33649B17-049C-3B44-93AB-2E292C2569BC}.Debug|Win32.ActiveCfg = Debug|Win32
		{33649B17-049C-3B44-93AB-2E292C2569BC}.Debug|Win32.Build.0 = Debug|Win32
		{33649B17-049C-3B44-93AB-2E292C2569BC}.Release|Win32.ActiveCfg = Release|Win32
		{33649B17-049C-3B44-93AB-2E292C2569BC}.Release|Win32.Build.0 = Release|Win32
		{33649B17-049C-3B44-93AB-2E292C2569BC}.RelWithDebInfo|Win32.ActiveCfg = RelWithDebInfo|Win32
		{33649B17-049C-3B44-93AB-2E292C2569BC}.RelWithDebInfo|Win32.Build.0 = RelWithDebInfo|Win32
		{17FE5611-4453-34D8-8966-836637EB4BB9}.Debug|Win32.ActiveCfg = Debug|Win32
		{17FE5611-4453-34D8-8966-836637EB4BB9}.Debug|Win32.Build.0 = Debug|Win32
		{17FE5611-4453-34D8-8966-836637EB4BB9}.Release|Win32.ActiveCfg = Release|Win32
		{17FE5611-4453-34D8-8966-836637EB4BB9}.Release|Win32.Build.0 = Release|Win32
		{17FE5611-4453-34D8-8966-836637EB4BB9}.RelWithDebInfo|Win32.ActiveCfg = RelWithDebInfo|Win32
		{17FE5611-4453-34D8-8966-836637EB4BB9}.RelWithDebInfo|Win32.Build.0 = RelWithDebInfo|Win32
		{D8DE7800-56B3-3618-8E6F-7B76F31376AA}.Debug|Win32.ActiveCfg = Debug|Win32
		{D8DE7800-56B3-3618-8E6F-7B76F31376AA}.Debug|Win32.Build.0 = Debug|Win32
		{D8DE7800-56B3-3618-8E6F-7B76F31376AA}.Release|Win32.ActiveCfg = Release|Win32
		{D8DE7800-56B3-3618-8E6F-7B76F31376AA}.Release|Win32.Build.0 = Release|Win32
		{D8DE7800-56B3-3618-8E6F-7B76F31376AA}.RelWithDebInfo|Win32.ActiveCfg = RelWithDebInfo|Win32
		{D8DE7800-56B3-3618-8E6F-7B76F31376AA}.RelWithDebInfo|Win32.Build.0 = RelWithDebInfo|Win32
		{A12DDA6F-21C9-3362-BD03-510E0C79B5E7}.Debug|Win32.ActiveCfg = Debug|Win32
		{A12DDA6F-21C9-3362-BD03-510E0C79B5E7}.Debug|Win32.Build.0 = Debug|Win32
		{A12DDA6F-21C9-3362-BD03-510E0C79B5E7}.Release|Win32.ActiveCfg = Release|Win32
		{A12DDA6F-21C9-3362-BD03-510E0C79B5E7}.Release|Win32.Build.0 = Release|Win32
		{A12DDA6F-21C9-3362-BD03-510E0C79B5E7}.RelWithDebInfo|Win32.ActiveCfg = RelWithDebInfo|Win32
		{A12DDA6F-21C9-3362-BD03-510E0C79B5E7}.RelWithDebInfo|Win32.Build.0 = RelWithDebInfo|Win32
		{C2D23F6D-7DE1-3B64-BBB1-11508DBB9A39}.Debug|Win32.ActiveCfg = Debug|Win32
		{C2D23F6D-7DE1-3B64-BBB1-11508DBB9A39}.Debug|Win32.Build.0 = Debug|Win32
		{C2D23F6D-7DE1-3B64-BBB1-11508DBB9A39}.Release|Win32.ActiveCfg = Release|Win32
		{C2D23F6D-7DE1-3B64-BBB1-11508DBB9A39}.Release|Win32.Build.0 = Release|Win32
		{C2D23F6D-7DE1-3B64-BBB1-11508DBB9A39}.RelWithDebInfo|Win32.ActiveCfg = RelWithDebInfo|Win32
		{C2D23F6D-7DE1-3B64-BBB1-11508DBB9A39}.RelWithDebInfo|Win32.Build.0 = RelWithDebInfo|Win32
		{2E4EB707-8C34-32C4-8FFA-FE5EAA7F2B18}.Debug|Win32.ActiveCfg = Debug|Win32
		{2E4EB707-8C34-32C4-8FFA-FE5EAA7F2B18}.Debug|Win32.Build.0 = Debug|Win32
		{2E4EB707-8C34-32C4-8FFA-FE5EAA7F2B18}.Release|Win32.ActiveCfg = Release|Win32
		{2E4EB707-8C34-32C4-8FFA-FE5EAA7F2B18}.Release|Win32.Build.0 = Release|Win32
		{2E4EB707-8C34-32C4-8FFA-FE5EAA7F2B18}.RelWithDebInfo|Win32.ActiveCfg = RelWithDebInfo|Win32
		{2E4EB707-8C34-32C4-8FFA-FE5EAA7F2B18}.RelWithDebInfo|Win32.Build.0 = RelWithDebInfo|Win32
		{4E39C0F3-13F5-362B-9EC0-A9D0B0709F5A}.Debug|Win32.ActiveCfg = Debug|Win32
		{4E39C0F3-13F5-362B-9EC0-A9D0B0709F5A}.Debug|Win32.Build.0 = Debug|Win32
		{4E39C0F3-13F5-362B-9EC0-A9D0B0709F5A}.Release|Win32.ActiveCfg = Release|Win32
		{4E39C0F3-13F5-362B-9EC0-A9D0B0709F5A}.Release|Win32.Build.0 = Release|Win32
		{4E39C0F3-13F5-362B-9EC0-A9D0B0709F5A}.RelWithDebInfo|Win32.ActiveCfg = RelWithDebInfo|Win32
		{4E39C0F3-13F5-362B-9EC0-A9D0B0709F5A}.RelWithDebInfo|Win32.Build.0 = RelWithDebInfo|Win32
	EndGlobalSection
	GlobalSection(NestedProjects) = preSolution
		{AD560ED3-79F1-3C96-A8D3-6DDCED198C63} = {E610FA38-6F5D-3EA9-9A80-E06EC3B3486D}
		{3B678B41-6D95-369A-A924-1696DE336839} = {E610FA38-6F5D-3EA9-9A80-E06EC3B3486D}
		{5C2A3335-16CC-301D-BD14-8F51CA6BE801} = {E610FA38-6F5D-3EA9-9A80-E06EC3B3486D}
		{EE158531-3A2B-31B1-840B-04DD9A3BB963} = {E610FA38-6F5D-3EA9-9A80-E06EC3B3486D}
		{CBF727F8-FB59-30A7-975E-D8B00BADD442} = {E610FA38-6F5D-3EA9-9A80-E06EC3B3486D}
		{5EC6C87F-5453-3D09-927E-159853A66291} = {EF407305-A894-3AF0-B726-4AB0EE36E1F5}
		{D9417B16-986B-3A7E-BF47-9219681BE0AA} = {EF407305-A894-3AF0-B726-4AB0EE36E1F5}
		{1C0B3C75-A7A9-3088-BDBB-3E0D19BF9129} = {EF407305-A894-3AF0-B726-4AB0EE36E1F5}
		{33649B17-049C-3B44-93AB-2E292C2569BC} = {EF407305-A894-3AF0-B726-4AB0EE36E1F5}
		{17FE5611-4453-34D8-8966-836637EB4BB9} = {EF407305-A894-3AF0-B726-4AB0EE36E1F5}
		{9A8FA12C-CA0A-359A-BCBC-1BED4490EFA5} = {6EC21443-10F0-30FA-B1AF-E8A393FC8827}
		{61D9E3E6-64A3-3700-B742-11174C44361F} = {6EC21443-10F0-30FA-B1AF-E8A393FC8827}
		{1BBB7536-518E-3B0D-BEC1-0EF06C59F1AB} = {9A8FA12C-CA0A-359A-BCBC-1BED4490EFA5}
		{54EB17E6-1583-38FD-8C58-27D0F9ED9568} = {9A8FA12C-CA0A-359A-BCBC-1BED4490EFA5}
		{D8DE7800-56B3-3618-8E6F-7B76F31376AA} = {9A8FA12C-CA0A-359A-BCBC-1BED4490EFA5}
		{A12DDA6F-21C9-3362-BD03-510E0C79B5E7} = {9A8FA12C-CA0A-359A-BCBC-1BED4490EFA5}
		{C2D23F6D-7DE1-3B64-BBB1-11508DBB9A39} = {9A8FA12C-CA0A-359A-BCBC-1BED4490EFA5}
		{2E4EB707-8C34-32C4-8FFA-FE5EAA7F2B18} = {9A8FA12C-CA0A-359A-BCBC-1BED4490EFA5}
		{4E39C0F3-13F5-362B-9EC0-A9D0B0709F5A} = {9A8FA12C-CA0A-359A-BCBC-1BED4490EFA5}
	EndGlobalSection
	GlobalSection(ExtensibilityGlobals) = postSolution
		SolutionGuid = {7E9F85C2-4BCE-343A-B645-A2D2F885E50B}
	EndGlobalSection
	GlobalSection(ExtensibilityAddIns) = postSolution
	EndGlobalSection
EndGlobal
