<?xml version="1.0" encoding="utf-8"?>
<Project ToolsVersion="16.0" xmlns="http://schemas.microsoft.com/developer/msbuild/2003">
  <ItemGroup>
    <ClCompile Include="$(ProjectDir)..\include\igl\AABB.cpp" />
    <ClCompile Include="$(ProjectDir)..\include\igl\AtA_cached.cpp" />
    <ClCompile Include="$(ProjectDir)..\include\igl\EPS.cpp" />
    <ClCompile Include="$(ProjectDir)..\include\igl\HalfEdgeIterator.cpp" />
    <ClCompile Include="$(ProjectDir)..\include\igl\MshLoader.cpp" />
    <ClCompile Include="$(ProjectDir)..\include\igl\MshSaver.cpp" />
    <ClCompile Include="$(ProjectDir)..\include\igl\accumarray.cpp" />
    <ClCompile Include="$(ProjectDir)..\include\igl\active_set.cpp" />
    <ClCompile Include="$(ProjectDir)..\include\igl\adjacency_list.cpp" />
    <ClCompile Include="$(ProjectDir)..\include\igl\adjacency_matrix.cpp" />
    <ClCompile Include="$(ProjectDir)..\include\igl\all.cpp" />
    <ClCompile Include="$(ProjectDir)..\include\igl\all_pairs_distances.cpp" />
    <ClCompile Include="$(ProjectDir)..\include\igl\ambient_occlusion.cpp" />
    <ClCompile Include="$(ProjectDir)..\include\igl\angular_distance.cpp" />
    <ClCompile Include="$(ProjectDir)..\include\igl\any.cpp" />
    <ClCompile Include="$(ProjectDir)..\include\igl\any_of.cpp" />
    <ClCompile Include="$(ProjectDir)..\include\igl\arap.cpp" />
    <ClCompile Include="$(ProjectDir)..\include\igl\arap_dof.cpp" />
    <ClCompile Include="$(ProjectDir)..\include\igl\arap_linear_block.cpp" />
    <ClCompile Include="$(ProjectDir)..\include\igl\arap_rhs.cpp" />
    <ClCompile Include="$(ProjectDir)..\include\igl\average_from_edges_onto_vertices.cpp" />
    <ClCompile Include="$(ProjectDir)..\include\igl\average_onto_faces.cpp" />
    <ClCompile Include="$(ProjectDir)..\include\igl\average_onto_vertices.cpp" />
    <ClCompile Include="$(ProjectDir)..\include\igl\avg_edge_length.cpp" />
    <ClCompile Include="$(ProjectDir)..\include\igl\axis_angle_to_quat.cpp" />
    <ClCompile Include="$(ProjectDir)..\include\igl\barycenter.cpp" />
    <ClCompile Include="$(ProjectDir)..\include\igl\barycentric_coordinates.cpp" />
    <ClCompile Include="$(ProjectDir)..\include\igl\barycentric_interpolation.cpp" />
    <ClCompile Include="$(ProjectDir)..\include\igl\basename.cpp" />
    <ClCompile Include="$(ProjectDir)..\include\igl\bbw.cpp" />
    <ClCompile Include="$(ProjectDir)..\include\igl\bezier.cpp" />
    <ClCompile Include="$(ProjectDir)..\include\igl\bfs.cpp" />
    <ClCompile Include="$(ProjectDir)..\include\igl\bfs_orient.cpp" />
    <ClCompile Include="$(ProjectDir)..\include\igl\biharmonic_coordinates.cpp" />
    <ClCompile Include="$(ProjectDir)..\include\igl\bijective_composite_harmonic_mapping.cpp" />
    <ClCompile Include="$(ProjectDir)..\include\igl\blkdiag.cpp" />
    <ClCompile Include="$(ProjectDir)..\include\igl\blue_noise.cpp" />
    <ClCompile Include="$(ProjectDir)..\include\igl\bone_parents.cpp" />
    <ClCompile Include="$(ProjectDir)..\include\igl\boundary_conditions.cpp" />
    <ClCompile Include="$(ProjectDir)..\include\igl\boundary_facets.cpp" />
    <ClCompile Include="$(ProjectDir)..\include\igl\boundary_loop.cpp" />
    <ClCompile Include="$(ProjectDir)..\include\igl\bounding_box.cpp" />
    <ClCompile Include="$(ProjectDir)..\include\igl\bounding_box_diagonal.cpp" />
    <ClCompile Include="$(ProjectDir)..\include\igl\canonical_quaternions.cpp" />
    <ClCompile Include="$(ProjectDir)..\include\igl\cat.cpp" />
    <ClCompile Include="$(ProjectDir)..\include\igl\ceil.cpp" />
    <ClCompile Include="$(ProjectDir)..\include\igl\centroid.cpp" />
    <ClCompile Include="$(ProjectDir)..\include\igl\circulation.cpp" />
    <ClCompile Include="$(ProjectDir)..\include\igl\circumradius.cpp" />
    <ClCompile Include="$(ProjectDir)..\include\igl\collapse_edge.cpp" />
    <ClCompile Include="$(ProjectDir)..\include\igl\collapse_small_triangles.cpp" />
    <ClCompile Include="$(ProjectDir)..\include\igl\colon.cpp" />
    <ClCompile Include="$(ProjectDir)..\include\igl\colormap.cpp" />
    <ClCompile Include="$(ProjectDir)..\include\igl\column_to_quats.cpp" />
    <ClCompile Include="$(ProjectDir)..\include\igl\columnize.cpp" />
    <ClCompile Include="$(ProjectDir)..\include\igl\comb_cross_field.cpp" />
    <ClCompile Include="$(ProjectDir)..\include\igl\comb_frame_field.cpp" />
    <ClCompile Include="$(ProjectDir)..\include\igl\comb_line_field.cpp" />
    <ClCompile Include="$(ProjectDir)..\include\igl\combine.cpp" />
    <ClCompile Include="$(ProjectDir)..\include\igl\compute_frame_field_bisectors.cpp" />
    <ClCompile Include="$(ProjectDir)..\include\igl\connect_boundary_to_infinity.cpp" />
    <ClCompile Include="$(ProjectDir)..\include\igl\connected_components.cpp" />
    <ClCompile Include="$(ProjectDir)..\include\igl\copyleft\marching_cubes.cpp" />
    <ClCompile Include="$(ProjectDir)..\include\igl\copyleft\progressive_hulls.cpp" />
    <ClCompile Include="$(ProjectDir)..\include\igl\copyleft\progressive_hulls_cost_and_placement.cpp" />
    <ClCompile Include="$(ProjectDir)..\include\igl\copyleft\quadprog.cpp" />
    <ClCompile Include="$(ProjectDir)..\include\igl\cotmatrix.cpp" />
    <ClCompile Include="$(ProjectDir)..\include\igl\cotmatrix_entries.cpp" />
    <ClCompile Include="$(ProjectDir)..\include\igl\cotmatrix_intrinsic.cpp" />
    <ClCompile Include="$(ProjectDir)..\include\igl\count.cpp" />
    <ClCompile Include="$(ProjectDir)..\include\igl\covariance_scatter_matrix.cpp" />
    <ClCompile Include="$(ProjectDir)..\include\igl\cr_vector_curvature_correction.cpp" />
    <ClCompile Include="$(ProjectDir)..\include\igl\cr_vector_laplacian.cpp" />
    <ClCompile Include="$(ProjectDir)..\include\igl\cr_vector_mass.cpp" />
    <ClCompile Include="$(ProjectDir)..\include\igl\cross.cpp" />
    <ClCompile Include="$(ProjectDir)..\include\igl\cross_field_mismatch.cpp" />
    <ClCompile Include="$(ProjectDir)..\include\igl\crouzeix_raviart_cotmatrix.cpp" />
    <ClCompile Include="$(ProjectDir)..\include\igl\crouzeix_raviart_massmatrix.cpp" />
    <ClCompile Include="$(ProjectDir)..\include\igl\cumprod.cpp" />
    <ClCompile Include="$(ProjectDir)..\include\igl\cumsum.cpp" />
    <ClCompile Include="$(ProjectDir)..\include\igl\curved_hessian_energy.cpp" />
    <ClCompile Include="$(ProjectDir)..\include\igl\cut_mesh.cpp" />
    <ClCompile Include="$(ProjectDir)..\include\igl\cut_mesh_from_singularities.cpp" />
    <ClCompile Include="$(ProjectDir)..\include\igl\cut_to_disk.cpp" />
    <ClCompile Include="$(ProjectDir)..\include\igl\cylinder.cpp" />
    <ClCompile Include="$(ProjectDir)..\include\igl\dated_copy.cpp" />
    <ClCompile Include="$(ProjectDir)..\include\igl\decimate.cpp" />
    <ClCompile Include="$(ProjectDir)..\include\igl\decimate_trivial_callbacks.cpp" />
    <ClCompile Include="$(ProjectDir)..\include\igl\default_num_threads.cpp" />
    <ClCompile Include="$(ProjectDir)..\include\igl\deform_skeleton.cpp" />
    <ClCompile Include="$(ProjectDir)..\include\igl\delaunay_triangulation.cpp" />
    <ClCompile Include="$(ProjectDir)..\include\igl\dfs.cpp" />
    <ClCompile Include="$(ProjectDir)..\include\igl\diag.cpp" />
    <ClCompile Include="$(ProjectDir)..\include\igl\dihedral_angles.cpp" />
    <ClCompile Include="$(ProjectDir)..\include\igl\dijkstra.cpp" />
    <ClCompile Include="$(ProjectDir)..\include\igl\direct_delta_mush.cpp" />
    <ClCompile Include="$(ProjectDir)..\include\igl\directed_edge_orientations.cpp" />
    <ClCompile Include="$(ProjectDir)..\include\igl\directed_edge_parents.cpp" />
    <ClCompile Include="$(ProjectDir)..\include\igl\dirname.cpp" />
    <ClCompile Include="$(ProjectDir)..\include\igl\dot.cpp" />
    <ClCompile Include="$(ProjectDir)..\include\igl\dot_row.cpp" />
    <ClCompile Include="$(ProjectDir)..\include\igl\doublearea.cpp" />
    <ClCompile Include="$(ProjectDir)..\include\igl\dqs.cpp" />
    <ClCompile Include="$(ProjectDir)..\include\igl\dual_contouring.cpp" />
    <ClCompile Include="$(ProjectDir)..\include\igl\ears.cpp" />
    <ClCompile Include="$(ProjectDir)..\include\igl\edge_collapse_is_valid.cpp" />
    <ClCompile Include="$(ProjectDir)..\include\igl\edge_exists_near.cpp" />
    <ClCompile Include="$(ProjectDir)..\include\igl\edge_flaps.cpp" />
    <ClCompile Include="$(ProjectDir)..\include\igl\edge_lengths.cpp" />
    <ClCompile Include="$(ProjectDir)..\include\igl\edge_midpoints.cpp" />
    <ClCompile Include="$(ProjectDir)..\include\igl\edge_topology.cpp" />
    <ClCompile Include="$(ProjectDir)..\include\igl\edge_vectors.cpp" />
    <ClCompile Include="$(ProjectDir)..\include\igl\edges.cpp" />
    <ClCompile Include="$(ProjectDir)..\include\igl\edges_to_path.cpp" />
    <ClCompile Include="$(ProjectDir)..\include\igl\eigs.cpp" />
    <ClCompile Include="$(ProjectDir)..\include\igl\euler_characteristic.cpp" />
    <ClCompile Include="$(ProjectDir)..\include\igl\exact_geodesic.cpp" />
    <ClCompile Include="$(ProjectDir)..\include\igl\example_fun.cpp" />
    <ClCompile Include="$(ProjectDir)..\include\igl\exploded_view.cpp" />
    <ClCompile Include="$(ProjectDir)..\include\igl\extension.cpp" />
    <ClCompile Include="$(ProjectDir)..\include\igl\exterior_edges.cpp" />
    <ClCompile Include="$(ProjectDir)..\include\igl\extract_manifold_patches.cpp" />
    <ClCompile Include="$(ProjectDir)..\include\igl\extract_non_manifold_edge_curves.cpp" />
    <ClCompile Include="$(ProjectDir)..\include\igl\face_areas.cpp" />
    <ClCompile Include="$(ProjectDir)..\include\igl\face_occurrences.cpp" />
    <ClCompile Include="$(ProjectDir)..\include\igl\faces_first.cpp" />
    <ClCompile Include="$(ProjectDir)..\include\igl\facet_adjacency_matrix.cpp" />
    <ClCompile Include="$(ProjectDir)..\include\igl\facet_components.cpp" />
    <ClCompile Include="$(ProjectDir)..\include\igl\false_barycentric_subdivision.cpp" />
    <ClCompile Include="$(ProjectDir)..\include\igl\fast_winding_number.cpp" />
    <ClCompile Include="$(ProjectDir)..\include\igl\file_contents_as_string.cpp" />
    <ClCompile Include="$(ProjectDir)..\include\igl\file_dialog_open.cpp" />
    <ClCompile Include="$(ProjectDir)..\include\igl\file_dialog_save.cpp" />
    <ClCompile Include="$(ProjectDir)..\include\igl\file_exists.cpp" />
    <ClCompile Include="$(ProjectDir)..\include\igl\file_utils.cpp" />
    <ClCompile Include="$(ProjectDir)..\include\igl\find.cpp" />
    <ClCompile Include="$(ProjectDir)..\include\igl\find_cross_field_singularities.cpp" />
    <ClCompile Include="$(ProjectDir)..\include\igl\find_zero.cpp" />
    <ClCompile Include="$(ProjectDir)..\include\igl\fit_cubic_bezier.cpp" />
    <ClCompile Include="$(ProjectDir)..\include\igl\fit_plane.cpp" />
    <ClCompile Include="$(ProjectDir)..\include\igl\fit_rotations.cpp" />
    <ClCompile Include="$(ProjectDir)..\include\igl\flip_avoiding_line_search.cpp" />
    <ClCompile Include="$(ProjectDir)..\include\igl\flip_edge.cpp" />
    <ClCompile Include="$(ProjectDir)..\include\igl\flipped_triangles.cpp" />
    <ClCompile Include="$(ProjectDir)..\include\igl\flood_fill.cpp" />
    <ClCompile Include="$(ProjectDir)..\include\igl\floor.cpp" />
    <ClCompile Include="$(ProjectDir)..\include\igl\forward_kinematics.cpp" />
    <ClCompile Include="$(ProjectDir)..\include\igl\frame_field_deformer.cpp" />
    <ClCompile Include="$(ProjectDir)..\include\igl\frame_to_cross_field.cpp" />
    <ClCompile Include="$(ProjectDir)..\include\igl\frustum.cpp" />
    <ClCompile Include="$(ProjectDir)..\include\igl\gaussian_curvature.cpp" />
    <ClCompile Include="$(ProjectDir)..\include\igl\get_seconds.cpp" />
    <ClCompile Include="$(ProjectDir)..\include\igl\get_seconds_hires.cpp" />
    <ClCompile Include="$(ProjectDir)..\include\igl\grad.cpp" />
    <ClCompile Include="$(ProjectDir)..\include\igl\grad_intrinsic.cpp" />
    <ClCompile Include="$(ProjectDir)..\include\igl\grid.cpp" />
    <ClCompile Include="$(ProjectDir)..\include\igl\grid_search.cpp" />
    <ClCompile Include="$(ProjectDir)..\include\igl\group_sum_matrix.cpp" />
    <ClCompile Include="$(ProjectDir)..\include\igl\guess_extension.cpp" />
    <ClCompile Include="$(ProjectDir)..\include\igl\harmonic.cpp" />
    <ClCompile Include="$(ProjectDir)..\include\igl\harwell_boeing.cpp" />
    <ClCompile Include="$(ProjectDir)..\include\igl\hausdorff.cpp" />
    <ClCompile Include="$(ProjectDir)..\include\igl\heat_geodesics.cpp" />
    <ClCompile Include="$(ProjectDir)..\include\igl\hessian.cpp" />
    <ClCompile Include="$(ProjectDir)..\include\igl\hessian_energy.cpp" />
    <ClCompile Include="$(ProjectDir)..\include\igl\histc.cpp" />
    <ClCompile Include="$(ProjectDir)..\include\igl\hsv_to_rgb.cpp" />
    <ClCompile Include="$(ProjectDir)..\include\igl\in_element.cpp" />
    <ClCompile Include="$(ProjectDir)..\include\igl\infinite_cost_stopping_condition.cpp" />
    <ClCompile Include="$(ProjectDir)..\include\igl\inradius.cpp" />
    <ClCompile Include="$(ProjectDir)..\include\igl\internal_angles.cpp" />
    <ClCompile Include="$(ProjectDir)..\include\igl\intersect.cpp" />
    <ClCompile Include="$(ProjectDir)..\include\igl\intrinsic_delaunay_cotmatrix.cpp" />
    <ClCompile Include="$(ProjectDir)..\include\igl\intrinsic_delaunay_triangulation.cpp" />
    <ClCompile Include="$(ProjectDir)..\include\igl\invert_diag.cpp" />
    <ClCompile Include="$(ProjectDir)..\include\igl\is_border_vertex.cpp" />
    <ClCompile Include="$(ProjectDir)..\include\igl\is_boundary_edge.cpp" />
    <ClCompile Include="$(ProjectDir)..\include\igl\is_delaunay.cpp" />
    <ClCompile Include="$(ProjectDir)..\include\igl\is_dir.cpp" />
    <ClCompile Include="$(ProjectDir)..\include\igl\is_edge_manifold.cpp" />
    <ClCompile Include="$(ProjectDir)..\include\igl\is_file.cpp" />
    <ClCompile Include="$(ProjectDir)..\include\igl\is_intrinsic_delaunay.cpp" />
    <ClCompile Include="$(ProjectDir)..\include\igl\is_irregular_vertex.cpp" />
    <ClCompile Include="$(ProjectDir)..\include\igl\is_planar.cpp" />
    <ClCompile Include="$(ProjectDir)..\include\igl\is_readable.cpp" />
    <ClCompile Include="$(ProjectDir)..\include\igl\is_sparse.cpp" />
    <ClCompile Include="$(ProjectDir)..\include\igl\is_stl.cpp" />
    <ClCompile Include="$(ProjectDir)..\include\igl\is_symmetric.cpp" />
    <ClCompile Include="$(ProjectDir)..\include\igl\is_vertex_manifold.cpp" />
    <ClCompile Include="$(ProjectDir)..\include\igl\is_writable.cpp" />
    <ClCompile Include="$(ProjectDir)..\include\igl\isdiag.cpp" />
    <ClCompile Include="$(ProjectDir)..\include\igl\ismember.cpp" />
    <ClCompile Include="$(ProjectDir)..\include\igl\isolines.cpp" />
    <ClCompile Include="$(ProjectDir)..\include\igl\isolines_map.cpp" />
    <ClCompile Include="$(ProjectDir)..\include\igl\iterative_closest_point.cpp" />
    <ClCompile Include="$(ProjectDir)..\include\igl\jet.cpp" />
    <ClCompile Include="$(ProjectDir)..\include\igl\kelvinlets.cpp" />
    <ClCompile Include="$(ProjectDir)..\include\igl\kkt_inverse.cpp" />
    <ClCompile Include="$(ProjectDir)..\include\igl\knn.cpp" />
    <ClCompile Include="$(ProjectDir)..\include\igl\launch_medit.cpp" />
    <ClCompile Include="$(ProjectDir)..\include\igl\lbs_matrix.cpp" />
    <ClCompile Include="$(ProjectDir)..\include\igl\lexicographic_triangulation.cpp" />
    <ClCompile Include="$(ProjectDir)..\include\igl\limit_faces.cpp" />
    <ClCompile Include="$(ProjectDir)..\include\igl\line_field_mismatch.cpp" />
    <ClCompile Include="$(ProjectDir)..\include\igl\line_search.cpp" />
    <ClCompile Include="$(ProjectDir)..\include\igl\line_segment_in_rectangle.cpp" />
    <ClCompile Include="$(ProjectDir)..\include\igl\linprog.cpp" />
    <ClCompile Include="$(ProjectDir)..\include\igl\list_to_matrix.cpp" />
    <ClCompile Include="$(ProjectDir)..\include\igl\local_basis.cpp" />
    <ClCompile Include="$(ProjectDir)..\include\igl\look_at.cpp" />
    <ClCompile Include="$(ProjectDir)..\include\igl\loop.cpp" />
    <ClCompile Include="$(ProjectDir)..\include\igl\lscm.cpp" />
    <ClCompile Include="$(ProjectDir)..\include\igl\map_vertices_to_circle.cpp" />
    <ClCompile Include="$(ProjectDir)..\include\igl\mapping_energy_with_jacobians.cpp" />
    <ClCompile Include="$(ProjectDir)..\include\igl\march_cube.cpp" />
    <ClCompile Include="$(ProjectDir)..\include\igl\marching_cubes.cpp" />
    <ClCompile Include="$(ProjectDir)..\include\igl\marching_tets.cpp" />
    <ClCompile Include="$(ProjectDir)..\include\igl\massmatrix.cpp" />
    <ClCompile Include="$(ProjectDir)..\include\igl\massmatrix_intrinsic.cpp" />
    <ClCompile Include="$(ProjectDir)..\include\igl\mat_max.cpp" />
    <ClCompile Include="$(ProjectDir)..\include\igl\mat_min.cpp" />
    <ClCompile Include="$(ProjectDir)..\include\igl\mat_to_quat.cpp" />
    <ClCompile Include="$(ProjectDir)..\include\igl\matlab_format.cpp" />
    <ClCompile Include="$(ProjectDir)..\include\igl\matrix_to_list.cpp" />
    <ClCompile Include="$(ProjectDir)..\include\igl\max.cpp" />
    <ClCompile Include="$(ProjectDir)..\include\igl\max_faces_stopping_condition.cpp" />
    <ClCompile Include="$(ProjectDir)..\include\igl\max_size.cpp" />
    <ClCompile Include="$(ProjectDir)..\include\igl\median.cpp" />
    <ClCompile Include="$(ProjectDir)..\include\igl\min.cpp" />
    <ClCompile Include="$(ProjectDir)..\include\igl\min_quad_with_fixed.1.cpp" />
    <ClCompile Include="$(ProjectDir)..\include\igl\min_quad_with_fixed.2.cpp" />
    <ClCompile Include="$(ProjectDir)..\include\igl\min_quad_with_fixed_precompute.cpp" />
    <ClCompile Include="$(ProjectDir)..\include\igl\min_quad_with_fixed_solve.cpp" />
    <ClCompile Include="$(ProjectDir)..\include\igl\min_size.cpp" />
    <ClCompile Include="$(ProjectDir)..\include\igl\mod.cpp" />
    <ClCompile Include="$(ProjectDir)..\include\igl\mode.cpp" />
    <ClCompile Include="$(ProjectDir)..\include\igl\mvc.cpp" />
    <ClCompile Include="$(ProjectDir)..\include\igl\nchoosek.cpp" />
    <ClCompile Include="$(ProjectDir)..\include\igl\next_filename.cpp" />
    <ClCompile Include="$(ProjectDir)..\include\igl\normal_derivative.cpp" />
    <ClCompile Include="$(ProjectDir)..\include\igl\normalize_quat.cpp" />
    <ClCompile Include="$(ProjectDir)..\include\igl\normalize_row_lengths.cpp" />
    <ClCompile Include="$(ProjectDir)..\include\igl\normalize_row_sums.cpp" />
    <ClCompile Include="$(ProjectDir)..\include\igl\null.cpp" />
    <ClCompile Include="$(ProjectDir)..\include\igl\octree.cpp" />
    <ClCompile Include="$(ProjectDir)..\include\igl\offset_surface.cpp" />
    <ClCompile Include="$(ProjectDir)..\include\igl\on_boundary.cpp" />
    <ClCompile Include="$(ProjectDir)..\include\igl\orient_halfedges.cpp" />
    <ClCompile Include="$(ProjectDir)..\include\igl\orient_outward.cpp" />
    <ClCompile Include="$(ProjectDir)..\include\igl\orientable_patches.cpp" />
    <ClCompile Include="$(ProjectDir)..\include\igl\oriented_facets.cpp" />
    <ClCompile Include="$(ProjectDir)..\include\igl\orth.cpp" />
    <ClCompile Include="$(ProjectDir)..\include\igl\ortho.cpp" />
    <ClCompile Include="$(ProjectDir)..\include\igl\outer_element.cpp" />
    <ClCompile Include="$(ProjectDir)..\include\igl\parallel_transport_angles.cpp" />
    <ClCompile Include="$(ProjectDir)..\include\igl\partition.cpp" />
    <ClCompile Include="$(ProjectDir)..\include\igl\parula.cpp" />
    <ClCompile Include="$(ProjectDir)..\include\igl\path_to_edges.cpp" />
    <ClCompile Include="$(ProjectDir)..\include\igl\path_to_executable.cpp" />
    <ClCompile Include="$(ProjectDir)..\include\igl\pathinfo.cpp" />
    <ClCompile Include="$(ProjectDir)..\include\igl\per_corner_normals.cpp" />
    <ClCompile Include="$(ProjectDir)..\include\igl\per_edge_normals.cpp" />
    <ClCompile Include="$(ProjectDir)..\include\igl\per_face_normals.cpp" />
    <ClCompile Include="$(ProjectDir)..\include\igl\per_vertex_attribute_smoothing.cpp" />
    <ClCompile Include="$(ProjectDir)..\include\igl\per_vertex_normals.cpp" />
    <ClCompile Include="$(ProjectDir)..\include\igl\per_vertex_point_to_plane_quadrics.cpp" />
    <ClCompile Include="$(ProjectDir)..\include\igl\piecewise_constant_winding_number.cpp" />
    <ClCompile Include="$(ProjectDir)..\include\igl\pinv.cpp" />
    <ClCompile Include="$(ProjectDir)..\include\igl\planarize_quad_mesh.cpp" />
    <ClCompile Include="$(ProjectDir)..\include\igl\point_in_circle.cpp" />
    <ClCompile Include="$(ProjectDir)..\include\igl\point_mesh_squared_distance.cpp" />
    <ClCompile Include="$(ProjectDir)..\include\igl\point_simplex_squared_distance.cpp" />
    <ClCompile Include="$(ProjectDir)..\include\igl\polar_dec.cpp" />
    <ClCompile Include="$(ProjectDir)..\include\igl\polar_svd.cpp" />
    <ClCompile Include="$(ProjectDir)..\include\igl\polar_svd3x3.cpp" />
    <ClCompile Include="$(ProjectDir)..\include\igl\polygon_corners.cpp" />
    <ClCompile Include="$(ProjectDir)..\include\igl\polygons_to_triangles.cpp" />
    <ClCompile Include="$(ProjectDir)..\include\igl\principal_curvature.cpp" />
    <ClCompile Include="$(ProjectDir)..\include\igl\print_ijv.cpp" />
    <ClCompile Include="$(ProjectDir)..\include\igl\print_vector.cpp" />
    <ClCompile Include="$(ProjectDir)..\include\igl\procrustes.cpp" />
    <ClCompile Include="$(ProjectDir)..\include\igl\project.cpp" />
    <ClCompile Include="$(ProjectDir)..\include\igl\project_isometrically_to_plane.cpp" />
    <ClCompile Include="$(ProjectDir)..\include\igl\project_to_line.cpp" />
    <ClCompile Include="$(ProjectDir)..\include\igl\project_to_line_segment.cpp" />
    <ClCompile Include="$(ProjectDir)..\include\igl\projection_constraint.cpp" />
    <ClCompile Include="$(ProjectDir)..\include\igl\pseudonormal_test.cpp" />
    <ClCompile Include="$(ProjectDir)..\include\igl\pso.cpp" />
    <ClCompile Include="$(ProjectDir)..\include\igl\qslim.cpp" />
    <ClCompile Include="$(ProjectDir)..\include\igl\qslim_optimal_collapse_edge_callbacks.cpp" />
    <ClCompile Include="$(ProjectDir)..\include\igl\quad_grid.cpp" />
    <ClCompile Include="$(ProjectDir)..\include\igl\quad_planarity.cpp" />
    <ClCompile Include="$(ProjectDir)..\include\igl\quadprog.cpp" />
    <ClCompile Include="$(ProjectDir)..\include\igl\quadric_binary_plus_operator.cpp" />
    <ClCompile Include="$(ProjectDir)..\include\igl\quat_conjugate.cpp" />
    <ClCompile Include="$(ProjectDir)..\include\igl\quat_mult.cpp" />
    <ClCompile Include="$(ProjectDir)..\include\igl\quat_to_axis_angle.cpp" />
    <ClCompile Include="$(ProjectDir)..\include\igl\quat_to_mat.cpp" />
    <ClCompile Include="$(ProjectDir)..\include\igl\quats_to_column.cpp" />
    <ClCompile Include="$(ProjectDir)..\include\igl\ramer_douglas_peucker.cpp" />
    <ClCompile Include="$(ProjectDir)..\include\igl\random_dir.cpp" />
    <ClCompile Include="$(ProjectDir)..\include\igl\random_points_on_mesh.cpp" />
    <ClCompile Include="$(ProjectDir)..\include\igl\random_quaternion.cpp" />
    <ClCompile Include="$(ProjectDir)..\include\igl\random_search.cpp" />
    <ClCompile Include="$(ProjectDir)..\include\igl\randperm.cpp" />
    <ClCompile Include="$(ProjectDir)..\include\igl\ray_box_intersect.cpp" />
    <ClCompile Include="$(ProjectDir)..\include\igl\ray_mesh_intersect.cpp" />
    <ClCompile Include="$(ProjectDir)..\include\igl\ray_sphere_intersect.cpp" />
    <ClCompile Include="$(ProjectDir)..\include\igl\readBF.cpp" />
    <ClCompile Include="$(ProjectDir)..\include\igl\readCSV.cpp" />
    <ClCompile Include="$(ProjectDir)..\include\igl\readDMAT.cpp" />
    <ClCompile Include="$(ProjectDir)..\include\igl\readMESH.cpp" />
    <ClCompile Include="$(ProjectDir)..\include\igl\readMSH.cpp" />
    <ClCompile Include="$(ProjectDir)..\include\igl\readNODE.cpp" />
    <ClCompile Include="$(ProjectDir)..\include\igl\readOBJ.cpp" />
    <ClCompile Include="$(ProjectDir)..\include\igl\readOFF.cpp" />
    <ClCompile Include="$(ProjectDir)..\include\igl\readPLY.cpp" />
    <ClCompile Include="$(ProjectDir)..\include\igl\readSTL.cpp" />
    <ClCompile Include="$(ProjectDir)..\include\igl\readTGF.cpp" />
    <ClCompile Include="$(ProjectDir)..\include\igl\readWRL.cpp" />
    <ClCompile Include="$(ProjectDir)..\include\igl\read_triangle_mesh.cpp" />
    <ClCompile Include="$(ProjectDir)..\include\igl\remesh_along_isoline.cpp" />
    <ClCompile Include="$(ProjectDir)..\include\igl\remove_duplicate_vertices.cpp" />
    <ClCompile Include="$(ProjectDir)..\include\igl\remove_unreferenced.cpp" />
    <ClCompile Include="$(ProjectDir)..\include\igl\reorder.cpp" />
    <ClCompile Include="$(ProjectDir)..\include\igl\repdiag.cpp" />
    <ClCompile Include="$(ProjectDir)..\include\igl\repmat.cpp" />
    <ClCompile Include="$(ProjectDir)..\include\igl\resolve_duplicated_faces.cpp" />
    <ClCompile Include="$(ProjectDir)..\include\igl\rgb_to_hsv.cpp" />
    <ClCompile Include="$(ProjectDir)..\include\igl\rigid_alignment.cpp" />
    <ClCompile Include="$(ProjectDir)..\include\igl\rotate_by_quat.cpp" />
    <ClCompile Include="$(ProjectDir)..\include\igl\rotate_vectors.cpp" />
    <ClCompile Include="$(ProjectDir)..\include\igl\rotation_matrix_from_directions.cpp" />
    <ClCompile Include="$(ProjectDir)..\include\igl\round.cpp" />
    <ClCompile Include="$(ProjectDir)..\include\igl\rows_to_matrix.cpp" />
    <ClCompile Include="$(ProjectDir)..\include\igl\sample_edges.cpp" />
    <ClCompile Include="$(ProjectDir)..\include\igl\scalar_to_cr_vector_gradient.cpp" />
    <ClCompile Include="$(ProjectDir)..\include\igl\screen_space_selection.cpp" />
    <ClCompile Include="$(ProjectDir)..\include\igl\seam_edges.cpp" />
    <ClCompile Include="$(ProjectDir)..\include\igl\segment_segment_intersect.cpp" />
    <ClCompile Include="$(ProjectDir)..\include\igl\setdiff.cpp" />
    <ClCompile Include="$(ProjectDir)..\include\igl\setunion.cpp" />
    <ClCompile Include="$(ProjectDir)..\include\igl\setxor.cpp" />
    <ClCompile Include="$(ProjectDir)..\include\igl\shape_diameter_function.cpp" />
    <ClCompile Include="$(ProjectDir)..\include\igl\shapeup.cpp" />
    <ClCompile Include="$(ProjectDir)..\include\igl\sharp_edges.cpp" />
    <ClCompile Include="$(ProjectDir)..\include\igl\shortest_edge_and_midpoint.cpp" />
    <ClCompile Include="$(ProjectDir)..\include\igl\signed_angle.cpp" />
    <ClCompile Include="$(ProjectDir)..\include\igl\signed_distance.cpp" />
    <ClCompile Include="$(ProjectDir)..\include\igl\simplify_polyhedron.cpp" />
    <ClCompile Include="$(ProjectDir)..\include\igl\slice.cpp" />
    <ClCompile Include="$(ProjectDir)..\include\igl\slice_cached.cpp" />
    <ClCompile Include="$(ProjectDir)..\include\igl\slice_into.cpp" />
    <ClCompile Include="$(ProjectDir)..\include\igl\slice_mask.cpp" />
    <ClCompile Include="$(ProjectDir)..\include\igl\slice_sorted.cpp" />
    <ClCompile Include="$(ProjectDir)..\include\igl\slim.cpp" />
    <ClCompile Include="$(ProjectDir)..\include\igl\smooth_corner_adjacency.cpp" />
    <ClCompile Include="$(ProjectDir)..\include\igl\snap_points.cpp" />
    <ClCompile Include="$(ProjectDir)..\include\igl\snap_to_canonical_view_quat.cpp" />
    <ClCompile Include="$(ProjectDir)..\include\igl\snap_to_fixed_up.cpp" />
    <ClCompile Include="$(ProjectDir)..\include\igl\solid_angle.cpp" />
    <ClCompile Include="$(ProjectDir)..\include\igl\sort.cpp" />
    <ClCompile Include="$(ProjectDir)..\include\igl\sort_angles.cpp" />
    <ClCompile Include="$(ProjectDir)..\include\igl\sort_triangles.cpp" />
    <ClCompile Include="$(ProjectDir)..\include\igl\sort_vectors_ccw.cpp" />
    <ClCompile Include="$(ProjectDir)..\include\igl\sortrows.cpp" />
    <ClCompile Include="$(ProjectDir)..\include\igl\sparse.cpp" />
    <ClCompile Include="$(ProjectDir)..\include\igl\sparse_cached.cpp" />
    <ClCompile Include="$(ProjectDir)..\include\igl\sparse_voxel_grid.cpp" />
    <ClCompile Include="$(ProjectDir)..\include\igl\speye.cpp" />
    <ClCompile Include="$(ProjectDir)..\include\igl\squared_edge_lengths.cpp" />
    <ClCompile Include="$(ProjectDir)..\include\igl\stdin_to_temp.cpp" />
    <ClCompile Include="$(ProjectDir)..\include\igl\straighten_seams.cpp" />
    <ClCompile Include="$(ProjectDir)..\include\igl\string_utils.cpp" />
    <ClCompile Include="$(ProjectDir)..\include\igl\sum.cpp" />
    <ClCompile Include="$(ProjectDir)..\include\igl\svd3x3.cpp" />
    <ClCompile Include="$(ProjectDir)..\include\igl\svd3x3_avx.cpp" />
    <ClCompile Include="$(ProjectDir)..\include\igl\svd3x3_sse.cpp" />
    <ClCompile Include="$(ProjectDir)..\include\igl\swept_volume.cpp" />
    <ClCompile Include="$(ProjectDir)..\include\igl\swept_volume_bounding_box.cpp" />
    <ClCompile Include="$(ProjectDir)..\include\igl\swept_volume_signed_distance.cpp" />
    <ClCompile Include="$(ProjectDir)..\include\igl\tan_half_angle.cpp" />
    <ClCompile Include="$(ProjectDir)..\include\igl\tet_tet_adjacency.cpp" />
    <ClCompile Include="$(ProjectDir)..\include\igl\tetrahedralized_grid.cpp" />
    <ClCompile Include="$(ProjectDir)..\include\igl\tinyply.cpp" />
    <ClCompile Include="$(ProjectDir)..\include\igl\topological_hole_fill.cpp" />
    <ClCompile Include="$(ProjectDir)..\include\igl\trackball.cpp" />
    <ClCompile Include="$(ProjectDir)..\include\igl\transpose_blocks.cpp" />
    <ClCompile Include="$(ProjectDir)..\include\igl\triangle_fan.cpp" />
    <ClCompile Include="$(ProjectDir)..\include\igl\triangle_triangle_adjacency.cpp" />
    <ClCompile Include="$(ProjectDir)..\include\igl\triangles_from_strip.cpp" />
    <ClCompile Include="$(ProjectDir)..\include\igl\triangulated_grid.cpp" />
    <ClCompile Include="$(ProjectDir)..\include\igl\two_axis_valuator_fixed_up.cpp" />
    <ClCompile Include="$(ProjectDir)..\include\igl\uniformly_sample_two_manifold.cpp" />
    <ClCompile Include="$(ProjectDir)..\include\igl\unique.cpp" />
    <ClCompile Include="$(ProjectDir)..\include\igl\unique_edge_map.cpp" />
    <ClCompile Include="$(ProjectDir)..\include\igl\unique_rows.cpp" />
    <ClCompile Include="$(ProjectDir)..\include\igl\unique_simplices.cpp" />
    <ClCompile Include="$(ProjectDir)..\include\igl\unproject.cpp" />
    <ClCompile Include="$(ProjectDir)..\include\igl\unproject_in_mesh.cpp" />
    <ClCompile Include="$(ProjectDir)..\include\igl\unproject_on_line.cpp" />
    <ClCompile Include="$(ProjectDir)..\include\igl\unproject_on_plane.cpp" />
    <ClCompile Include="$(ProjectDir)..\include\igl\unproject_onto_mesh.cpp" />
    <ClCompile Include="$(ProjectDir)..\include\igl\unproject_ray.cpp" />
    <ClCompile Include="$(ProjectDir)..\include\igl\unzip_corners.cpp" />
    <ClCompile Include="$(ProjectDir)..\include\igl\upsample.cpp" />
    <ClCompile Include="$(ProjectDir)..\include\igl\vector_area_matrix.cpp" />
    <ClCompile Include="$(ProjectDir)..\include\igl\vertex_components.cpp" />
    <ClCompile Include="$(ProjectDir)..\include\igl\vertex_triangle_adjacency.cpp" />
    <ClCompile Include="$(ProjectDir)..\include\igl\volume.cpp" />
    <ClCompile Include="$(ProjectDir)..\include\igl\voxel_grid.cpp" />
    <ClCompile Include="$(ProjectDir)..\include\igl\winding_number.cpp" />
    <ClCompile Include="$(ProjectDir)..\include\igl\writeBF.cpp" />
    <ClCompile Include="$(ProjectDir)..\include\igl\writeDMAT.cpp" />
    <ClCompile Include="$(ProjectDir)..\include\igl\writeMESH.cpp" />
    <ClCompile Include="$(ProjectDir)..\include\igl\writeMSH.cpp" />
    <ClCompile Include="$(ProjectDir)..\include\igl\writeOBJ.cpp" />
    <ClCompile Include="$(ProjectDir)..\include\igl\writeOFF.cpp" />
    <ClCompile Include="$(ProjectDir)..\include\igl\writePLY.cpp" />
    <ClCompile Include="$(ProjectDir)..\include\igl\writeSTL.cpp" />
    <ClCompile Include="$(ProjectDir)..\include\igl\writeTGF.cpp" />
    <ClCompile Include="$(ProjectDir)..\include\igl\writeWRL.cpp" />
    <ClCompile Include="$(ProjectDir)..\include\igl\write_triangle_mesh.cpp" />
  </ItemGroup>
  <ItemGroup>
    <ClInclude Include="$(ProjectDir)..\include\igl\AABB.h" />
    <ClInclude Include="$(ProjectDir)..\include\igl\ARAPEnergyType.h" />
    <ClInclude Include="$(ProjectDir)..\include\igl\AtA_cached.h" />
    <ClInclude Include="$(ProjectDir)..\include\igl\C_STR.h" />
    <ClInclude Include="$(ProjectDir)..\include\igl\Camera.h" />
    <ClInclude Include="$(ProjectDir)..\include\igl\EPS.h" />
    <ClInclude Include="$(ProjectDir)..\include\igl\FastWindingNumberForSoups.h" />
    <ClInclude Include="$(ProjectDir)..\include\igl\FileEncoding.h" />
    <ClInclude Include="$(ProjectDir)..\include\igl\HalfEdgeIterator.h" />
    <ClInclude Include="$(ProjectDir)..\include\igl\Hit.h" />
    <ClInclude Include="$(ProjectDir)..\include\igl\IndexComparison.h" />
    <ClInclude Include="$(ProjectDir)..\include\igl\LinSpaced.h" />
    <ClInclude Include="$(ProjectDir)..\include\igl\MappingEnergyType.h" />
    <ClInclude Include="$(ProjectDir)..\include\igl\MeshBooleanType.h" />
    <ClInclude Include="$(ProjectDir)..\include\igl\MshLoader.h" />
    <ClInclude Include="$(ProjectDir)..\include\igl\MshSaver.h" />
    <ClInclude Include="$(ProjectDir)..\include\igl\NormalType.h" />
    <ClInclude Include="$(ProjectDir)..\include\igl\ONE.h" />
    <ClInclude Include="$(ProjectDir)..\include\igl\PI.h" />
    <ClInclude Include="$(ProjectDir)..\include\igl\REDRUM.h" />
    <ClInclude Include="$(ProjectDir)..\include\igl\STR.h" />
    <ClInclude Include="$(ProjectDir)..\include\igl\Singular_Value_Decomposition_Givens_QR_Factorization_Kernel.hpp" />
    <ClInclude Include="$(ProjectDir)..\include\igl\Singular_Value_Decomposition_Jacobi_Conjugation_Kernel.hpp" />
    <ClInclude Include="$(ProjectDir)..\include\igl\Singular_Value_Decomposition_Kernel_Declarations.hpp" />
    <ClInclude Include="$(ProjectDir)..\include\igl\Singular_Value_Decomposition_Main_Kernel_Body.hpp" />
    <ClInclude Include="$(ProjectDir)..\include\igl\Singular_Value_Decomposition_Preamble.hpp" />
    <ClInclude Include="$(ProjectDir)..\include\igl\SolverStatus.h" />
    <ClInclude Include="$(ProjectDir)..\include\igl\SortableRow.h" />
    <ClInclude Include="$(ProjectDir)..\include\igl\Timer.h" />
    <ClInclude Include="$(ProjectDir)..\include\igl\Viewport.h" />
    <ClInclude Include="$(ProjectDir)..\include\igl\WindingNumberAABB.h" />
    <ClInclude Include="$(ProjectDir)..\include\igl\WindingNumberMethod.h" />
    <ClInclude Include="$(ProjectDir)..\include\igl\WindingNumberTree.h" />
    <ClInclude Include="$(ProjectDir)..\include\igl\ZERO.h" />
    <ClInclude Include="$(ProjectDir)..\include\igl\accumarray.h" />
    <ClInclude Include="$(ProjectDir)..\include\igl\active_set.h" />
    <ClInclude Include="$(ProjectDir)..\include\igl\adjacency_list.h" />
    <ClInclude Include="$(ProjectDir)..\include\igl\adjacency_matrix.h" />
    <ClInclude Include="$(ProjectDir)..\include\igl\all.h" />
    <ClInclude Include="$(ProjectDir)..\include\igl\all_pairs_distances.h" />
    <ClInclude Include="$(ProjectDir)..\include\igl\ambient_occlusion.h" />
    <ClInclude Include="$(ProjectDir)..\include\igl\angular_distance.h" />
    <ClInclude Include="$(ProjectDir)..\include\igl\any.h" />
    <ClInclude Include="$(ProjectDir)..\include\igl\any_of.h" />
    <ClInclude Include="$(ProjectDir)..\include\igl\arap.h" />
    <ClInclude Include="$(ProjectDir)..\include\igl\arap_dof.h" />
    <ClInclude Include="$(ProjectDir)..\include\igl\arap_linear_block.h" />
    <ClInclude Include="$(ProjectDir)..\include\igl\arap_rhs.h" />
    <ClInclude Include="$(ProjectDir)..\include\igl\average_from_edges_onto_vertices.h" />
    <ClInclude Include="$(ProjectDir)..\include\igl\average_onto_faces.h" />
    <ClInclude Include="$(ProjectDir)..\include\igl\average_onto_vertices.h" />
    <ClInclude Include="$(ProjectDir)..\include\igl\avg_edge_length.h" />
    <ClInclude Include="$(ProjectDir)..\include\igl\axis_angle_to_quat.h" />
    <ClInclude Include="$(ProjectDir)..\include\igl\barycenter.h" />
    <ClInclude Include="$(ProjectDir)..\include\igl\barycentric_coordinates.h" />
    <ClInclude Include="$(ProjectDir)..\include\igl\barycentric_interpolation.h" />
    <ClInclude Include="$(ProjectDir)..\include\igl\basename.h" />
    <ClInclude Include="$(ProjectDir)..\include\igl\bbw.h" />
    <ClInclude Include="$(ProjectDir)..\include\igl\bezier.h" />
    <ClInclude Include="$(ProjectDir)..\include\igl\bfs.h" />
    <ClInclude Include="$(ProjectDir)..\include\igl\bfs_orient.h" />
    <ClInclude Include="$(ProjectDir)..\include\igl\biharmonic_coordinates.h" />
    <ClInclude Include="$(ProjectDir)..\include\igl\bijective_composite_harmonic_mapping.h" />
    <ClInclude Include="$(ProjectDir)..\include\igl\blkdiag.h" />
    <ClInclude Include="$(ProjectDir)..\include\igl\blue_noise.h" />
    <ClInclude Include="$(ProjectDir)..\include\igl\bone_parents.h" />
    <ClInclude Include="$(ProjectDir)..\include\igl\boundary_conditions.h" />
    <ClInclude Include="$(ProjectDir)..\include\igl\boundary_facets.h" />
    <ClInclude Include="$(ProjectDir)..\include\igl\boundary_loop.h" />
    <ClInclude Include="$(ProjectDir)..\include\igl\bounding_box.h" />
    <ClInclude Include="$(ProjectDir)..\include\igl\bounding_box_diagonal.h" />
    <ClInclude Include="$(ProjectDir)..\include\igl\canonical_quaternions.h" />
    <ClInclude Include="$(ProjectDir)..\include\igl\cat.h" />
    <ClInclude Include="$(ProjectDir)..\include\igl\ceil.h" />
    <ClInclude Include="$(ProjectDir)..\include\igl\centroid.h" />
    <ClInclude Include="$(ProjectDir)..\include\igl\circulation.h" />
    <ClInclude Include="$(ProjectDir)..\include\igl\circumradius.h" />
    <ClInclude Include="$(ProjectDir)..\include\igl\collapse_edge.h" />
    <ClInclude Include="$(ProjectDir)..\include\igl\collapse_small_triangles.h" />
    <ClInclude Include="$(ProjectDir)..\include\igl\colon.h" />
    <ClInclude Include="$(ProjectDir)..\include\igl\colormap.h" />
    <ClInclude Include="$(ProjectDir)..\include\igl\column_to_quats.h" />
    <ClInclude Include="$(ProjectDir)..\include\igl\columnize.h" />
    <ClInclude Include="$(ProjectDir)..\include\igl\comb_cross_field.h" />
    <ClInclude Include="$(ProjectDir)..\include\igl\comb_frame_field.h" />
    <ClInclude Include="$(ProjectDir)..\include\igl\comb_line_field.h" />
    <ClInclude Include="$(ProjectDir)..\include\igl\combine.h" />
    <ClInclude Include="$(ProjectDir)..\include\igl\compute_frame_field_bisectors.h" />
    <ClInclude Include="$(ProjectDir)..\include\igl\connect_boundary_to_infinity.h" />
    <ClInclude Include="$(ProjectDir)..\include\igl\connected_components.h" />
    <ClInclude Include="$(ProjectDir)..\include\igl\copyleft\marching_cubes.h" />
    <ClInclude Include="$(ProjectDir)..\include\igl\copyleft\marching_cubes_tables.h" />
    <ClInclude Include="$(ProjectDir)..\include\igl\copyleft\progressive_hulls.h" />
    <ClInclude Include="$(ProjectDir)..\include\igl\copyleft\progressive_hulls_cost_and_placement.h" />
    <ClInclude Include="$(ProjectDir)..\include\igl\copyleft\quadprog.h" />
    <ClInclude Include="$(ProjectDir)..\include\igl\cotmatrix.h" />
    <ClInclude Include="$(ProjectDir)..\include\igl\cotmatrix_entries.h" />
    <ClInclude Include="$(ProjectDir)..\include\igl\cotmatrix_intrinsic.h" />
    <ClInclude Include="$(ProjectDir)..\include\igl\count.h" />
    <ClInclude Include="$(ProjectDir)..\include\igl\covariance_scatter_matrix.h" />
    <ClInclude Include="$(ProjectDir)..\include\igl\cr_vector_curvature_correction.h" />
    <ClInclude Include="$(ProjectDir)..\include\igl\cr_vector_laplacian.h" />
    <ClInclude Include="$(ProjectDir)..\include\igl\cr_vector_mass.h" />
    <ClInclude Include="$(ProjectDir)..\include\igl\cross.h" />
    <ClInclude Include="$(ProjectDir)..\include\igl\cross_field_mismatch.h" />
    <ClInclude Include="$(ProjectDir)..\include\igl\crouzeix_raviart_cotmatrix.h" />
    <ClInclude Include="$(ProjectDir)..\include\igl\crouzeix_raviart_massmatrix.h" />
    <ClInclude Include="$(ProjectDir)..\include\igl\cumprod.h" />
    <ClInclude Include="$(ProjectDir)..\include\igl\cumsum.h" />
    <ClInclude Include="$(ProjectDir)..\include\igl\curved_hessian_energy.h" />
    <ClInclude Include="$(ProjectDir)..\include\igl\cut_mesh.h" />
    <ClInclude Include="$(ProjectDir)..\include\igl\cut_mesh_from_singularities.h" />
    <ClInclude Include="$(ProjectDir)..\include\igl\cut_to_disk.h" />
    <ClInclude Include="$(ProjectDir)..\include\igl\cylinder.h" />
    <ClInclude Include="$(ProjectDir)..\include\igl\dated_copy.h" />
    <ClInclude Include="$(ProjectDir)..\include\igl\decimate.h" />
    <ClInclude Include="$(ProjectDir)..\include\igl\decimate_callback_types.h" />
    <ClInclude Include="$(ProjectDir)..\include\igl\decimate_trivial_callbacks.h" />
    <ClInclude Include="$(ProjectDir)..\include\igl\default_num_threads.h" />
    <ClInclude Include="$(ProjectDir)..\include\igl\deform_skeleton.h" />
    <ClInclude Include="$(ProjectDir)..\include\igl\delaunay_triangulation.h" />
    <ClInclude Include="$(ProjectDir)..\include\igl\deprecated.h" />
    <ClInclude Include="$(ProjectDir)..\include\igl\dfs.h" />
    <ClInclude Include="$(ProjectDir)..\include\igl\diag.h" />
    <ClInclude Include="$(ProjectDir)..\include\igl\dihedral_angles.h" />
    <ClInclude Include="$(ProjectDir)..\include\igl\dijkstra.h" />
    <ClInclude Include="$(ProjectDir)..\include\igl\direct_delta_mush.h" />
    <ClInclude Include="$(ProjectDir)..\include\igl\directed_edge_orientations.h" />
    <ClInclude Include="$(ProjectDir)..\include\igl\directed_edge_parents.h" />
    <ClInclude Include="$(ProjectDir)..\include\igl\dirname.h" />
    <ClInclude Include="$(ProjectDir)..\include\igl\dot.h" />
    <ClInclude Include="$(ProjectDir)..\include\igl\dot_row.h" />
    <ClInclude Include="$(ProjectDir)..\include\igl\doublearea.h" />
    <ClInclude Include="$(ProjectDir)..\include\igl\dqs.h" />
    <ClInclude Include="$(ProjectDir)..\include\igl\dual_contouring.h" />
    <ClInclude Include="$(ProjectDir)..\include\igl\ears.h" />
    <ClInclude Include="$(ProjectDir)..\include\igl\edge_collapse_is_valid.h" />
    <ClInclude Include="$(ProjectDir)..\include\igl\edge_exists_near.h" />
    <ClInclude Include="$(ProjectDir)..\include\igl\edge_flaps.h" />
    <ClInclude Include="$(ProjectDir)..\include\igl\edge_lengths.h" />
    <ClInclude Include="$(ProjectDir)..\include\igl\edge_midpoints.h" />
    <ClInclude Include="$(ProjectDir)..\include\igl\edge_topology.h" />
    <ClInclude Include="$(ProjectDir)..\include\igl\edge_vectors.h" />
    <ClInclude Include="$(ProjectDir)..\include\igl\edges.h" />
    <ClInclude Include="$(ProjectDir)..\include\igl\edges_to_path.h" />
    <ClInclude Include="$(ProjectDir)..\include\igl\eigs.h" />
    <ClInclude Include="$(ProjectDir)..\include\igl\euler_characteristic.h" />
    <ClInclude Include="$(ProjectDir)..\include\igl\exact_geodesic.h" />
    <ClInclude Include="$(ProjectDir)..\include\igl\example_fun.h" />
    <ClInclude Include="$(ProjectDir)..\include\igl\exploded_view.h" />
    <ClInclude Include="$(ProjectDir)..\include\igl\extension.h" />
    <ClInclude Include="$(ProjectDir)..\include\igl\exterior_edges.h" />
    <ClInclude Include="$(ProjectDir)..\include\igl\extract_manifold_patches.h" />
    <ClInclude Include="$(ProjectDir)..\include\igl\extract_non_manifold_edge_curves.h" />
    <ClInclude Include="$(ProjectDir)..\include\igl\face_areas.h" />
    <ClInclude Include="$(ProjectDir)..\include\igl\face_occurrences.h" />
    <ClInclude Include="$(ProjectDir)..\include\igl\faces_first.h" />
    <ClInclude Include="$(ProjectDir)..\include\igl\facet_adjacency_matrix.h" />
    <ClInclude Include="$(ProjectDir)..\include\igl\facet_components.h" />
    <ClInclude Include="$(ProjectDir)..\include\igl\false_barycentric_subdivision.h" />
    <ClInclude Include="$(ProjectDir)..\include\igl\fast_winding_number.h" />
    <ClInclude Include="$(ProjectDir)..\include\igl\file_contents_as_string.h" />
    <ClInclude Include="$(ProjectDir)..\include\igl\file_dialog_open.h" />
    <ClInclude Include="$(ProjectDir)..\include\igl\file_dialog_save.h" />
    <ClInclude Include="$(ProjectDir)..\include\igl\file_exists.h" />
    <ClInclude Include="$(ProjectDir)..\include\igl\file_utils.h" />
    <ClInclude Include="$(ProjectDir)..\include\igl\find.h" />
    <ClInclude Include="$(ProjectDir)..\include\igl\find_cross_field_singularities.h" />
    <ClInclude Include="$(ProjectDir)..\include\igl\find_zero.h" />
    <ClInclude Include="$(ProjectDir)..\include\igl\fit_cubic_bezier.h" />
    <ClInclude Include="$(ProjectDir)..\include\igl\fit_plane.h" />
    <ClInclude Include="$(ProjectDir)..\include\igl\fit_rotations.h" />
    <ClInclude Include="$(ProjectDir)..\include\igl\flip_avoiding_line_search.h" />
    <ClInclude Include="$(ProjectDir)..\include\igl\flip_edge.h" />
    <ClInclude Include="$(ProjectDir)..\include\igl\flipped_triangles.h" />
    <ClInclude Include="$(ProjectDir)..\include\igl\flood_fill.h" />
    <ClInclude Include="$(ProjectDir)..\include\igl\floor.h" />
    <ClInclude Include="$(ProjectDir)..\include\igl\for_each.h" />
    <ClInclude Include="$(ProjectDir)..\include\igl\forward_kinematics.h" />
    <ClInclude Include="$(ProjectDir)..\include\igl\frame_field_deformer.h" />
    <ClInclude Include="$(ProjectDir)..\include\igl\frame_to_cross_field.h" />
    <ClInclude Include="$(ProjectDir)..\include\igl\frustum.h" />
    <ClInclude Include="$(ProjectDir)..\include\igl\gaussian_curvature.h" />
    <ClInclude Include="$(ProjectDir)..\include\igl\get_seconds.h" />
    <ClInclude Include="$(ProjectDir)..\include\igl\get_seconds_hires.h" />
    <ClInclude Include="$(ProjectDir)..\include\igl\grad.h" />
    <ClInclude Include="$(ProjectDir)..\include\igl\grad_intrinsic.h" />
    <ClInclude Include="$(ProjectDir)..\include\igl\grid.h" />
    <ClInclude Include="$(ProjectDir)..\include\igl\grid_search.h" />
    <ClInclude Include="$(ProjectDir)..\include\igl\group_sum_matrix.h" />
    <ClInclude Include="$(ProjectDir)..\include\igl\guess_extension.h" />
    <ClInclude Include="$(ProjectDir)..\include\igl\harmonic.h" />
    <ClInclude Include="$(ProjectDir)..\include\igl\harwell_boeing.h" />
    <ClInclude Include="$(ProjectDir)..\include\igl\hausdorff.h" />
    <ClInclude Include="$(ProjectDir)..\include\igl\heat_geodesics.h" />
    <ClInclude Include="$(ProjectDir)..\include\igl\hessian.h" />
    <ClInclude Include="$(ProjectDir)..\include\igl\hessian_energy.h" />
    <ClInclude Include="$(ProjectDir)..\include\igl\histc.h" />
    <ClInclude Include="$(ProjectDir)..\include\igl\hsv_to_rgb.h" />
    <ClInclude Include="$(ProjectDir)..\include\igl\igl_inline.h" />
    <ClInclude Include="$(ProjectDir)..\include\igl\in_element.h" />
    <ClInclude Include="$(ProjectDir)..\include\igl\infinite_cost_stopping_condition.h" />
    <ClInclude Include="$(ProjectDir)..\include\igl\inradius.h" />
    <ClInclude Include="$(ProjectDir)..\include\igl\internal_angles.h" />
    <ClInclude Include="$(ProjectDir)..\include\igl\intersect.h" />
    <ClInclude Include="$(ProjectDir)..\include\igl\intrinsic_delaunay_cotmatrix.h" />
    <ClInclude Include="$(ProjectDir)..\include\igl\intrinsic_delaunay_triangulation.h" />
    <ClInclude Include="$(ProjectDir)..\include\igl\invert_diag.h" />
    <ClInclude Include="$(ProjectDir)..\include\igl\is_border_vertex.h" />
    <ClInclude Include="$(ProjectDir)..\include\igl\is_boundary_edge.h" />
    <ClInclude Include="$(ProjectDir)..\include\igl\is_delaunay.h" />
    <ClInclude Include="$(ProjectDir)..\include\igl\is_dir.h" />
    <ClInclude Include="$(ProjectDir)..\include\igl\is_edge_manifold.h" />
    <ClInclude Include="$(ProjectDir)..\include\igl\is_file.h" />
    <ClInclude Include="$(ProjectDir)..\include\igl\is_intrinsic_delaunay.h" />
    <ClInclude Include="$(ProjectDir)..\include\igl\is_irregular_vertex.h" />
    <ClInclude Include="$(ProjectDir)..\include\igl\is_planar.h" />
    <ClInclude Include="$(ProjectDir)..\include\igl\is_readable.h" />
    <ClInclude Include="$(ProjectDir)..\include\igl\is_sparse.h" />
    <ClInclude Include="$(ProjectDir)..\include\igl\is_stl.h" />
    <ClInclude Include="$(ProjectDir)..\include\igl\is_symmetric.h" />
    <ClInclude Include="$(ProjectDir)..\include\igl\is_vertex_manifold.h" />
    <ClInclude Include="$(ProjectDir)..\include\igl\is_writable.h" />
    <ClInclude Include="$(ProjectDir)..\include\igl\isdiag.h" />
    <ClInclude Include="$(ProjectDir)..\include\igl\ismember.h" />
    <ClInclude Include="$(ProjectDir)..\include\igl\isolines.h" />
    <ClInclude Include="$(ProjectDir)..\include\igl\isolines_map.h" />
    <ClInclude Include="$(ProjectDir)..\include\igl\iterative_closest_point.h" />
    <ClInclude Include="$(ProjectDir)..\include\igl\jet.h" />
    <ClInclude Include="$(ProjectDir)..\include\igl\kelvinlets.h" />
    <ClInclude Include="$(ProjectDir)..\include\igl\kkt_inverse.h" />
    <ClInclude Include="$(ProjectDir)..\include\igl\knn.h" />
    <ClInclude Include="$(ProjectDir)..\include\igl\launch_medit.h" />
    <ClInclude Include="$(ProjectDir)..\include\igl\lbs_matrix.h" />
    <ClInclude Include="$(ProjectDir)..\include\igl\lexicographic_triangulation.h" />
    <ClInclude Include="$(ProjectDir)..\include\igl\limit_faces.h" />
    <ClInclude Include="$(ProjectDir)..\include\igl\line_field_mismatch.h" />
    <ClInclude Include="$(ProjectDir)..\include\igl\line_search.h" />
    <ClInclude Include="$(ProjectDir)..\include\igl\line_segment_in_rectangle.h" />
    <ClInclude Include="$(ProjectDir)..\include\igl\linprog.h" />
    <ClInclude Include="$(ProjectDir)..\include\igl\list_to_matrix.h" />
    <ClInclude Include="$(ProjectDir)..\include\igl\local_basis.h" />
    <ClInclude Include="$(ProjectDir)..\include\igl\look_at.h" />
    <ClInclude Include="$(ProjectDir)..\include\igl\loop.h" />
    <ClInclude Include="$(ProjectDir)..\include\igl\lscm.h" />
    <ClInclude Include="$(ProjectDir)..\include\igl\map_vertices_to_circle.h" />
    <ClInclude Include="$(ProjectDir)..\include\igl\mapping_energy_with_jacobians.h" />
    <ClInclude Include="$(ProjectDir)..\include\igl\march_cube.h" />
    <ClInclude Include="$(ProjectDir)..\include\igl\marching_cubes.h" />
    <ClInclude Include="$(ProjectDir)..\include\igl\marching_cubes_tables.h" />
    <ClInclude Include="$(ProjectDir)..\include\igl\marching_tets.h" />
    <ClInclude Include="$(ProjectDir)..\include\igl\massmatrix.h" />
    <ClInclude Include="$(ProjectDir)..\include\igl\massmatrix_intrinsic.h" />
    <ClInclude Include="$(ProjectDir)..\include\igl\mat_max.h" />
    <ClInclude Include="$(ProjectDir)..\include\igl\mat_min.h" />
    <ClInclude Include="$(ProjectDir)..\include\igl\mat_to_quat.h" />
    <ClInclude Include="$(ProjectDir)..\include\igl\material_colors.h" />
    <ClInclude Include="$(ProjectDir)..\include\igl\matlab_format.h" />
    <ClInclude Include="$(ProjectDir)..\include\igl\matrix_to_list.h" />
    <ClInclude Include="$(ProjectDir)..\include\igl\max.h" />
    <ClInclude Include="$(ProjectDir)..\include\igl\max_faces_stopping_condition.h" />
    <ClInclude Include="$(ProjectDir)..\include\igl\max_size.h" />
    <ClInclude Include="$(ProjectDir)..\include\igl\median.h" />
    <ClInclude Include="$(ProjectDir)..\include\igl\min.h" />
    <ClInclude Include="$(ProjectDir)..\include\igl\min_heap.h" />
    <ClInclude Include="$(ProjectDir)..\include\igl\min_quad_with_fixed.h" />
    <ClInclude Include="$(ProjectDir)..\include\igl\min_quad_with_fixed.impl.h" />
    <ClInclude Include="$(ProjectDir)..\include\igl\min_size.h" />
    <ClInclude Include="$(ProjectDir)..\include\igl\mod.h" />
    <ClInclude Include="$(ProjectDir)..\include\igl\mode.h" />
    <ClInclude Include="$(ProjectDir)..\include\igl\mvc.h" />
    <ClInclude Include="$(ProjectDir)..\include\igl\nchoosek.h" />
    <ClInclude Include="$(ProjectDir)..\include\igl\next_filename.h" />
    <ClInclude Include="$(ProjectDir)..\include\igl\normal_derivative.h" />
    <ClInclude Include="$(ProjectDir)..\include\igl\normalize_quat.h" />
    <ClInclude Include="$(ProjectDir)..\include\igl\normalize_row_lengths.h" />
    <ClInclude Include="$(ProjectDir)..\include\igl\normalize_row_sums.h" />
    <ClInclude Include="$(ProjectDir)..\include\igl\null.h" />
    <ClInclude Include="$(ProjectDir)..\include\igl\octree.h" />
    <ClInclude Include="$(ProjectDir)..\include\igl\offset_surface.h" />
    <ClInclude Include="$(ProjectDir)..\include\igl\on_boundary.h" />
    <ClInclude Include="$(ProjectDir)..\include\igl\orient_halfedges.h" />
    <ClInclude Include="$(ProjectDir)..\include\igl\orient_outward.h" />
    <ClInclude Include="$(ProjectDir)..\include\igl\orientable_patches.h" />
    <ClInclude Include="$(ProjectDir)..\include\igl\oriented_facets.h" />
    <ClInclude Include="$(ProjectDir)..\include\igl\orth.h" />
    <ClInclude Include="$(ProjectDir)..\include\igl\ortho.h" />
    <ClInclude Include="$(ProjectDir)..\include\igl\outer_element.h" />
    <ClInclude Include="$(ProjectDir)..\include\igl\parallel_for.h" />
    <ClInclude Include="$(ProjectDir)..\include\igl\parallel_transport_angles.h" />
    <ClInclude Include="$(ProjectDir)..\include\igl\partition.h" />
    <ClInclude Include="$(ProjectDir)..\include\igl\parula.h" />
    <ClInclude Include="$(ProjectDir)..\include\igl\path_to_edges.h" />
    <ClInclude Include="$(ProjectDir)..\include\igl\path_to_executable.h" />
    <ClInclude Include="$(ProjectDir)..\include\igl\pathinfo.h" />
    <ClInclude Include="$(ProjectDir)..\include\igl\per_corner_normals.h" />
    <ClInclude Include="$(ProjectDir)..\include\igl\per_edge_normals.h" />
    <ClInclude Include="$(ProjectDir)..\include\igl\per_face_normals.h" />
    <ClInclude Include="$(ProjectDir)..\include\igl\per_vertex_attribute_smoothing.h" />
    <ClInclude Include="$(ProjectDir)..\include\igl\per_vertex_normals.h" />
    <ClInclude Include="$(ProjectDir)..\include\igl\per_vertex_point_to_plane_quadrics.h" />
    <ClInclude Include="$(ProjectDir)..\include\igl\piecewise_constant_winding_number.h" />
    <ClInclude Include="$(ProjectDir)..\include\igl\pinv.h" />
    <ClInclude Include="$(ProjectDir)..\include\igl\planarize_quad_mesh.h" />
    <ClInclude Include="$(ProjectDir)..\include\igl\point_in_circle.h" />
    <ClInclude Include="$(ProjectDir)..\include\igl\point_mesh_squared_distance.h" />
    <ClInclude Include="$(ProjectDir)..\include\igl\point_simplex_squared_distance.h" />
    <ClInclude Include="$(ProjectDir)..\include\igl\polar_dec.h" />
    <ClInclude Include="$(ProjectDir)..\include\igl\polar_svd.h" />
    <ClInclude Include="$(ProjectDir)..\include\igl\polar_svd3x3.h" />
    <ClInclude Include="$(ProjectDir)..\include\igl\polygon_corners.h" />
    <ClInclude Include="$(ProjectDir)..\include\igl\polygons_to_triangles.h" />
    <ClInclude Include="$(ProjectDir)..\include\igl\principal_curvature.h" />
    <ClInclude Include="$(ProjectDir)..\include\igl\print_ijv.h" />
    <ClInclude Include="$(ProjectDir)..\include\igl\print_vector.h" />
    <ClInclude Include="$(ProjectDir)..\include\igl\procrustes.h" />
    <ClInclude Include="$(ProjectDir)..\include\igl\project.h" />
    <ClInclude Include="$(ProjectDir)..\include\igl\project_isometrically_to_plane.h" />
    <ClInclude Include="$(ProjectDir)..\include\igl\project_to_line.h" />
    <ClInclude Include="$(ProjectDir)..\include\igl\project_to_line_segment.h" />
    <ClInclude Include="$(ProjectDir)..\include\igl\projection_constraint.h" />
    <ClInclude Include="$(ProjectDir)..\include\igl\pseudonormal_test.h" />
    <ClInclude Include="$(ProjectDir)..\include\igl\pso.h" />
    <ClInclude Include="$(ProjectDir)..\include\igl\qslim.h" />
    <ClInclude Include="$(ProjectDir)..\include\igl\qslim_optimal_collapse_edge_callbacks.h" />
    <ClInclude Include="$(ProjectDir)..\include\igl\quad_grid.h" />
    <ClInclude Include="$(ProjectDir)..\include\igl\quad_planarity.h" />
    <ClInclude Include="$(ProjectDir)..\include\igl\quadprog.h" />
    <ClInclude Include="$(ProjectDir)..\include\igl\quadric_binary_plus_operator.h" />
    <ClInclude Include="$(ProjectDir)..\include\igl\quat_conjugate.h" />
    <ClInclude Include="$(ProjectDir)..\include\igl\quat_mult.h" />
    <ClInclude Include="$(ProjectDir)..\include\igl\quat_to_axis_angle.h" />
    <ClInclude Include="$(ProjectDir)..\include\igl\quat_to_mat.h" />
    <ClInclude Include="$(ProjectDir)..\include\igl\quats_to_column.h" />
    <ClInclude Include="$(ProjectDir)..\include\igl\ramer_douglas_peucker.h" />
    <ClInclude Include="$(ProjectDir)..\include\igl\random_dir.h" />
    <ClInclude Include="$(ProjectDir)..\include\igl\random_points_on_mesh.h" />
    <ClInclude Include="$(ProjectDir)..\include\igl\random_quaternion.h" />
    <ClInclude Include="$(ProjectDir)..\include\igl\random_search.h" />
    <ClInclude Include="$(ProjectDir)..\include\igl\randperm.h" />
    <ClInclude Include="$(ProjectDir)..\include\igl\ray_box_intersect.h" />
    <ClInclude Include="$(ProjectDir)..\include\igl\ray_mesh_intersect.h" />
    <ClInclude Include="$(ProjectDir)..\include\igl\ray_sphere_intersect.h" />
    <ClInclude Include="$(ProjectDir)..\include\igl\readBF.h" />
    <ClInclude Include="$(ProjectDir)..\include\igl\readCSV.h" />
    <ClInclude Include="$(ProjectDir)..\include\igl\readDMAT.h" />
    <ClInclude Include="$(ProjectDir)..\include\igl\readMESH.h" />
    <ClInclude Include="$(ProjectDir)..\include\igl\readMSH.h" />
    <ClInclude Include="$(ProjectDir)..\include\igl\readNODE.h" />
    <ClInclude Include="$(ProjectDir)..\include\igl\readOBJ.h" />
    <ClInclude Include="$(ProjectDir)..\include\igl\readOFF.h" />
    <ClInclude Include="$(ProjectDir)..\include\igl\readPLY.h" />
    <ClInclude Include="$(ProjectDir)..\include\igl\readSTL.h" />
    <ClInclude Include="$(ProjectDir)..\include\igl\readTGF.h" />
    <ClInclude Include="$(ProjectDir)..\include\igl\readWRL.h" />
    <ClInclude Include="$(ProjectDir)..\include\igl\read_triangle_mesh.h" />
    <ClInclude Include="$(ProjectDir)..\include\igl\redux.h" />
    <ClInclude Include="$(ProjectDir)..\include\igl\remesh_along_isoline.h" />
    <ClInclude Include="$(ProjectDir)..\include\igl\remove_duplicate_vertices.h" />
    <ClInclude Include="$(ProjectDir)..\include\igl\remove_unreferenced.h" />
    <ClInclude Include="$(ProjectDir)..\include\igl\reorder.h" />
    <ClInclude Include="$(ProjectDir)..\include\igl\repdiag.h" />
    <ClInclude Include="$(ProjectDir)..\include\igl\repmat.h" />
    <ClInclude Include="$(ProjectDir)..\include\igl\resolve_duplicated_faces.h" />
    <ClInclude Include="$(ProjectDir)..\include\igl\rgb_to_hsv.h" />
    <ClInclude Include="$(ProjectDir)..\include\igl\rigid_alignment.h" />
    <ClInclude Include="$(ProjectDir)..\include\igl\rotate_by_quat.h" />
    <ClInclude Include="$(ProjectDir)..\include\igl\rotate_vectors.h" />
    <ClInclude Include="$(ProjectDir)..\include\igl\rotation_matrix_from_directions.h" />
    <ClInclude Include="$(ProjectDir)..\include\igl\round.h" />
    <ClInclude Include="$(ProjectDir)..\include\igl\rows_to_matrix.h" />
    <ClInclude Include="$(ProjectDir)..\include\igl\sample_edges.h" />
    <ClInclude Include="$(ProjectDir)..\include\igl\scalar_to_cr_vector_gradient.h" />
    <ClInclude Include="$(ProjectDir)..\include\igl\screen_space_selection.h" />
    <ClInclude Include="$(ProjectDir)..\include\igl\seam_edges.h" />
    <ClInclude Include="$(ProjectDir)..\include\igl\segment_segment_intersect.h" />
    <ClInclude Include="$(ProjectDir)..\include\igl\serialize.h" />
    <ClInclude Include="$(ProjectDir)..\include\igl\setdiff.h" />
    <ClInclude Include="$(ProjectDir)..\include\igl\setunion.h" />
    <ClInclude Include="$(ProjectDir)..\include\igl\setxor.h" />
    <ClInclude Include="$(ProjectDir)..\include\igl\shape_diameter_function.h" />
    <ClInclude Include="$(ProjectDir)..\include\igl\shapeup.h" />
    <ClInclude Include="$(ProjectDir)..\include\igl\sharp_edges.h" />
    <ClInclude Include="$(ProjectDir)..\include\igl\shortest_edge_and_midpoint.h" />
    <ClInclude Include="$(ProjectDir)..\include\igl\signed_angle.h" />
    <ClInclude Include="$(ProjectDir)..\include\igl\signed_distance.h" />
    <ClInclude Include="$(ProjectDir)..\include\igl\simplify_polyhedron.h" />
    <ClInclude Include="$(ProjectDir)..\include\igl\slice.h" />
    <ClInclude Include="$(ProjectDir)..\include\igl\slice_cached.h" />
    <ClInclude Include="$(ProjectDir)..\include\igl\slice_into.h" />
    <ClInclude Include="$(ProjectDir)..\include\igl\slice_mask.h" />
    <ClInclude Include="$(ProjectDir)..\include\igl\slice_sorted.h" />
    <ClInclude Include="$(ProjectDir)..\include\igl\slim.h" />
    <ClInclude Include="$(ProjectDir)..\include\igl\smooth_corner_adjacency.h" />
    <ClInclude Include="$(ProjectDir)..\include\igl\snap_points.h" />
    <ClInclude Include="$(ProjectDir)..\include\igl\snap_to_canonical_view_quat.h" />
    <ClInclude Include="$(ProjectDir)..\include\igl\snap_to_fixed_up.h" />
    <ClInclude Include="$(ProjectDir)..\include\igl\solid_angle.h" />
    <ClInclude Include="$(ProjectDir)..\include\igl\sort.h" />
    <ClInclude Include="$(ProjectDir)..\include\igl\sort_angles.h" />
    <ClInclude Include="$(ProjectDir)..\include\igl\sort_triangles.h" />
    <ClInclude Include="$(ProjectDir)..\include\igl\sort_vectors_ccw.h" />
    <ClInclude Include="$(ProjectDir)..\include\igl\sortrows.h" />
    <ClInclude Include="$(ProjectDir)..\include\igl\sparse.h" />
    <ClInclude Include="$(ProjectDir)..\include\igl\sparse_cached.h" />
    <ClInclude Include="$(ProjectDir)..\include\igl\sparse_voxel_grid.h" />
    <ClInclude Include="$(ProjectDir)..\include\igl\speye.h" />
    <ClInclude Include="$(ProjectDir)..\include\igl\squared_edge_lengths.h" />
    <ClInclude Include="$(ProjectDir)..\include\igl\stdin_to_temp.h" />
    <ClInclude Include="$(ProjectDir)..\include\igl\straighten_seams.h" />
    <ClInclude Include="$(ProjectDir)..\include\igl\string_utils.h" />
    <ClInclude Include="$(ProjectDir)..\include\igl\sum.h" />
    <ClInclude Include="$(ProjectDir)..\include\igl\svd3x3.h" />
    <ClInclude Include="$(ProjectDir)..\include\igl\svd3x3_avx.h" />
    <ClInclude Include="$(ProjectDir)..\include\igl\svd3x3_sse.h" />
    <ClInclude Include="$(ProjectDir)..\include\igl\swept_volume.h" />
    <ClInclude Include="$(ProjectDir)..\include\igl\swept_volume_bounding_box.h" />
    <ClInclude Include="$(ProjectDir)..\include\igl\swept_volume_signed_distance.h" />
    <ClInclude Include="$(ProjectDir)..\include\igl\tan_half_angle.h" />
    <ClInclude Include="$(ProjectDir)..\include\igl\tet_tet_adjacency.h" />
    <ClInclude Include="$(ProjectDir)..\include\igl\tetrahedralized_grid.h" />
    <ClInclude Include="$(ProjectDir)..\include\igl\tinyply.h" />
    <ClInclude Include="$(ProjectDir)..\include\igl\topological_hole_fill.h" />
    <ClInclude Include="$(ProjectDir)..\include\igl\trackball.h" />
    <ClInclude Include="$(ProjectDir)..\include\igl\transpose_blocks.h" />
    <ClInclude Include="$(ProjectDir)..\include\igl\triangle_fan.h" />
    <ClInclude Include="$(ProjectDir)..\include\igl\triangle_triangle_adjacency.h" />
    <ClInclude Include="$(ProjectDir)..\include\igl\triangles_from_strip.h" />
    <ClInclude Include="$(ProjectDir)..\include\igl\triangulated_grid.h" />
    <ClInclude Include="$(ProjectDir)..\include\igl\two_axis_valuator_fixed_up.h" />
    <ClInclude Include="$(ProjectDir)..\include\igl\uniformly_sample_two_manifold.h" />
    <ClInclude Include="$(ProjectDir)..\include\igl\unique.h" />
    <ClInclude Include="$(ProjectDir)..\include\igl\unique_edge_map.h" />
    <ClInclude Include="$(ProjectDir)..\include\igl\unique_rows.h" />
    <ClInclude Include="$(ProjectDir)..\include\igl\unique_simplices.h" />
    <ClInclude Include="$(ProjectDir)..\include\igl\unproject.h" />
    <ClInclude Include="$(ProjectDir)..\include\igl\unproject_in_mesh.h" />
    <ClInclude Include="$(ProjectDir)..\include\igl\unproject_on_line.h" />
    <ClInclude Include="$(ProjectDir)..\include\igl\unproject_on_plane.h" />
    <ClInclude Include="$(ProjectDir)..\include\igl\unproject_onto_mesh.h" />
    <ClInclude Include="$(ProjectDir)..\include\igl\unproject_ray.h" />
    <ClInclude Include="$(ProjectDir)..\include\igl\unzip_corners.h" />
    <ClInclude Include="$(ProjectDir)..\include\igl\upsample.h" />
    <ClInclude Include="$(ProjectDir)..\include\igl\vector_area_matrix.h" />
    <ClInclude Include="$(ProjectDir)..\include\igl\verbose.h" />
    <ClInclude Include="$(ProjectDir)..\include\igl\vertex_components.h" />
    <ClInclude Include="$(ProjectDir)..\include\igl\vertex_triangle_adjacency.h" />
    <ClInclude Include="$(ProjectDir)..\include\igl\volume.h" />
    <ClInclude Include="$(ProjectDir)..\include\igl\voxel_grid.h" />
    <ClInclude Include="$(ProjectDir)..\include\igl\winding_number.h" />
    <ClInclude Include="$(ProjectDir)..\include\igl\writeBF.h" />
    <ClInclude Include="$(ProjectDir)..\include\igl\writeDMAT.h" />
    <ClInclude Include="$(ProjectDir)..\include\igl\writeMESH.h" />
    <ClInclude Include="$(ProjectDir)..\include\igl\writeMSH.h" />
    <ClInclude Include="$(ProjectDir)..\include\igl\writeOBJ.h" />
    <ClInclude Include="$(ProjectDir)..\include\igl\writeOFF.h" />
    <ClInclude Include="$(ProjectDir)..\include\igl\writePLY.h" />
    <ClInclude Include="$(ProjectDir)..\include\igl\writeSTL.h" />
    <ClInclude Include="$(ProjectDir)..\include\igl\writeTGF.h" />
    <ClInclude Include="$(ProjectDir)..\include\igl\writeWRL.h" />
    <ClInclude Include="$(ProjectDir)..\include\igl\write_triangle_mesh.h" />
  </ItemGroup>
  <ItemGroup>
    <Filter Include="Header Files">
      <UniqueIdentifier>{68D24F45-34FB-3708-9213-064C7419AFA8}</UniqueIdentifier>
    </Filter>
    <Filter Include="Source Files">
      <UniqueIdentifier>{18953F89-488E-399C-8A5D-B5FE92FAA7FF}</UniqueIdentifier>
    </Filter>
  </ItemGroup>
</Project>