
Microsoft Visual Studio Solution File, Format Version 12.00
# Visual Studio Version 16
Project("{2150E333-8FDC-42A3-9474-1A3956D46DE8}") = "CMakePredefinedTargets", "CMakePredefinedTargets", "{EF588C09-F6C4-34CF-984F-14D25BB23C32}"
EndProject
Project("{2150E333-8FDC-42A3-9474-1A3956D46DE8}") = "GLFW3", "GLFW3", "{F31CB2E8-8E55-31BC-819A-E7F63F82D515}"
EndProject
Project("{8BC9CEB8-8B4A-11D0-8D11-00A0C91BC942}") = "ALL_BUILD", "ALL_BUILD.vcxproj", "{FF5C9EB6-92E9-348E-8E7F-4DA9583B01B4}"
	ProjectSection(ProjectDependencies) = postProject
		{88DE6F96-615F-3276-B9EE-EF46BDCBDE5A} = {88DE6F96-615F-3276-B9EE-EF46BDCBDE5A}
		{BAEA34AB-974F-3714-AD13-5F6DE8020502} = {BAEA34AB-974F-3714-AD13-5F6DE8020502}
	EndProjectSection
EndProject
Project("{8BC9CEB8-8B4A-11D0-8D11-00A0C91BC942}") = "305_QuadraticProgramming", "305_QuadraticProgramming.vcxproj", "{88DE6F96-615F-3276-B9EE-EF46BDCBDE5A}"
	ProjectSection(ProjectDependencies) = postProject
		{BAEA34AB-974F-3714-AD13-5F6DE8020502} = {BAEA34AB-974F-3714-AD13-5F6DE8020502}
		{AF935FD9-D248-35BC-B952-AB29D1BC7589} = {AF935FD9-D248-35BC-B952-AB29D1BC7589}
		{DEB2766C-0C21-3F7D-AAA1-7ED0D10B825F} = {DEB2766C-0C21-3F7D-AAA1-7ED0D10B825F}
		{4FD4B4E9-7C8D-3795-AD36-40D3D17D51D4} = {4FD4B4E9-7C8D-3795-AD36-40D3D17D51D4}
		{5D0BD4C7-C640-3EC5-BFBA-403C049E36E3} = {5D0BD4C7-C640-3EC5-BFBA-403C049E36E3}
		{9CA06C63-B92D-3A5B-AA49-B8C8916AEBAD} = {9CA06C63-B92D-3A5B-AA49-B8C8916AEBAD}
	EndProjectSection
EndProject
Project("{8BC9CEB8-8B4A-11D0-8D11-00A0C91BC942}") = "ZERO_CHECK", "..\\ZERO_CHECK.vcxproj", "{BAEA34AB-974F-3714-AD13-5F6DE8020502}"
	ProjectSection(ProjectDependencies) = postProject
	EndProjectSection
EndProject
Project("{8BC9CEB8-8B4A-11D0-8D11-00A0C91BC942}") = "glad", "..\glad\glad.vcxproj", "{AF935FD9-D248-35BC-B952-AB29D1BC7589}"
	ProjectSection(ProjectDependencies) = postProject
		{BAEA34AB-974F-3714-AD13-5F6DE8020502} = {BAEA34AB-974F-3714-AD13-5F6DE8020502}
	EndProjectSection
EndProject
Project("{8BC9CEB8-8B4A-11D0-8D11-00A0C91BC942}") = "glfw", "..\glfw\src\glfw.vcxproj", "{DEB2766C-0C21-3F7D-AAA1-7ED0D10B825F}"
	ProjectSection(ProjectDependencies) = postProject
		{BAEA34AB-974F-3714-AD13-5F6DE8020502} = {BAEA34AB-974F-3714-AD13-5F6DE8020502}
	EndProjectSection
EndProject
Project("{8BC9CEB8-8B4A-11D0-8D11-00A0C91BC942}") = "igl", "..\\igl.vcxproj", "{4FD4B4E9-7C8D-3795-AD36-40D3D17D51D4}"
	ProjectSection(ProjectDependencies) = postProject
		{BAEA34AB-974F-3714-AD13-5F6DE8020502} = {BAEA34AB-974F-3714-AD13-5F6DE8020502}
	EndProjectSection
EndProject
Project("{8BC9CEB8-8B4A-11D0-8D11-00A0C91BC942}") = "igl_opengl", "..\\igl_opengl.vcxproj", "{5D0BD4C7-C640-3EC5-BFBA-403C049E36E3}"
	ProjectSection(ProjectDependencies) = postProject
		{BAEA34AB-974F-3714-AD13-5F6DE8020502} = {BAEA34AB-974F-3714-AD13-5F6DE8020502}
		{AF935FD9-D248-35BC-B952-AB29D1BC7589} = {AF935FD9-D248-35BC-B952-AB29D1BC7589}
		{4FD4B4E9-7C8D-3795-AD36-40D3D17D51D4} = {4FD4B4E9-7C8D-3795-AD36-40D3D17D51D4}
	EndProjectSection
EndProject
Project("{8BC9CEB8-8B4A-11D0-8D11-00A0C91BC942}") = "igl_opengl_glfw", "..\\igl_opengl_glfw.vcxproj", "{9CA06C63-B92D-3A5B-AA49-B8C8916AEBAD}"
	ProjectSection(ProjectDependencies) = postProject
		{BAEA34AB-974F-3714-AD13-5F6DE8020502} = {BAEA34AB-974F-3714-AD13-5F6DE8020502}
		{AF935FD9-D248-35BC-B952-AB29D1BC7589} = {AF935FD9-D248-35BC-B952-AB29D1BC7589}
		{DEB2766C-0C21-3F7D-AAA1-7ED0D10B825F} = {DEB2766C-0C21-3F7D-AAA1-7ED0D10B825F}
		{4FD4B4E9-7C8D-3795-AD36-40D3D17D51D4} = {4FD4B4E9-7C8D-3795-AD36-40D3D17D51D4}
		{5D0BD4C7-C640-3EC5-BFBA-403C049E36E3} = {5D0BD4C7-C640-3EC5-BFBA-403C049E36E3}
	EndProjectSection
EndProject
Global
	GlobalSection(SolutionConfigurationPlatforms) = preSolution
		Debug|x64 = Debug|x64
		Release|x64 = Release|x64
		MinSizeRel|x64 = MinSizeRel|x64
		RelWithDebInfo|x64 = RelWithDebInfo|x64
	EndGlobalSection
	GlobalSection(ProjectConfigurationPlatforms) = postSolution
		{FF5C9EB6-92E9-348E-8E7F-4DA9583B01B4}.Debug|x64.ActiveCfg = Debug|x64
		{FF5C9EB6-92E9-348E-8E7F-4DA9583B01B4}.Release|x64.ActiveCfg = Release|x64
		{FF5C9EB6-92E9-348E-8E7F-4DA9583B01B4}.MinSizeRel|x64.ActiveCfg = MinSizeRel|x64
		{FF5C9EB6-92E9-348E-8E7F-4DA9583B01B4}.RelWithDebInfo|x64.ActiveCfg = RelWithDebInfo|x64
		{88DE6F96-615F-3276-B9EE-EF46BDCBDE5A}.Debug|x64.ActiveCfg = Debug|x64
		{88DE6F96-615F-3276-B9EE-EF46BDCBDE5A}.Debug|x64.Build.0 = Debug|x64
		{88DE6F96-615F-3276-B9EE-EF46BDCBDE5A}.Release|x64.ActiveCfg = Release|x64
		{88DE6F96-615F-3276-B9EE-EF46BDCBDE5A}.Release|x64.Build.0 = Release|x64
		{88DE6F96-615F-3276-B9EE-EF46BDCBDE5A}.MinSizeRel|x64.ActiveCfg = MinSizeRel|x64
		{88DE6F96-615F-3276-B9EE-EF46BDCBDE5A}.MinSizeRel|x64.Build.0 = MinSizeRel|x64
		{88DE6F96-615F-3276-B9EE-EF46BDCBDE5A}.RelWithDebInfo|x64.ActiveCfg = RelWithDebInfo|x64
		{88DE6F96-615F-3276-B9EE-EF46BDCBDE5A}.RelWithDebInfo|x64.Build.0 = RelWithDebInfo|x64
		{BAEA34AB-974F-3714-AD13-5F6DE8020502}.Debug|x64.ActiveCfg = Debug|x64
		{BAEA34AB-974F-3714-AD13-5F6DE8020502}.Debug|x64.Build.0 = Debug|x64
		{BAEA34AB-974F-3714-AD13-5F6DE8020502}.Release|x64.ActiveCfg = Release|x64
		{BAEA34AB-974F-3714-AD13-5F6DE8020502}.Release|x64.Build.0 = Release|x64
		{BAEA34AB-974F-3714-AD13-5F6DE8020502}.MinSizeRel|x64.ActiveCfg = MinSizeRel|x64
		{BAEA34AB-974F-3714-AD13-5F6DE8020502}.MinSizeRel|x64.Build.0 = MinSizeRel|x64
		{BAEA34AB-974F-3714-AD13-5F6DE8020502}.RelWithDebInfo|x64.ActiveCfg = RelWithDebInfo|x64
		{BAEA34AB-974F-3714-AD13-5F6DE8020502}.RelWithDebInfo|x64.Build.0 = RelWithDebInfo|x64
		{AF935FD9-D248-35BC-B952-AB29D1BC7589}.Debug|x64.ActiveCfg = Debug|x64
		{AF935FD9-D248-35BC-B952-AB29D1BC7589}.Debug|x64.Build.0 = Debug|x64
		{AF935FD9-D248-35BC-B952-AB29D1BC7589}.Release|x64.ActiveCfg = Release|x64
		{AF935FD9-D248-35BC-B952-AB29D1BC7589}.Release|x64.Build.0 = Release|x64
		{AF935FD9-D248-35BC-B952-AB29D1BC7589}.MinSizeRel|x64.ActiveCfg = MinSizeRel|x64
		{AF935FD9-D248-35BC-B952-AB29D1BC7589}.MinSizeRel|x64.Build.0 = MinSizeRel|x64
		{AF935FD9-D248-35BC-B952-AB29D1BC7589}.RelWithDebInfo|x64.ActiveCfg = RelWithDebInfo|x64
		{AF935FD9-D248-35BC-B952-AB29D1BC7589}.RelWithDebInfo|x64.Build.0 = RelWithDebInfo|x64
		{DEB2766C-0C21-3F7D-AAA1-7ED0D10B825F}.Debug|x64.ActiveCfg = Debug|x64
		{DEB2766C-0C21-3F7D-AAA1-7ED0D10B825F}.Debug|x64.Build.0 = Debug|x64
		{DEB2766C-0C21-3F7D-AAA1-7ED0D10B825F}.Release|x64.ActiveCfg = Release|x64
		{DEB2766C-0C21-3F7D-AAA1-7ED0D10B825F}.Release|x64.Build.0 = Release|x64
		{DEB2766C-0C21-3F7D-AAA1-7ED0D10B825F}.MinSizeRel|x64.ActiveCfg = MinSizeRel|x64
		{DEB2766C-0C21-3F7D-AAA1-7ED0D10B825F}.MinSizeRel|x64.Build.0 = MinSizeRel|x64
		{DEB2766C-0C21-3F7D-AAA1-7ED0D10B825F}.RelWithDebInfo|x64.ActiveCfg = RelWithDebInfo|x64
		{DEB2766C-0C21-3F7D-AAA1-7ED0D10B825F}.RelWithDebInfo|x64.Build.0 = RelWithDebInfo|x64
		{4FD4B4E9-7C8D-3795-AD36-40D3D17D51D4}.Debug|x64.ActiveCfg = Debug|x64
		{4FD4B4E9-7C8D-3795-AD36-40D3D17D51D4}.Debug|x64.Build.0 = Debug|x64
		{4FD4B4E9-7C8D-3795-AD36-40D3D17D51D4}.Release|x64.ActiveCfg = Release|x64
		{4FD4B4E9-7C8D-3795-AD36-40D3D17D51D4}.Release|x64.Build.0 = Release|x64
		{4FD4B4E9-7C8D-3795-AD36-40D3D17D51D4}.MinSizeRel|x64.ActiveCfg = MinSizeRel|x64
		{4FD4B4E9-7C8D-3795-AD36-40D3D17D51D4}.MinSizeRel|x64.Build.0 = MinSizeRel|x64
		{4FD4B4E9-7C8D-3795-AD36-40D3D17D51D4}.RelWithDebInfo|x64.ActiveCfg = RelWithDebInfo|x64
		{4FD4B4E9-7C8D-3795-AD36-40D3D17D51D4}.RelWithDebInfo|x64.Build.0 = RelWithDebInfo|x64
		{5D0BD4C7-C640-3EC5-BFBA-403C049E36E3}.Debug|x64.ActiveCfg = Debug|x64
		{5D0BD4C7-C640-3EC5-BFBA-403C049E36E3}.Debug|x64.Build.0 = Debug|x64
		{5D0BD4C7-C640-3EC5-BFBA-403C049E36E3}.Release|x64.ActiveCfg = Release|x64
		{5D0BD4C7-C640-3EC5-BFBA-403C049E36E3}.Release|x64.Build.0 = Release|x64
		{5D0BD4C7-C640-3EC5-BFBA-403C049E36E3}.MinSizeRel|x64.ActiveCfg = MinSizeRel|x64
		{5D0BD4C7-C640-3EC5-BFBA-403C049E36E3}.MinSizeRel|x64.Build.0 = MinSizeRel|x64
		{5D0BD4C7-C640-3EC5-BFBA-403C049E36E3}.RelWithDebInfo|x64.ActiveCfg = RelWithDebInfo|x64
		{5D0BD4C7-C640-3EC5-BFBA-403C049E36E3}.RelWithDebInfo|x64.Build.0 = RelWithDebInfo|x64
		{9CA06C63-B92D-3A5B-AA49-B8C8916AEBAD}.Debug|x64.ActiveCfg = Debug|x64
		{9CA06C63-B92D-3A5B-AA49-B8C8916AEBAD}.Debug|x64.Build.0 = Debug|x64
		{9CA06C63-B92D-3A5B-AA49-B8C8916AEBAD}.Release|x64.ActiveCfg = Release|x64
		{9CA06C63-B92D-3A5B-AA49-B8C8916AEBAD}.Release|x64.Build.0 = Release|x64
		{9CA06C63-B92D-3A5B-AA49-B8C8916AEBAD}.MinSizeRel|x64.ActiveCfg = MinSizeRel|x64
		{9CA06C63-B92D-3A5B-AA49-B8C8916AEBAD}.MinSizeRel|x64.Build.0 = MinSizeRel|x64
		{9CA06C63-B92D-3A5B-AA49-B8C8916AEBAD}.RelWithDebInfo|x64.ActiveCfg = RelWithDebInfo|x64
		{9CA06C63-B92D-3A5B-AA49-B8C8916AEBAD}.RelWithDebInfo|x64.Build.0 = RelWithDebInfo|x64
	EndGlobalSection
	GlobalSection(NestedProjects) = preSolution
		{FF5C9EB6-92E9-348E-8E7F-4DA9583B01B4} = {EF588C09-F6C4-34CF-984F-14D25BB23C32}
		{BAEA34AB-974F-3714-AD13-5F6DE8020502} = {EF588C09-F6C4-34CF-984F-14D25BB23C32}
		{DEB2766C-0C21-3F7D-AAA1-7ED0D10B825F} = {F31CB2E8-8E55-31BC-819A-E7F63F82D515}
	EndGlobalSection
	GlobalSection(ExtensibilityGlobals) = postSolution
		SolutionGuid = {DAD81199-7338-3211-A584-CAACCADDC16D}
	EndGlobalSection
	GlobalSection(ExtensibilityAddIns) = postSolution
	EndGlobalSection
EndGlobal
