<?xml version="1.0" encoding="utf-8"?>
<Project ToolsVersion="16.0" xmlns="http://schemas.microsoft.com/developer/msbuild/2003">
  <ItemGroup>
    <ClCompile Include="G:\gitRepositories\libigl_CGAL_openGL\tutorial\501_HarmonicParam\main.cpp">
      <Filter>Source Files</Filter>
    </ClCompile>
  </ItemGroup>
  <ItemGroup>
    <CustomBuild Include="G:\gitRepositories\libigl_CGAL_openGL\tutorial\501_HarmonicParam\CMakeLists.txt" />
  </ItemGroup>
  <ItemGroup>
    <Filter Include="Source Files">
      <UniqueIdentifier>{1D91E96C-42E1-360F-8903-7A4880F5F34A}</UniqueIdentifier>
    </Filter>
  </ItemGroup>
</Project>
