<?xml version="1.0" encoding="utf-8"?>
<Project ToolsVersion="16.0" xmlns="http://schemas.microsoft.com/developer/msbuild/2003">
  <ItemGroup>
    <CustomBuild Include="G:\gitRepositories\libigl_CGAL_openGL\build32\CMakeFiles\f55cd5c47b81ee7cf7f5cd7ee93aa959\INSTALL_force.rule">
      <Filter>CMake Rules</Filter>
    </CustomBuild>
  </ItemGroup>
  <ItemGroup>
    <Filter Include="CMake Rules">
      <UniqueIdentifier>{1353E122-B35E-3616-BBCD-0F1FA1DB271E}</UniqueIdentifier>
    </Filter>
  </ItemGroup>
</Project>
