
Microsoft Visual Studio Solution File, Format Version 12.00
# Visual Studio Version 16
Project("{2150E333-8FDC-42A3-9474-1A3956D46DE8}") = "CMakePredefinedTargets", "CMakePredefinedTargets", "{E610FA38-6F5D-3EA9-9A80-E06EC3B3486D}"
EndProject
Project("{2150E333-8FDC-42A3-9474-1A3956D46DE8}") = "Libigl", "Libigl", "{EF407305-A894-3AF0-B726-4AB0EE36E1F5}"
EndProject
Project("{2150E333-8FDC-42A3-9474-1A3956D46DE8}") = "ThirdParty", "ThirdParty", "{6EC21443-10F0-30FA-B1AF-E8A393FC8827}"
EndProject
Project("{2150E333-8FDC-42A3-9474-1A3956D46DE8}") = "Embree", "ThirdParty\Embree", "{9A8FA12C-CA0A-359A-BCBC-1BED4490EFA5}"
EndProject
Project("{2150E333-8FDC-42A3-9474-1A3956D46DE8}") = "Unit Tests", "Unit Tests", "{3B6AD14B-FB67-3855-A84F-4B19B0989D76}"
EndProject
Project("{8BC9CEB8-8B4A-11D0-8D11-00A0C91BC942}") = "ALL_BUILD", "ALL_BUILD.vcxproj", "{AD560ED3-79F1-3C96-A8D3-6DDCED198C63}"
	ProjectSection(ProjectDependencies) = postProject
		{CBF727F8-FB59-30A7-975E-D8B00BADD442} = {CBF727F8-FB59-30A7-975E-D8B00BADD442}
		{E41EBE67-3266-375D-AA25-145E725C8AE0} = {E41EBE67-3266-375D-AA25-145E725C8AE0}
	EndProjectSection
EndProject
Project("{8BC9CEB8-8B4A-11D0-8D11-00A0C91BC942}") = "CoMISo", "..\CoMISo\CoMISo.vcxproj", "{8625D0BC-4A9D-3A89-8854-1EEF6D32B5BB}"
	ProjectSection(ProjectDependencies) = postProject
		{CBF727F8-FB59-30A7-975E-D8B00BADD442} = {CBF727F8-FB59-30A7-975E-D8B00BADD442}
	EndProjectSection
EndProject
Project("{8BC9CEB8-8B4A-11D0-8D11-00A0C91BC942}") = "INSTALL", "INSTALL.vcxproj", "{3B678B41-6D95-369A-A924-1696DE336839}"
	ProjectSection(ProjectDependencies) = postProject
		{AD560ED3-79F1-3C96-A8D3-6DDCED198C63} = {AD560ED3-79F1-3C96-A8D3-6DDCED198C63}
		{CBF727F8-FB59-30A7-975E-D8B00BADD442} = {CBF727F8-FB59-30A7-975E-D8B00BADD442}
	EndProjectSection
EndProject
Project("{8BC9CEB8-8B4A-11D0-8D11-00A0C91BC942}") = "PACKAGE", "PACKAGE.vcxproj", "{5C2A3335-16CC-301D-BD14-8F51CA6BE801}"
	ProjectSection(ProjectDependencies) = postProject
		{AD560ED3-79F1-3C96-A8D3-6DDCED198C63} = {AD560ED3-79F1-3C96-A8D3-6DDCED198C63}
		{CBF727F8-FB59-30A7-975E-D8B00BADD442} = {CBF727F8-FB59-30A7-975E-D8B00BADD442}
	EndProjectSection
EndProject
Project("{8BC9CEB8-8B4A-11D0-8D11-00A0C91BC942}") = "RUN_TESTS", "RUN_TESTS.vcxproj", "{EE158531-3A2B-31B1-840B-04DD9A3BB963}"
	ProjectSection(ProjectDependencies) = postProject
		{CBF727F8-FB59-30A7-975E-D8B00BADD442} = {CBF727F8-FB59-30A7-975E-D8B00BADD442}
	EndProjectSection
EndProject
Project("{8BC9CEB8-8B4A-11D0-8D11-00A0C91BC942}") = "ZERO_CHECK", "..\\ZERO_CHECK.vcxproj", "{CBF727F8-FB59-30A7-975E-D8B00BADD442}"
	ProjectSection(ProjectDependencies) = postProject
	EndProjectSection
EndProject
Project("{8BC9CEB8-8B4A-11D0-8D11-00A0C91BC942}") = "algorithms", "..\embree\common\algorithms\algorithms.vcxproj", "{1BBB7536-518E-3B0D-BEC1-0EF06C59F1AB}"
	ProjectSection(ProjectDependencies) = postProject
		{CBF727F8-FB59-30A7-975E-D8B00BADD442} = {CBF727F8-FB59-30A7-975E-D8B00BADD442}
	EndProjectSection
EndProject
Project("{8BC9CEB8-8B4A-11D0-8D11-00A0C91BC942}") = "embree", "..\embree\kernels\embree.vcxproj", "{54EB17E6-1583-38FD-8C58-27D0F9ED9568}"
	ProjectSection(ProjectDependencies) = postProject
		{CBF727F8-FB59-30A7-975E-D8B00BADD442} = {CBF727F8-FB59-30A7-975E-D8B00BADD442}
		{1BBB7536-518E-3B0D-BEC1-0EF06C59F1AB} = {1BBB7536-518E-3B0D-BEC1-0EF06C59F1AB}
		{D8DE7800-56B3-3618-8E6F-7B76F31376AA} = {D8DE7800-56B3-3618-8E6F-7B76F31376AA}
		{A12DDA6F-21C9-3362-BD03-510E0C79B5E7} = {A12DDA6F-21C9-3362-BD03-510E0C79B5E7}
		{C2D23F6D-7DE1-3B64-BBB1-11508DBB9A39} = {C2D23F6D-7DE1-3B64-BBB1-11508DBB9A39}
		{2E4EB707-8C34-32C4-8FFA-FE5EAA7F2B18} = {2E4EB707-8C34-32C4-8FFA-FE5EAA7F2B18}
		{4E39C0F3-13F5-362B-9EC0-A9D0B0709F5A} = {4E39C0F3-13F5-362B-9EC0-A9D0B0709F5A}
	EndProjectSection
EndProject
Project("{8BC9CEB8-8B4A-11D0-8D11-00A0C91BC942}") = "igl", "..\\igl.vcxproj", "{5EC6C87F-5453-3D09-927E-159853A66291}"
	ProjectSection(ProjectDependencies) = postProject
		{CBF727F8-FB59-30A7-975E-D8B00BADD442} = {CBF727F8-FB59-30A7-975E-D8B00BADD442}
	EndProjectSection
EndProject
Project("{8BC9CEB8-8B4A-11D0-8D11-00A0C91BC942}") = "igl_comiso", "..\\igl_comiso.vcxproj", "{1A6EB762-97B2-3FDC-8CE7-AEDFD4B76AE5}"
	ProjectSection(ProjectDependencies) = postProject
		{8625D0BC-4A9D-3A89-8854-1EEF6D32B5BB} = {8625D0BC-4A9D-3A89-8854-1EEF6D32B5BB}
		{CBF727F8-FB59-30A7-975E-D8B00BADD442} = {CBF727F8-FB59-30A7-975E-D8B00BADD442}
		{5EC6C87F-5453-3D09-927E-159853A66291} = {5EC6C87F-5453-3D09-927E-159853A66291}
	EndProjectSection
EndProject
Project("{8BC9CEB8-8B4A-11D0-8D11-00A0C91BC942}") = "igl_embree", "..\\igl_embree.vcxproj", "{D9417B16-986B-3A7E-BF47-9219681BE0AA}"
	ProjectSection(ProjectDependencies) = postProject
		{CBF727F8-FB59-30A7-975E-D8B00BADD442} = {CBF727F8-FB59-30A7-975E-D8B00BADD442}
		{54EB17E6-1583-38FD-8C58-27D0F9ED9568} = {54EB17E6-1583-38FD-8C58-27D0F9ED9568}
		{5EC6C87F-5453-3D09-927E-159853A66291} = {5EC6C87F-5453-3D09-927E-159853A66291}
		{D8DE7800-56B3-3618-8E6F-7B76F31376AA} = {D8DE7800-56B3-3618-8E6F-7B76F31376AA}
		{A12DDA6F-21C9-3362-BD03-510E0C79B5E7} = {A12DDA6F-21C9-3362-BD03-510E0C79B5E7}
		{C2D23F6D-7DE1-3B64-BBB1-11508DBB9A39} = {C2D23F6D-7DE1-3B64-BBB1-11508DBB9A39}
		{2E4EB707-8C34-32C4-8FFA-FE5EAA7F2B18} = {2E4EB707-8C34-32C4-8FFA-FE5EAA7F2B18}
		{4E39C0F3-13F5-362B-9EC0-A9D0B0709F5A} = {4E39C0F3-13F5-362B-9EC0-A9D0B0709F5A}
	EndProjectSection
EndProject
Project("{8BC9CEB8-8B4A-11D0-8D11-00A0C91BC942}") = "igl_predicates", "..\\igl_predicates.vcxproj", "{245F0EB5-D520-394E-AF26-977889F87A14}"
	ProjectSection(ProjectDependencies) = postProject
		{CBF727F8-FB59-30A7-975E-D8B00BADD442} = {CBF727F8-FB59-30A7-975E-D8B00BADD442}
		{5EC6C87F-5453-3D09-927E-159853A66291} = {5EC6C87F-5453-3D09-927E-159853A66291}
		{8A577433-A1E6-3267-941B-B561FC52435D} = {8A577433-A1E6-3267-941B-B561FC52435D}
	EndProjectSection
EndProject
Project("{8BC9CEB8-8B4A-11D0-8D11-00A0C91BC942}") = "igl_tetgen", "..\\igl_tetgen.vcxproj", "{F1F60633-EE2E-3C16-9574-5A257BA36E0C}"
	ProjectSection(ProjectDependencies) = postProject
		{CBF727F8-FB59-30A7-975E-D8B00BADD442} = {CBF727F8-FB59-30A7-975E-D8B00BADD442}
		{5EC6C87F-5453-3D09-927E-159853A66291} = {5EC6C87F-5453-3D09-927E-159853A66291}
		{8B48A82F-EDF9-3F7B-8525-830877CCAC3E} = {8B48A82F-EDF9-3F7B-8525-830877CCAC3E}
	EndProjectSection
EndProject
Project("{8BC9CEB8-8B4A-11D0-8D11-00A0C91BC942}") = "igl_triangle", "..\\igl_triangle.vcxproj", "{04B81C8E-AD6C-3C2F-A1EA-09CA9B28A01D}"
	ProjectSection(ProjectDependencies) = postProject
		{CBF727F8-FB59-30A7-975E-D8B00BADD442} = {CBF727F8-FB59-30A7-975E-D8B00BADD442}
		{5EC6C87F-5453-3D09-927E-159853A66291} = {5EC6C87F-5453-3D09-927E-159853A66291}
		{A88B0AE5-EBAC-3604-8A3F-FA3189C62450} = {A88B0AE5-EBAC-3604-8A3F-FA3189C62450}
	EndProjectSection
EndProject
Project("{8BC9CEB8-8B4A-11D0-8D11-00A0C91BC942}") = "lexers", "..\embree\common\lexers\lexers.vcxproj", "{D8DE7800-56B3-3618-8E6F-7B76F31376AA}"
	ProjectSection(ProjectDependencies) = postProject
		{CBF727F8-FB59-30A7-975E-D8B00BADD442} = {CBF727F8-FB59-30A7-975E-D8B00BADD442}
		{A12DDA6F-21C9-3362-BD03-510E0C79B5E7} = {A12DDA6F-21C9-3362-BD03-510E0C79B5E7}
		{2E4EB707-8C34-32C4-8FFA-FE5EAA7F2B18} = {2E4EB707-8C34-32C4-8FFA-FE5EAA7F2B18}
	EndProjectSection
EndProject
Project("{8BC9CEB8-8B4A-11D0-8D11-00A0C91BC942}") = "libigl_tests", "libigl_tests.vcxproj", "{E41EBE67-3266-375D-AA25-145E725C8AE0}"
	ProjectSection(ProjectDependencies) = postProject
		{8625D0BC-4A9D-3A89-8854-1EEF6D32B5BB} = {8625D0BC-4A9D-3A89-8854-1EEF6D32B5BB}
		{CBF727F8-FB59-30A7-975E-D8B00BADD442} = {CBF727F8-FB59-30A7-975E-D8B00BADD442}
		{54EB17E6-1583-38FD-8C58-27D0F9ED9568} = {54EB17E6-1583-38FD-8C58-27D0F9ED9568}
		{5EC6C87F-5453-3D09-927E-159853A66291} = {5EC6C87F-5453-3D09-927E-159853A66291}
		{1A6EB762-97B2-3FDC-8CE7-AEDFD4B76AE5} = {1A6EB762-97B2-3FDC-8CE7-AEDFD4B76AE5}
		{D9417B16-986B-3A7E-BF47-9219681BE0AA} = {D9417B16-986B-3A7E-BF47-9219681BE0AA}
		{245F0EB5-D520-394E-AF26-977889F87A14} = {245F0EB5-D520-394E-AF26-977889F87A14}
		{F1F60633-EE2E-3C16-9574-5A257BA36E0C} = {F1F60633-EE2E-3C16-9574-5A257BA36E0C}
		{04B81C8E-AD6C-3C2F-A1EA-09CA9B28A01D} = {04B81C8E-AD6C-3C2F-A1EA-09CA9B28A01D}
		{D8DE7800-56B3-3618-8E6F-7B76F31376AA} = {D8DE7800-56B3-3618-8E6F-7B76F31376AA}
		{A12DDA6F-21C9-3362-BD03-510E0C79B5E7} = {A12DDA6F-21C9-3362-BD03-510E0C79B5E7}
		{8A577433-A1E6-3267-941B-B561FC52435D} = {8A577433-A1E6-3267-941B-B561FC52435D}
		{C2D23F6D-7DE1-3B64-BBB1-11508DBB9A39} = {C2D23F6D-7DE1-3B64-BBB1-11508DBB9A39}
		{2E4EB707-8C34-32C4-8FFA-FE5EAA7F2B18} = {2E4EB707-8C34-32C4-8FFA-FE5EAA7F2B18}
		{4E39C0F3-13F5-362B-9EC0-A9D0B0709F5A} = {4E39C0F3-13F5-362B-9EC0-A9D0B0709F5A}
		{8B48A82F-EDF9-3F7B-8525-830877CCAC3E} = {8B48A82F-EDF9-3F7B-8525-830877CCAC3E}
		{A88B0AE5-EBAC-3604-8A3F-FA3189C62450} = {A88B0AE5-EBAC-3604-8A3F-FA3189C62450}
	EndProjectSection
EndProject
Project("{8BC9CEB8-8B4A-11D0-8D11-00A0C91BC942}") = "math", "..\embree\common\math\math.vcxproj", "{A12DDA6F-21C9-3362-BD03-510E0C79B5E7}"
	ProjectSection(ProjectDependencies) = postProject
		{CBF727F8-FB59-30A7-975E-D8B00BADD442} = {CBF727F8-FB59-30A7-975E-D8B00BADD442}
	EndProjectSection
EndProject
Project("{8BC9CEB8-8B4A-11D0-8D11-00A0C91BC942}") = "predicates", "..\predicates\predicates.vcxproj", "{8A577433-A1E6-3267-941B-B561FC52435D}"
	ProjectSection(ProjectDependencies) = postProject
		{CBF727F8-FB59-30A7-975E-D8B00BADD442} = {CBF727F8-FB59-30A7-975E-D8B00BADD442}
	EndProjectSection
EndProject
Project("{8BC9CEB8-8B4A-11D0-8D11-00A0C91BC942}") = "simd", "..\embree\common\simd\simd.vcxproj", "{C2D23F6D-7DE1-3B64-BBB1-11508DBB9A39}"
	ProjectSection(ProjectDependencies) = postProject
		{CBF727F8-FB59-30A7-975E-D8B00BADD442} = {CBF727F8-FB59-30A7-975E-D8B00BADD442}
	EndProjectSection
EndProject
Project("{8BC9CEB8-8B4A-11D0-8D11-00A0C91BC942}") = "sys", "..\embree\common\sys\sys.vcxproj", "{2E4EB707-8C34-32C4-8FFA-FE5EAA7F2B18}"
	ProjectSection(ProjectDependencies) = postProject
		{CBF727F8-FB59-30A7-975E-D8B00BADD442} = {CBF727F8-FB59-30A7-975E-D8B00BADD442}
	EndProjectSection
EndProject
Project("{8BC9CEB8-8B4A-11D0-8D11-00A0C91BC942}") = "tasking", "..\embree\common\tasking\tasking.vcxproj", "{4E39C0F3-13F5-362B-9EC0-A9D0B0709F5A}"
	ProjectSection(ProjectDependencies) = postProject
		{CBF727F8-FB59-30A7-975E-D8B00BADD442} = {CBF727F8-FB59-30A7-975E-D8B00BADD442}
	EndProjectSection
EndProject
Project("{8BC9CEB8-8B4A-11D0-8D11-00A0C91BC942}") = "tetgen", "..\tetgen\tetgen.vcxproj", "{8B48A82F-EDF9-3F7B-8525-830877CCAC3E}"
	ProjectSection(ProjectDependencies) = postProject
		{CBF727F8-FB59-30A7-975E-D8B00BADD442} = {CBF727F8-FB59-30A7-975E-D8B00BADD442}
	EndProjectSection
EndProject
Project("{8BC9CEB8-8B4A-11D0-8D11-00A0C91BC942}") = "triangle", "..\triangle\triangle.vcxproj", "{A88B0AE5-EBAC-3604-8A3F-FA3189C62450}"
	ProjectSection(ProjectDependencies) = postProject
		{CBF727F8-FB59-30A7-975E-D8B00BADD442} = {CBF727F8-FB59-30A7-975E-D8B00BADD442}
	EndProjectSection
EndProject
Global
	GlobalSection(SolutionConfigurationPlatforms) = preSolution
		Debug|Win32 = Debug|Win32
		Release|Win32 = Release|Win32
		RelWithDebInfo|Win32 = RelWithDebInfo|Win32
	EndGlobalSection
	GlobalSection(ProjectConfigurationPlatforms) = postSolution
		{AD560ED3-79F1-3C96-A8D3-6DDCED198C63}.Debug|Win32.ActiveCfg = Debug|Win32
		{AD560ED3-79F1-3C96-A8D3-6DDCED198C63}.Debug|Win32.Build.0 = Debug|Win32
		{AD560ED3-79F1-3C96-A8D3-6DDCED198C63}.Release|Win32.ActiveCfg = Release|Win32
		{AD560ED3-79F1-3C96-A8D3-6DDCED198C63}.Release|Win32.Build.0 = Release|Win32
		{AD560ED3-79F1-3C96-A8D3-6DDCED198C63}.RelWithDebInfo|Win32.ActiveCfg = RelWithDebInfo|Win32
		{AD560ED3-79F1-3C96-A8D3-6DDCED198C63}.RelWithDebInfo|Win32.Build.0 = RelWithDebInfo|Win32
		{8625D0BC-4A9D-3A89-8854-1EEF6D32B5BB}.Debug|Win32.ActiveCfg = Debug|Win32
		{8625D0BC-4A9D-3A89-8854-1EEF6D32B5BB}.Debug|Win32.Build.0 = Debug|Win32
		{8625D0BC-4A9D-3A89-8854-1EEF6D32B5BB}.Release|Win32.ActiveCfg = Release|Win32
		{8625D0BC-4A9D-3A89-8854-1EEF6D32B5BB}.Release|Win32.Build.0 = Release|Win32
		{8625D0BC-4A9D-3A89-8854-1EEF6D32B5BB}.RelWithDebInfo|Win32.ActiveCfg = RelWithDebInfo|Win32
		{8625D0BC-4A9D-3A89-8854-1EEF6D32B5BB}.RelWithDebInfo|Win32.Build.0 = RelWithDebInfo|Win32
		{3B678B41-6D95-369A-A924-1696DE336839}.Debug|Win32.ActiveCfg = Debug|Win32
		{3B678B41-6D95-369A-A924-1696DE336839}.Release|Win32.ActiveCfg = Release|Win32
		{3B678B41-6D95-369A-A924-1696DE336839}.RelWithDebInfo|Win32.ActiveCfg = RelWithDebInfo|Win32
		{5C2A3335-16CC-301D-BD14-8F51CA6BE801}.Debug|Win32.ActiveCfg = Debug|Win32
		{5C2A3335-16CC-301D-BD14-8F51CA6BE801}.Release|Win32.ActiveCfg = Release|Win32
		{5C2A3335-16CC-301D-BD14-8F51CA6BE801}.RelWithDebInfo|Win32.ActiveCfg = RelWithDebInfo|Win32
		{EE158531-3A2B-31B1-840B-04DD9A3BB963}.Debug|Win32.ActiveCfg = Debug|Win32
		{EE158531-3A2B-31B1-840B-04DD9A3BB963}.Release|Win32.ActiveCfg = Release|Win32
		{EE158531-3A2B-31B1-840B-04DD9A3BB963}.RelWithDebInfo|Win32.ActiveCfg = RelWithDebInfo|Win32
		{CBF727F8-FB59-30A7-975E-D8B00BADD442}.Debug|Win32.ActiveCfg = Debug|Win32
		{CBF727F8-FB59-30A7-975E-D8B00BADD442}.Debug|Win32.Build.0 = Debug|Win32
		{CBF727F8-FB59-30A7-975E-D8B00BADD442}.Release|Win32.ActiveCfg = Release|Win32
		{CBF727F8-FB59-30A7-975E-D8B00BADD442}.Release|Win32.Build.0 = Release|Win32
		{CBF727F8-FB59-30A7-975E-D8B00BADD442}.RelWithDebInfo|Win32.ActiveCfg = RelWithDebInfo|Win32
		{CBF727F8-FB59-30A7-975E-D8B00BADD442}.RelWithDebInfo|Win32.Build.0 = RelWithDebInfo|Win32
		{1BBB7536-518E-3B0D-BEC1-0EF06C59F1AB}.Debug|Win32.ActiveCfg = Debug|Win32
		{1BBB7536-518E-3B0D-BEC1-0EF06C59F1AB}.Debug|Win32.Build.0 = Debug|Win32
		{1BBB7536-518E-3B0D-BEC1-0EF06C59F1AB}.Release|Win32.ActiveCfg = Release|Win32
		{1BBB7536-518E-3B0D-BEC1-0EF06C59F1AB}.Release|Win32.Build.0 = Release|Win32
		{1BBB7536-518E-3B0D-BEC1-0EF06C59F1AB}.RelWithDebInfo|Win32.ActiveCfg = RelWithDebInfo|Win32
		{1BBB7536-518E-3B0D-BEC1-0EF06C59F1AB}.RelWithDebInfo|Win32.Build.0 = RelWithDebInfo|Win32
		{54EB17E6-1583-38FD-8C58-27D0F9ED9568}.Debug|Win32.ActiveCfg = Debug|Win32
		{54EB17E6-1583-38FD-8C58-27D0F9ED9568}.Debug|Win32.Build.0 = Debug|Win32
		{54EB17E6-1583-38FD-8C58-27D0F9ED9568}.Release|Win32.ActiveCfg = Release|Win32
		{54EB17E6-1583-38FD-8C58-27D0F9ED9568}.Release|Win32.Build.0 = Release|Win32
		{54EB17E6-1583-38FD-8C58-27D0F9ED9568}.RelWithDebInfo|Win32.ActiveCfg = RelWithDebInfo|Win32
		{54EB17E6-1583-38FD-8C58-27D0F9ED9568}.RelWithDebInfo|Win32.Build.0 = RelWithDebInfo|Win32
		{5EC6C87F-5453-3D09-927E-159853A66291}.Debug|Win32.ActiveCfg = Debug|Win32
		{5EC6C87F-5453-3D09-927E-159853A66291}.Debug|Win32.Build.0 = Debug|Win32
		{5EC6C87F-5453-3D09-927E-159853A66291}.Release|Win32.ActiveCfg = Release|Win32
		{5EC6C87F-5453-3D09-927E-159853A66291}.Release|Win32.Build.0 = Release|Win32
		{5EC6C87F-5453-3D09-927E-159853A66291}.RelWithDebInfo|Win32.ActiveCfg = RelWithDebInfo|Win32
		{5EC6C87F-5453-3D09-927E-159853A66291}.RelWithDebInfo|Win32.Build.0 = RelWithDebInfo|Win32
		{1A6EB762-97B2-3FDC-8CE7-AEDFD4B76AE5}.Debug|Win32.ActiveCfg = Debug|Win32
		{1A6EB762-97B2-3FDC-8CE7-AEDFD4B76AE5}.Debug|Win32.Build.0 = Debug|Win32
		{1A6EB762-97B2-3FDC-8CE7-AEDFD4B76AE5}.Release|Win32.ActiveCfg = Release|Win32
		{1A6EB762-97B2-3FDC-8CE7-AEDFD4B76AE5}.Release|Win32.Build.0 = Release|Win32
		{1A6EB762-97B2-3FDC-8CE7-AEDFD4B76AE5}.RelWithDebInfo|Win32.ActiveCfg = RelWithDebInfo|Win32
		{1A6EB762-97B2-3FDC-8CE7-AEDFD4B76AE5}.RelWithDebInfo|Win32.Build.0 = RelWithDebInfo|Win32
		{D9417B16-986B-3A7E-BF47-9219681BE0AA}.Debug|Win32.ActiveCfg = Debug|Win32
		{D9417B16-986B-3A7E-BF47-9219681BE0AA}.Debug|Win32.Build.0 = Debug|Win32
		{D9417B16-986B-3A7E-BF47-9219681BE0AA}.Release|Win32.ActiveCfg = Release|Win32
		{D9417B16-986B-3A7E-BF47-9219681BE0AA}.Release|Win32.Build.0 = Release|Win32
		{D9417B16-986B-3A7E-BF47-9219681BE0AA}.RelWithDebInfo|Win32.ActiveCfg = RelWithDebInfo|Win32
		{D9417B16-986B-3A7E-BF47-9219681BE0AA}.RelWithDebInfo|Win32.Build.0 = RelWithDebInfo|Win32
		{245F0EB5-D520-394E-AF26-977889F87A14}.Debug|Win32.ActiveCfg = Debug|Win32
		{245F0EB5-D520-394E-AF26-977889F87A14}.Debug|Win32.Build.0 = Debug|Win32
		{245F0EB5-D520-394E-AF26-977889F87A14}.Release|Win32.ActiveCfg = Release|Win32
		{245F0EB5-D520-394E-AF26-977889F87A14}.Release|Win32.Build.0 = Release|Win32
		{245F0EB5-D520-394E-AF26-977889F87A14}.RelWithDebInfo|Win32.ActiveCfg = RelWithDebInfo|Win32
		{245F0EB5-D520-394E-AF26-977889F87A14}.RelWithDebInfo|Win32.Build.0 = RelWithDebInfo|Win32
		{F1F60633-EE2E-3C16-9574-5A257BA36E0C}.Debug|Win32.ActiveCfg = Debug|Win32
		{F1F60633-EE2E-3C16-9574-5A257BA36E0C}.Debug|Win32.Build.0 = Debug|Win32
		{F1F60633-EE2E-3C16-9574-5A257BA36E0C}.Release|Win32.ActiveCfg = Release|Win32
		{F1F60633-EE2E-3C16-9574-5A257BA36E0C}.Release|Win32.Build.0 = Release|Win32
		{F1F60633-EE2E-3C16-9574-5A257BA36E0C}.RelWithDebInfo|Win32.ActiveCfg = RelWithDebInfo|Win32
		{F1F60633-EE2E-3C16-9574-5A257BA36E0C}.RelWithDebInfo|Win32.Build.0 = RelWithDebInfo|Win32
		{04B81C8E-AD6C-3C2F-A1EA-09CA9B28A01D}.Debug|Win32.ActiveCfg = Debug|Win32
		{04B81C8E-AD6C-3C2F-A1EA-09CA9B28A01D}.Debug|Win32.Build.0 = Debug|Win32
		{04B81C8E-AD6C-3C2F-A1EA-09CA9B28A01D}.Release|Win32.ActiveCfg = Release|Win32
		{04B81C8E-AD6C-3C2F-A1EA-09CA9B28A01D}.Release|Win32.Build.0 = Release|Win32
		{04B81C8E-AD6C-3C2F-A1EA-09CA9B28A01D}.RelWithDebInfo|Win32.ActiveCfg = RelWithDebInfo|Win32
		{04B81C8E-AD6C-3C2F-A1EA-09CA9B28A01D}.RelWithDebInfo|Win32.Build.0 = RelWithDebInfo|Win32
		{D8DE7800-56B3-3618-8E6F-7B76F31376AA}.Debug|Win32.ActiveCfg = Debug|Win32
		{D8DE7800-56B3-3618-8E6F-7B76F31376AA}.Debug|Win32.Build.0 = Debug|Win32
		{D8DE7800-56B3-3618-8E6F-7B76F31376AA}.Release|Win32.ActiveCfg = Release|Win32
		{D8DE7800-56B3-3618-8E6F-7B76F31376AA}.Release|Win32.Build.0 = Release|Win32
		{D8DE7800-56B3-3618-8E6F-7B76F31376AA}.RelWithDebInfo|Win32.ActiveCfg = RelWithDebInfo|Win32
		{D8DE7800-56B3-3618-8E6F-7B76F31376AA}.RelWithDebInfo|Win32.Build.0 = RelWithDebInfo|Win32
		{E41EBE67-3266-375D-AA25-145E725C8AE0}.Debug|Win32.ActiveCfg = Debug|Win32
		{E41EBE67-3266-375D-AA25-145E725C8AE0}.Debug|Win32.Build.0 = Debug|Win32
		{E41EBE67-3266-375D-AA25-145E725C8AE0}.Release|Win32.ActiveCfg = Release|Win32
		{E41EBE67-3266-375D-AA25-145E725C8AE0}.Release|Win32.Build.0 = Release|Win32
		{E41EBE67-3266-375D-AA25-145E725C8AE0}.RelWithDebInfo|Win32.ActiveCfg = RelWithDebInfo|Win32
		{E41EBE67-3266-375D-AA25-145E725C8AE0}.RelWithDebInfo|Win32.Build.0 = RelWithDebInfo|Win32
		{A12DDA6F-21C9-3362-BD03-510E0C79B5E7}.Debug|Win32.ActiveCfg = Debug|Win32
		{A12DDA6F-21C9-3362-BD03-510E0C79B5E7}.Debug|Win32.Build.0 = Debug|Win32
		{A12DDA6F-21C9-3362-BD03-510E0C79B5E7}.Release|Win32.ActiveCfg = Release|Win32
		{A12DDA6F-21C9-3362-BD03-510E0C79B5E7}.Release|Win32.Build.0 = Release|Win32
		{A12DDA6F-21C9-3362-BD03-510E0C79B5E7}.RelWithDebInfo|Win32.ActiveCfg = RelWithDebInfo|Win32
		{A12DDA6F-21C9-3362-BD03-510E0C79B5E7}.RelWithDebInfo|Win32.Build.0 = RelWithDebInfo|Win32
		{8A577433-A1E6-3267-941B-B561FC52435D}.Debug|Win32.ActiveCfg = Debug|Win32
		{8A577433-A1E6-3267-941B-B561FC52435D}.Debug|Win32.Build.0 = Debug|Win32
		{8A577433-A1E6-3267-941B-B561FC52435D}.Release|Win32.ActiveCfg = Release|Win32
		{8A577433-A1E6-3267-941B-B561FC52435D}.Release|Win32.Build.0 = Release|Win32
		{8A577433-A1E6-3267-941B-B561FC52435D}.RelWithDebInfo|Win32.ActiveCfg = RelWithDebInfo|Win32
		{8A577433-A1E6-3267-941B-B561FC52435D}.RelWithDebInfo|Win32.Build.0 = RelWithDebInfo|Win32
		{C2D23F6D-7DE1-3B64-BBB1-11508DBB9A39}.Debug|Win32.ActiveCfg = Debug|Win32
		{C2D23F6D-7DE1-3B64-BBB1-11508DBB9A39}.Debug|Win32.Build.0 = Debug|Win32
		{C2D23F6D-7DE1-3B64-BBB1-11508DBB9A39}.Release|Win32.ActiveCfg = Release|Win32
		{C2D23F6D-7DE1-3B64-BBB1-11508DBB9A39}.Release|Win32.Build.0 = Release|Win32
		{C2D23F6D-7DE1-3B64-BBB1-11508DBB9A39}.RelWithDebInfo|Win32.ActiveCfg = RelWithDebInfo|Win32
		{C2D23F6D-7DE1-3B64-BBB1-11508DBB9A39}.RelWithDebInfo|Win32.Build.0 = RelWithDebInfo|Win32
		{2E4EB707-8C34-32C4-8FFA-FE5EAA7F2B18}.Debug|Win32.ActiveCfg = Debug|Win32
		{2E4EB707-8C34-32C4-8FFA-FE5EAA7F2B18}.Debug|Win32.Build.0 = Debug|Win32
		{2E4EB707-8C34-32C4-8FFA-FE5EAA7F2B18}.Release|Win32.ActiveCfg = Release|Win32
		{2E4EB707-8C34-32C4-8FFA-FE5EAA7F2B18}.Release|Win32.Build.0 = Release|Win32
		{2E4EB707-8C34-32C4-8FFA-FE5EAA7F2B18}.RelWithDebInfo|Win32.ActiveCfg = RelWithDebInfo|Win32
		{2E4EB707-8C34-32C4-8FFA-FE5EAA7F2B18}.RelWithDebInfo|Win32.Build.0 = RelWithDebInfo|Win32
		{4E39C0F3-13F5-362B-9EC0-A9D0B0709F5A}.Debug|Win32.ActiveCfg = Debug|Win32
		{4E39C0F3-13F5-362B-9EC0-A9D0B0709F5A}.Debug|Win32.Build.0 = Debug|Win32
		{4E39C0F3-13F5-362B-9EC0-A9D0B0709F5A}.Release|Win32.ActiveCfg = Release|Win32
		{4E39C0F3-13F5-362B-9EC0-A9D0B0709F5A}.Release|Win32.Build.0 = Release|Win32
		{4E39C0F3-13F5-362B-9EC0-A9D0B0709F5A}.RelWithDebInfo|Win32.ActiveCfg = RelWithDebInfo|Win32
		{4E39C0F3-13F5-362B-9EC0-A9D0B0709F5A}.RelWithDebInfo|Win32.Build.0 = RelWithDebInfo|Win32
		{8B48A82F-EDF9-3F7B-8525-830877CCAC3E}.Debug|Win32.ActiveCfg = Debug|Win32
		{8B48A82F-EDF9-3F7B-8525-830877CCAC3E}.Debug|Win32.Build.0 = Debug|Win32
		{8B48A82F-EDF9-3F7B-8525-830877CCAC3E}.Release|Win32.ActiveCfg = Release|Win32
		{8B48A82F-EDF9-3F7B-8525-830877CCAC3E}.Release|Win32.Build.0 = Release|Win32
		{8B48A82F-EDF9-3F7B-8525-830877CCAC3E}.RelWithDebInfo|Win32.ActiveCfg = RelWithDebInfo|Win32
		{8B48A82F-EDF9-3F7B-8525-830877CCAC3E}.RelWithDebInfo|Win32.Build.0 = RelWithDebInfo|Win32
		{A88B0AE5-EBAC-3604-8A3F-FA3189C62450}.Debug|Win32.ActiveCfg = Debug|Win32
		{A88B0AE5-EBAC-3604-8A3F-FA3189C62450}.Debug|Win32.Build.0 = Debug|Win32
		{A88B0AE5-EBAC-3604-8A3F-FA3189C62450}.Release|Win32.ActiveCfg = Release|Win32
		{A88B0AE5-EBAC-3604-8A3F-FA3189C62450}.Release|Win32.Build.0 = Release|Win32
		{A88B0AE5-EBAC-3604-8A3F-FA3189C62450}.RelWithDebInfo|Win32.ActiveCfg = RelWithDebInfo|Win32
		{A88B0AE5-EBAC-3604-8A3F-FA3189C62450}.RelWithDebInfo|Win32.Build.0 = RelWithDebInfo|Win32
	EndGlobalSection
	GlobalSection(NestedProjects) = preSolution
		{AD560ED3-79F1-3C96-A8D3-6DDCED198C63} = {E610FA38-6F5D-3EA9-9A80-E06EC3B3486D}
		{3B678B41-6D95-369A-A924-1696DE336839} = {E610FA38-6F5D-3EA9-9A80-E06EC3B3486D}
		{5C2A3335-16CC-301D-BD14-8F51CA6BE801} = {E610FA38-6F5D-3EA9-9A80-E06EC3B3486D}
		{EE158531-3A2B-31B1-840B-04DD9A3BB963} = {E610FA38-6F5D-3EA9-9A80-E06EC3B3486D}
		{CBF727F8-FB59-30A7-975E-D8B00BADD442} = {E610FA38-6F5D-3EA9-9A80-E06EC3B3486D}
		{5EC6C87F-5453-3D09-927E-159853A66291} = {EF407305-A894-3AF0-B726-4AB0EE36E1F5}
		{1A6EB762-97B2-3FDC-8CE7-AEDFD4B76AE5} = {EF407305-A894-3AF0-B726-4AB0EE36E1F5}
		{D9417B16-986B-3A7E-BF47-9219681BE0AA} = {EF407305-A894-3AF0-B726-4AB0EE36E1F5}
		{245F0EB5-D520-394E-AF26-977889F87A14} = {EF407305-A894-3AF0-B726-4AB0EE36E1F5}
		{F1F60633-EE2E-3C16-9574-5A257BA36E0C} = {EF407305-A894-3AF0-B726-4AB0EE36E1F5}
		{04B81C8E-AD6C-3C2F-A1EA-09CA9B28A01D} = {EF407305-A894-3AF0-B726-4AB0EE36E1F5}
		{9A8FA12C-CA0A-359A-BCBC-1BED4490EFA5} = {6EC21443-10F0-30FA-B1AF-E8A393FC8827}
		{8625D0BC-4A9D-3A89-8854-1EEF6D32B5BB} = {6EC21443-10F0-30FA-B1AF-E8A393FC8827}
		{8A577433-A1E6-3267-941B-B561FC52435D} = {6EC21443-10F0-30FA-B1AF-E8A393FC8827}
		{8B48A82F-EDF9-3F7B-8525-830877CCAC3E} = {6EC21443-10F0-30FA-B1AF-E8A393FC8827}
		{A88B0AE5-EBAC-3604-8A3F-FA3189C62450} = {6EC21443-10F0-30FA-B1AF-E8A393FC8827}
		{1BBB7536-518E-3B0D-BEC1-0EF06C59F1AB} = {9A8FA12C-CA0A-359A-BCBC-1BED4490EFA5}
		{54EB17E6-1583-38FD-8C58-27D0F9ED9568} = {9A8FA12C-CA0A-359A-BCBC-1BED4490EFA5}
		{D8DE7800-56B3-3618-8E6F-7B76F31376AA} = {9A8FA12C-CA0A-359A-BCBC-1BED4490EFA5}
		{A12DDA6F-21C9-3362-BD03-510E0C79B5E7} = {9A8FA12C-CA0A-359A-BCBC-1BED4490EFA5}
		{C2D23F6D-7DE1-3B64-BBB1-11508DBB9A39} = {9A8FA12C-CA0A-359A-BCBC-1BED4490EFA5}
		{2E4EB707-8C34-32C4-8FFA-FE5EAA7F2B18} = {9A8FA12C-CA0A-359A-BCBC-1BED4490EFA5}
		{4E39C0F3-13F5-362B-9EC0-A9D0B0709F5A} = {9A8FA12C-CA0A-359A-BCBC-1BED4490EFA5}
		{E41EBE67-3266-375D-AA25-145E725C8AE0} = {3B6AD14B-FB67-3855-A84F-4B19B0989D76}
	EndGlobalSection
	GlobalSection(ExtensibilityGlobals) = postSolution
		SolutionGuid = {50D32075-CBDC-395E-8A7C-8E71898EC571}
	EndGlobalSection
	GlobalSection(ExtensibilityAddIns) = postSolution
	EndGlobalSection
EndGlobal
