<?xml version="1.0" encoding="utf-8"?>
<Project ToolsVersion="16.0" xmlns="http://schemas.microsoft.com/developer/msbuild/2003">
  <ItemGroup>
    <ClCompile Include="G:\gitRepositories\libigl_CGAL_openGL\tests\main.cpp">
      <Filter>Source Files</Filter>
    </ClCompile>
    <ClCompile Include="G:\gitRepositories\libigl_CGAL_openGL\tests\include\igl\copyleft\tetgen\tetrahedralize.cpp">
      <Filter>Source Files</Filter>
    </ClCompile>
    <ClCompile Include="G:\gitRepositories\libigl_CGAL_openGL\tests\include\igl\copyleft\comiso\miq.cpp">
      <Filter>Source Files</Filter>
    </ClCompile>
    <ClCompile Include="G:\gitRepositories\libigl_CGAL_openGL\tests\include\igl\embree\EmbreeIntersector.cpp">
      <Filter>Source Files</Filter>
    </ClCompile>
    <ClCompile Include="G:\gitRepositories\libigl_CGAL_openGL\tests\include\igl\predicates\ear_clipping.cpp">
      <Filter>Source Files</Filter>
    </ClCompile>
    <ClCompile Include="G:\gitRepositories\libigl_CGAL_openGL\tests\include\igl\predicates\predicates.cpp">
      <Filter>Source Files</Filter>
    </ClCompile>
    <ClCompile Include="G:\gitRepositories\libigl_CGAL_openGL\tests\include\igl\predicates\segment_segment_intersect.cpp">
      <Filter>Source Files</Filter>
    </ClCompile>
    <ClCompile Include="G:\gitRepositories\libigl_CGAL_openGL\tests\include\igl\triangle\scaf.cpp">
      <Filter>Source Files</Filter>
    </ClCompile>
    <ClCompile Include="G:\gitRepositories\libigl_CGAL_openGL\tests\include\igl\MshLoader.cpp">
      <Filter>Source Files</Filter>
    </ClCompile>
    <ClCompile Include="G:\gitRepositories\libigl_CGAL_openGL\tests\include\igl\MshSaver.cpp">
      <Filter>Source Files</Filter>
    </ClCompile>
    <ClCompile Include="G:\gitRepositories\libigl_CGAL_openGL\tests\include\igl\accumarray.cpp">
      <Filter>Source Files</Filter>
    </ClCompile>
    <ClCompile Include="G:\gitRepositories\libigl_CGAL_openGL\tests\include\igl\avg_edge_length.cpp">
      <Filter>Source Files</Filter>
    </ClCompile>
    <ClCompile Include="G:\gitRepositories\libigl_CGAL_openGL\tests\include\igl\barycentric_interpolation.cpp">
      <Filter>Source Files</Filter>
    </ClCompile>
    <ClCompile Include="G:\gitRepositories\libigl_CGAL_openGL\tests\include\igl\bbw.cpp">
      <Filter>Source Files</Filter>
    </ClCompile>
    <ClCompile Include="G:\gitRepositories\libigl_CGAL_openGL\tests\include\igl\bezier.cpp">
      <Filter>Source Files</Filter>
    </ClCompile>
    <ClCompile Include="G:\gitRepositories\libigl_CGAL_openGL\tests\include\igl\blkdiag.cpp">
      <Filter>Source Files</Filter>
    </ClCompile>
    <ClCompile Include="G:\gitRepositories\libigl_CGAL_openGL\tests\include\igl\blue_noise.cpp">
      <Filter>Source Files</Filter>
    </ClCompile>
    <ClCompile Include="G:\gitRepositories\libigl_CGAL_openGL\tests\include\igl\boundary_facets.cpp">
      <Filter>Source Files</Filter>
    </ClCompile>
    <ClCompile Include="G:\gitRepositories\libigl_CGAL_openGL\tests\include\igl\boundary_loop.cpp">
      <Filter>Source Files</Filter>
    </ClCompile>
    <ClCompile Include="G:\gitRepositories\libigl_CGAL_openGL\tests\include\igl\cat.cpp">
      <Filter>Source Files</Filter>
    </ClCompile>
    <ClCompile Include="G:\gitRepositories\libigl_CGAL_openGL\tests\include\igl\circulation.cpp">
      <Filter>Source Files</Filter>
    </ClCompile>
    <ClCompile Include="G:\gitRepositories\libigl_CGAL_openGL\tests\include\igl\cotmatrix.cpp">
      <Filter>Source Files</Filter>
    </ClCompile>
    <ClCompile Include="G:\gitRepositories\libigl_CGAL_openGL\tests\include\igl\cotmatrix_entries.cpp">
      <Filter>Source Files</Filter>
    </ClCompile>
    <ClCompile Include="G:\gitRepositories\libigl_CGAL_openGL\tests\include\igl\cotmatrix_intrinsic.cpp">
      <Filter>Source Files</Filter>
    </ClCompile>
    <ClCompile Include="G:\gitRepositories\libigl_CGAL_openGL\tests\include\igl\cr_vector_curvature_correction.cpp">
      <Filter>Source Files</Filter>
    </ClCompile>
    <ClCompile Include="G:\gitRepositories\libigl_CGAL_openGL\tests\include\igl\cr_vector_laplacian.cpp">
      <Filter>Source Files</Filter>
    </ClCompile>
    <ClCompile Include="G:\gitRepositories\libigl_CGAL_openGL\tests\include\igl\cumprod.cpp">
      <Filter>Source Files</Filter>
    </ClCompile>
    <ClCompile Include="G:\gitRepositories\libigl_CGAL_openGL\tests\include\igl\cumsum.cpp">
      <Filter>Source Files</Filter>
    </ClCompile>
    <ClCompile Include="G:\gitRepositories\libigl_CGAL_openGL\tests\include\igl\curved_hessian_energy.cpp">
      <Filter>Source Files</Filter>
    </ClCompile>
    <ClCompile Include="G:\gitRepositories\libigl_CGAL_openGL\tests\include\igl\cut_mesh.cpp">
      <Filter>Source Files</Filter>
    </ClCompile>
    <ClCompile Include="G:\gitRepositories\libigl_CGAL_openGL\tests\include\igl\cut_to_disk.cpp">
      <Filter>Source Files</Filter>
    </ClCompile>
    <ClCompile Include="G:\gitRepositories\libigl_CGAL_openGL\tests\include\igl\decimate.cpp">
      <Filter>Source Files</Filter>
    </ClCompile>
    <ClCompile Include="G:\gitRepositories\libigl_CGAL_openGL\tests\include\igl\delaunay_triangulation.cpp">
      <Filter>Source Files</Filter>
    </ClCompile>
    <ClCompile Include="G:\gitRepositories\libigl_CGAL_openGL\tests\include\igl\dijkstra.cpp">
      <Filter>Source Files</Filter>
    </ClCompile>
    <ClCompile Include="G:\gitRepositories\libigl_CGAL_openGL\tests\include\igl\direct_delta_mush.cpp">
      <Filter>Source Files</Filter>
    </ClCompile>
    <ClCompile Include="G:\gitRepositories\libigl_CGAL_openGL\tests\include\igl\dirname.cpp">
      <Filter>Source Files</Filter>
    </ClCompile>
    <ClCompile Include="G:\gitRepositories\libigl_CGAL_openGL\tests\include\igl\doublearea.cpp">
      <Filter>Source Files</Filter>
    </ClCompile>
    <ClCompile Include="G:\gitRepositories\libigl_CGAL_openGL\tests\include\igl\edge_exists_near.cpp">
      <Filter>Source Files</Filter>
    </ClCompile>
    <ClCompile Include="G:\gitRepositories\libigl_CGAL_openGL\tests\include\igl\edge_flaps.cpp">
      <Filter>Source Files</Filter>
    </ClCompile>
    <ClCompile Include="G:\gitRepositories\libigl_CGAL_openGL\tests\include\igl\edge_lengths.cpp">
      <Filter>Source Files</Filter>
    </ClCompile>
    <ClCompile Include="G:\gitRepositories\libigl_CGAL_openGL\tests\include\igl\facet_components.cpp">
      <Filter>Source Files</Filter>
    </ClCompile>
    <ClCompile Include="G:\gitRepositories\libigl_CGAL_openGL\tests\include\igl\fast_winding_number.cpp">
      <Filter>Source Files</Filter>
    </ClCompile>
    <ClCompile Include="G:\gitRepositories\libigl_CGAL_openGL\tests\include\igl\fit_cubic_bezier.cpp">
      <Filter>Source Files</Filter>
    </ClCompile>
    <ClCompile Include="G:\gitRepositories\libigl_CGAL_openGL\tests\include\igl\grad.cpp">
      <Filter>Source Files</Filter>
    </ClCompile>
    <ClCompile Include="G:\gitRepositories\libigl_CGAL_openGL\tests\include\igl\grad_intrinsic.cpp">
      <Filter>Source Files</Filter>
    </ClCompile>
    <ClCompile Include="G:\gitRepositories\libigl_CGAL_openGL\tests\include\igl\grid.cpp">
      <Filter>Source Files</Filter>
    </ClCompile>
    <ClCompile Include="G:\gitRepositories\libigl_CGAL_openGL\tests\include\igl\guess_extension.cpp">
      <Filter>Source Files</Filter>
    </ClCompile>
    <ClCompile Include="G:\gitRepositories\libigl_CGAL_openGL\tests\include\igl\heat_geodesics.cpp">
      <Filter>Source Files</Filter>
    </ClCompile>
    <ClCompile Include="G:\gitRepositories\libigl_CGAL_openGL\tests\include\igl\intrinsic_delaunay_cotmatrix.cpp">
      <Filter>Source Files</Filter>
    </ClCompile>
    <ClCompile Include="G:\gitRepositories\libigl_CGAL_openGL\tests\include\igl\intrinsic_delaunay_triangulation.cpp">
      <Filter>Source Files</Filter>
    </ClCompile>
    <ClCompile Include="G:\gitRepositories\libigl_CGAL_openGL\tests\include\igl\is_delaunay.cpp">
      <Filter>Source Files</Filter>
    </ClCompile>
    <ClCompile Include="G:\gitRepositories\libigl_CGAL_openGL\tests\include\igl\is_edge_manifold.cpp">
      <Filter>Source Files</Filter>
    </ClCompile>
    <ClCompile Include="G:\gitRepositories\libigl_CGAL_openGL\tests\include\igl\is_intrinsic_delaunay.cpp">
      <Filter>Source Files</Filter>
    </ClCompile>
    <ClCompile Include="G:\gitRepositories\libigl_CGAL_openGL\tests\include\igl\is_irregular_vertex.cpp">
      <Filter>Source Files</Filter>
    </ClCompile>
    <ClCompile Include="G:\gitRepositories\libigl_CGAL_openGL\tests\include\igl\is_symmetric.cpp">
      <Filter>Source Files</Filter>
    </ClCompile>
    <ClCompile Include="G:\gitRepositories\libigl_CGAL_openGL\tests\include\igl\ismember.cpp">
      <Filter>Source Files</Filter>
    </ClCompile>
    <ClCompile Include="G:\gitRepositories\libigl_CGAL_openGL\tests\include\igl\iterative_closest_point.cpp">
      <Filter>Source Files</Filter>
    </ClCompile>
    <ClCompile Include="G:\gitRepositories\libigl_CGAL_openGL\tests\include\igl\knn.cpp">
      <Filter>Source Files</Filter>
    </ClCompile>
    <ClCompile Include="G:\gitRepositories\libigl_CGAL_openGL\tests\include\igl\list_to_matrix.cpp">
      <Filter>Source Files</Filter>
    </ClCompile>
    <ClCompile Include="G:\gitRepositories\libigl_CGAL_openGL\tests\include\igl\min_quad_with_fixed.cpp">
      <Filter>Source Files</Filter>
    </ClCompile>
    <ClCompile Include="G:\gitRepositories\libigl_CGAL_openGL\tests\include\igl\orient_halfedges.cpp">
      <Filter>Source Files</Filter>
    </ClCompile>
    <ClCompile Include="G:\gitRepositories\libigl_CGAL_openGL\tests\include\igl\path_to_edges.cpp">
      <Filter>Source Files</Filter>
    </ClCompile>
    <ClCompile Include="G:\gitRepositories\libigl_CGAL_openGL\tests\include\igl\path_to_executable.cpp">
      <Filter>Source Files</Filter>
    </ClCompile>
    <ClCompile Include="G:\gitRepositories\libigl_CGAL_openGL\tests\include\igl\pathinfo.cpp">
      <Filter>Source Files</Filter>
    </ClCompile>
    <ClCompile Include="G:\gitRepositories\libigl_CGAL_openGL\tests\include\igl\per_face_normals.cpp">
      <Filter>Source Files</Filter>
    </ClCompile>
    <ClCompile Include="G:\gitRepositories\libigl_CGAL_openGL\tests\include\igl\polygon_corners.cpp">
      <Filter>Source Files</Filter>
    </ClCompile>
    <ClCompile Include="G:\gitRepositories\libigl_CGAL_openGL\tests\include\igl\principal_curvature.cpp">
      <Filter>Source Files</Filter>
    </ClCompile>
    <ClCompile Include="G:\gitRepositories\libigl_CGAL_openGL\tests\include\igl\qslim.cpp">
      <Filter>Source Files</Filter>
    </ClCompile>
    <ClCompile Include="G:\gitRepositories\libigl_CGAL_openGL\tests\include\igl\quadprog.cpp">
      <Filter>Source Files</Filter>
    </ClCompile>
    <ClCompile Include="G:\gitRepositories\libigl_CGAL_openGL\tests\include\igl\randperm.cpp">
      <Filter>Source Files</Filter>
    </ClCompile>
    <ClCompile Include="G:\gitRepositories\libigl_CGAL_openGL\tests\include\igl\readDMAT.cpp">
      <Filter>Source Files</Filter>
    </ClCompile>
    <ClCompile Include="G:\gitRepositories\libigl_CGAL_openGL\tests\include\igl\readMESH.cpp">
      <Filter>Source Files</Filter>
    </ClCompile>
    <ClCompile Include="G:\gitRepositories\libigl_CGAL_openGL\tests\include\igl\readMSH.cpp">
      <Filter>Source Files</Filter>
    </ClCompile>
    <ClCompile Include="G:\gitRepositories\libigl_CGAL_openGL\tests\include\igl\readOBJ.cpp">
      <Filter>Source Files</Filter>
    </ClCompile>
    <ClCompile Include="G:\gitRepositories\libigl_CGAL_openGL\tests\include\igl\readOFF.cpp">
      <Filter>Source Files</Filter>
    </ClCompile>
    <ClCompile Include="G:\gitRepositories\libigl_CGAL_openGL\tests\include\igl\readPLY.cpp">
      <Filter>Source Files</Filter>
    </ClCompile>
    <ClCompile Include="G:\gitRepositories\libigl_CGAL_openGL\tests\include\igl\remesh_along_isoline.cpp">
      <Filter>Source Files</Filter>
    </ClCompile>
    <ClCompile Include="G:\gitRepositories\libigl_CGAL_openGL\tests\include\igl\rigid_alignment.cpp">
      <Filter>Source Files</Filter>
    </ClCompile>
    <ClCompile Include="G:\gitRepositories\libigl_CGAL_openGL\tests\include\igl\seam_edges.cpp">
      <Filter>Source Files</Filter>
    </ClCompile>
    <ClCompile Include="G:\gitRepositories\libigl_CGAL_openGL\tests\include\igl\segment_segment_intersect.cpp">
      <Filter>Source Files</Filter>
    </ClCompile>
    <ClCompile Include="G:\gitRepositories\libigl_CGAL_openGL\tests\include\igl\setdiff.cpp">
      <Filter>Source Files</Filter>
    </ClCompile>
    <ClCompile Include="G:\gitRepositories\libigl_CGAL_openGL\tests\include\igl\signed_distance.cpp">
      <Filter>Source Files</Filter>
    </ClCompile>
    <ClCompile Include="G:\gitRepositories\libigl_CGAL_openGL\tests\include\igl\slice.cpp">
      <Filter>Source Files</Filter>
    </ClCompile>
    <ClCompile Include="G:\gitRepositories\libigl_CGAL_openGL\tests\include\igl\slice_into.cpp">
      <Filter>Source Files</Filter>
    </ClCompile>
    <ClCompile Include="G:\gitRepositories\libigl_CGAL_openGL\tests\include\igl\slice_sorted.cpp">
      <Filter>Source Files</Filter>
    </ClCompile>
    <ClCompile Include="G:\gitRepositories\libigl_CGAL_openGL\tests\include\igl\sort.cpp">
      <Filter>Source Files</Filter>
    </ClCompile>
    <ClCompile Include="G:\gitRepositories\libigl_CGAL_openGL\tests\include\igl\sparse_voxel_grid.cpp">
      <Filter>Source Files</Filter>
    </ClCompile>
    <ClCompile Include="G:\gitRepositories\libigl_CGAL_openGL\tests\include\igl\squared_edge_lengths.cpp">
      <Filter>Source Files</Filter>
    </ClCompile>
    <ClCompile Include="G:\gitRepositories\libigl_CGAL_openGL\tests\include\igl\tet_tet_adjacency.cpp">
      <Filter>Source Files</Filter>
    </ClCompile>
    <ClCompile Include="G:\gitRepositories\libigl_CGAL_openGL\tests\include\igl\triangle_triangle_adjacency.cpp">
      <Filter>Source Files</Filter>
    </ClCompile>
    <ClCompile Include="G:\gitRepositories\libigl_CGAL_openGL\tests\include\igl\triangulated_grid.cpp">
      <Filter>Source Files</Filter>
    </ClCompile>
    <ClCompile Include="G:\gitRepositories\libigl_CGAL_openGL\tests\include\igl\unique.cpp">
      <Filter>Source Files</Filter>
    </ClCompile>
    <ClCompile Include="G:\gitRepositories\libigl_CGAL_openGL\tests\include\igl\unique_simplices.cpp">
      <Filter>Source Files</Filter>
    </ClCompile>
    <ClCompile Include="G:\gitRepositories\libigl_CGAL_openGL\tests\include\igl\upsample.cpp">
      <Filter>Source Files</Filter>
    </ClCompile>
    <ClCompile Include="G:\gitRepositories\libigl_CGAL_openGL\tests\include\igl\writeMSH.cpp">
      <Filter>Source Files</Filter>
    </ClCompile>
    <ClCompile Include="G:\gitRepositories\libigl_CGAL_openGL\tests\include\igl\writePLY.cpp">
      <Filter>Source Files</Filter>
    </ClCompile>
  </ItemGroup>
  <ItemGroup>
    <ClInclude Include="G:\gitRepositories\libigl_CGAL_openGL\tests\test_common.h">
      <Filter>Header Files</Filter>
    </ClInclude>
  </ItemGroup>
  <ItemGroup>
    <CustomBuild Include="G:\gitRepositories\libigl_CGAL_openGL\tests\CMakeLists.txt" />
  </ItemGroup>
  <ItemGroup>
    <Filter Include="Header Files">
      <UniqueIdentifier>{66AF20FD-272D-32F7-A475-FF1FDC2024F6}</UniqueIdentifier>
    </Filter>
    <Filter Include="Source Files">
      <UniqueIdentifier>{1D91E96C-42E1-360F-8903-7A4880F5F34A}</UniqueIdentifier>
    </Filter>
  </ItemGroup>
</Project>
